
Microsoft Visual Studio Solution File, Format Version 12.00
# Visual Studio Version 17
Project("{8BC9CEB8-8B4A-11D0-8D11-00A0C91BC942}") = "ALL_BUILD", "ALL_BUILD.vcxproj", "{41F0A4F0-3ABD-32D9-AE3B-1F39CB73058C}"
	ProjectSection(ProjectDependencies) = postProject
		{390FF9DE-873A-3361-B6C7-9A6DD4EBC5F6} = {390FF9DE-873A-3361-B6C7-9A6DD4EBC5F6}
		{8B81A257-31F6-3387-B285-E4DB8764A8C9} = {8B81A257-31F6-3387-B285-E4DB8764A8C9}
		{F24775CF-42AD-3E42-A9C5-8C1EA6316F34} = {F24775CF-42AD-3E42-A9C5-8C1EA6316F34}
		{4915D7F5-6FA9-32D7-8F16-00CACE40AC4A} = {4915D7F5-6FA9-32D7-8F16-00CACE40AC4A}
		{CB0D8CC5-21F9-3D69-AFBD-0E32173EA20A} = {CB0D8CC5-21F9-3D69-AFBD-0E32173EA20A}
		{355593C1-CFDA-3812-8E10-FDD42F01CBD0} = {355593C1-CFDA-3812-8E10-FDD42F01CBD0}
		{A612CEE3-255F-3E3D-80E2-E91550A0ABBC} = {A612CEE3-255F-3E3D-80E2-E91550A0ABBC}
		{087C1812-7626-33B4-B64B-FC8D842C20CF} = {087C1812-7626-33B4-B64B-FC8D842C20CF}
		{ADEB00A3-ADD2-378D-AE2E-8A2D3B071502} = {ADEB00A3-ADD2-378D-AE2E-8A2D3B071502}
		{D079F0B2-A3C9-33D8-9CAD-7756AEF797FF} = {D079F0B2-A3C9-33D8-9CAD-7756AEF797FF}
		{A63B7951-DA32-30CA-B041-68AA7E34E54E} = {A63B7951-DA32-30CA-B041-68AA7E34E54E}
		{E64B1999-A52E-39A5-A10A-082E9517478E} = {E64B1999-A52E-39A5-A10A-082E9517478E}
		{C3B9AD28-CB2B-3468-8A97-3DA50F8ED203} = {C3B9AD28-CB2B-3468-8A97-3DA50F8ED203}
		{302F4BC0-50E3-3918-A56F-F4670B2E4D67} = {302F4BC0-50E3-3918-A56F-F4670B2E4D67}
		{72D523EC-9DEA-3DFB-BB9A-47A7E4DB02E2} = {72D523EC-9DEA-3DFB-BB9A-47A7E4DB02E2}
		{C1998258-FFF1-308B-9229-D0F2252238EC} = {C1998258-FFF1-308B-9229-D0F2252238EC}
		{C763E177-5469-31B3-910F-CC446F65C310} = {C763E177-5469-31B3-910F-CC446F65C310}
		{991530BD-D546-325C-A368-F687E35B407E} = {991530BD-D546-325C-A368-F687E35B407E}
		{1ED6BA70-F8E5-36CF-A719-79AA241B1437} = {1ED6BA70-F8E5-36CF-A719-79AA241B1437}
		{8D3D955F-A462-3CFA-A033-8E563EBAF0E4} = {8D3D955F-A462-3CFA-A033-8E563EBAF0E4}
		{A97F041E-9301-37FF-A2C7-BCAA765F24E6} = {A97F041E-9301-37FF-A2C7-BCAA765F24E6}
		{24376E6F-3E07-3E95-B2B2-F1971244ECC2} = {24376E6F-3E07-3E95-B2B2-F1971244ECC2}
		{160B527C-CEB2-3480-83B7-30E68884B438} = {160B527C-CEB2-3480-83B7-30E68884B438}
		{ABABED8C-97EF-321B-8C1F-5DA346408160} = {ABABED8C-97EF-321B-8C1F-5DA346408160}
		{994ED147-B0C3-3A54-BD31-F98B603F15EE} = {994ED147-B0C3-3A54-BD31-F98B603F15EE}
		{2CADC6EE-CB4F-3BEB-9915-67F3BCE886CD} = {2CADC6EE-CB4F-3BEB-9915-67F3BCE886CD}
		{546E3A94-D1B7-3E81-A080-952D57F021B2} = {546E3A94-D1B7-3E81-A080-952D57F021B2}
		{173360E9-5C18-301D-8DAB-B3C616B5ECCC} = {173360E9-5C18-301D-8DAB-B3C616B5ECCC}
		{BF028F23-17E9-3CDB-8544-1EBB530278FC} = {BF028F23-17E9-3CDB-8544-1EBB530278FC}
		{D934182A-B573-3676-BD0E-BAA4EFDE8CFE} = {D934182A-B573-3676-BD0E-BAA4EFDE8CFE}
		{4AB8D990-A46F-3DF8-A74D-3E67F027008D} = {4AB8D990-A46F-3DF8-A74D-3E67F027008D}
		{B67A78CF-9B5E-3BDA-8404-F018BB077CD9} = {B67A78CF-9B5E-3BDA-8404-F018BB077CD9}
		{6919D80A-9A6F-3932-A62F-00F48BF28E0C} = {6919D80A-9A6F-3932-A62F-00F48BF28E0C}
		{BB7CF1D3-E111-35AD-8FED-DFF3EA5A7603} = {BB7CF1D3-E111-35AD-8FED-DFF3EA5A7603}
		{E81298B2-F1BA-323F-9F4F-557D5ED13465} = {E81298B2-F1BA-323F-9F4F-557D5ED13465}
		{E52B8B5B-E750-3487-BBD2-45C2C02382B9} = {E52B8B5B-E750-3487-BBD2-45C2C02382B9}
		{BE601C55-45E0-314A-8380-9516749C0780} = {BE601C55-45E0-314A-8380-9516749C0780}
		{DED3EEB5-45A6-3AA7-8BC5-E5661760E9BE} = {DED3EEB5-45A6-3AA7-8BC5-E5661760E9BE}
		{0062E5FC-EC34-3C9F-9FBD-08DBD69D3AD7} = {0062E5FC-EC34-3C9F-9FBD-08DBD69D3AD7}
		{EEA8630B-1541-3BB2-9265-E09A4A327724} = {EEA8630B-1541-3BB2-9265-E09A4A327724}
		{EBE90C49-6063-3146-87F4-95E491DA3905} = {EBE90C49-6063-3146-87F4-95E491DA3905}
		{4DFDC510-2FF1-3EC5-B686-52B03C1F383E} = {4DFDC510-2FF1-3EC5-B686-52B03C1F383E}
		{436391F3-5737-34A6-93A4-85540F26E119} = {436391F3-5737-34A6-93A4-85540F26E119}
		{5FEBA812-844E-3444-8851-BE708C9E960D} = {5FEBA812-844E-3444-8851-BE708C9E960D}
		{F47C3E31-AF97-3EF0-927F-CB72F88A8B89} = {F47C3E31-AF97-3EF0-927F-CB72F88A8B89}
		{9CB34C90-8E6B-3375-9AEC-46A2202AA1A4} = {9CB34C90-8E6B-3375-9AEC-46A2202AA1A4}
		{9468311C-49A3-30B0-AC7F-85D0CEA89E0F} = {9468311C-49A3-30B0-AC7F-85D0CEA89E0F}
		{85131597-CAD5-36DC-B7D4-E3CDF654B2D4} = {85131597-CAD5-36DC-B7D4-E3CDF654B2D4}
		{763E605B-03B3-30B5-835A-0F49CF29BF99} = {763E605B-03B3-30B5-835A-0F49CF29BF99}
		{04C4D5EF-D949-3630-AE67-8DB1B6ED9314} = {04C4D5EF-D949-3630-AE67-8DB1B6ED9314}
		{7550F3F9-3875-3D7A-AC62-84F284C5B19D} = {7550F3F9-3875-3D7A-AC62-84F284C5B19D}
		{DB9F357F-8FCC-31FE-BCB0-529ECB8AA885} = {DB9F357F-8FCC-31FE-BCB0-529ECB8AA885}
		{CDC83007-B57A-30CE-8E25-6B3CB5561AA9} = {CDC83007-B57A-30CE-8E25-6B3CB5561AA9}
		{8B4818C2-C566-3106-9947-7D309B98F897} = {8B4818C2-C566-3106-9947-7D309B98F897}
		{CF9D0D21-62AC-30D2-B422-23FA90275A0C} = {CF9D0D21-62AC-30D2-B422-23FA90275A0C}
		{1A064EC4-96FB-389F-8730-EC8380F12888} = {1A064EC4-96FB-389F-8730-EC8380F12888}
		{6DF03EBF-5CF1-338C-928F-799B22ADA46A} = {6DF03EBF-5CF1-338C-928F-799B22ADA46A}
	EndProjectSection
EndProject
Project("{8BC9CEB8-8B4A-11D0-8D11-00A0C91BC942}") = "Continuous", "Continuous.vcxproj", "{4C64252E-C977-380A-BFCF-3EAE1FFDE332}"
	ProjectSection(ProjectDependencies) = postProject
		{390FF9DE-873A-3361-B6C7-9A6DD4EBC5F6} = {390FF9DE-873A-3361-B6C7-9A6DD4EBC5F6}
	EndProjectSection
EndProject
Project("{8BC9CEB8-8B4A-11D0-8D11-00A0C91BC942}") = "Experimental", "Experimental.vcxproj", "{550D7DAE-AE82-3E37-8761-8B57B75AAA7F}"
	ProjectSection(ProjectDependencies) = postProject
		{390FF9DE-873A-3361-B6C7-9A6DD4EBC5F6} = {390FF9DE-873A-3361-B6C7-9A6DD4EBC5F6}
	EndProjectSection
EndProject
Project("{8BC9CEB8-8B4A-11D0-8D11-00A0C91BC942}") = "Nightly", "Nightly.vcxproj", "{A9DB5D8A-242B-3661-B8DF-393318DB0753}"
	ProjectSection(ProjectDependencies) = postProject
		{390FF9DE-873A-3361-B6C7-9A6DD4EBC5F6} = {390FF9DE-873A-3361-B6C7-9A6DD4EBC5F6}
	EndProjectSection
EndProject
Project("{8BC9CEB8-8B4A-11D0-8D11-00A0C91BC942}") = "NightlyMemoryCheck", "NightlyMemoryCheck.vcxproj", "{839DC74E-4306-36BA-938F-2866FE257E79}"
	ProjectSection(ProjectDependencies) = postProject
		{390FF9DE-873A-3361-B6C7-9A6DD4EBC5F6} = {390FF9DE-873A-3361-B6C7-9A6DD4EBC5F6}
	EndProjectSection
EndProject
Project("{8BC9CEB8-8B4A-11D0-8D11-00A0C91BC942}") = "RUN_TESTS", "RUN_TESTS.vcxproj", "{A89B73EB-37DE-3081-986F-C16206400D61}"
	ProjectSection(ProjectDependencies) = postProject
		{390FF9DE-873A-3361-B6C7-9A6DD4EBC5F6} = {390FF9DE-873A-3361-B6C7-9A6DD4EBC5F6}
	EndProjectSection
EndProject
Project("{8BC9CEB8-8B4A-11D0-8D11-00A0C91BC942}") = "ZERO_CHECK", "ZERO_CHECK.vcxproj", "{390FF9DE-873A-3361-B6C7-9A6DD4EBC5F6}"
	ProjectSection(ProjectDependencies) = postProject
	EndProjectSection
EndProject
Project("{8BC9CEB8-8B4A-11D0-8D11-00A0C91BC942}") = "adaptive_capacity_sweep_benchmark", "adaptive_capacity_sweep_benchmark.vcxproj", "{8B81A257-31F6-3387-B285-E4DB8764A8C9}"
	ProjectSection(ProjectDependencies) = postProject
		{390FF9DE-873A-3361-B6C7-9A6DD4EBC5F6} = {390FF9DE-873A-3361-B6C7-9A6DD4EBC5F6}
	EndProjectSection
EndProject
Project("{8BC9CEB8-8B4A-11D0-8D11-00A0C91BC942}") = "adaptive_event_pipeline_benchmark", "adaptive_event_pipeline_benchmark.vcxproj", "{F24775CF-42AD-3E42-A9C5-8C1EA6316F34}"
	ProjectSection(ProjectDependencies) = postProject
		{390FF9DE-873A-3361-B6C7-9A6DD4EBC5F6} = {390FF9DE-873A-3361-B6C7-9A6DD4EBC5F6}
	EndProjectSection
EndProject
Project("{8BC9CEB8-8B4A-11D0-8D11-00A0C91BC942}") = "adaptive_execution_benchmark", "adaptive_execution_benchmark.vcxproj", "{4915D7F5-6FA9-32D7-8F16-00CACE40AC4A}"
	ProjectSection(ProjectDependencies) = postProject
		{390FF9DE-873A-3361-B6C7-9A6DD4EBC5F6} = {390FF9DE-873A-3361-B6C7-9A6DD4EBC5F6}
	EndProjectSection
EndProject
Project("{8BC9CEB8-8B4A-11D0-8D11-00A0C91BC942}") = "adaptive_vs_fixed_benchmark", "adaptive_vs_fixed_benchmark.vcxproj", "{CB0D8CC5-21F9-3D69-AFBD-0E32173EA20A}"
	ProjectSection(ProjectDependencies) = postProject
		{390FF9DE-873A-3361-B6C7-9A6DD4EBC5F6} = {390FF9DE-873A-3361-B6C7-9A6DD4EBC5F6}
	EndProjectSection
EndProject
Project("{8BC9CEB8-8B4A-11D0-8D11-00A0C91BC942}") = "adaptive_worker_integration_benchmark", "adaptive_worker_integration_benchmark.vcxproj", "{355593C1-CFDA-3812-8E10-FDD42F01CBD0}"
	ProjectSection(ProjectDependencies) = postProject
		{390FF9DE-873A-3361-B6C7-9A6DD4EBC5F6} = {390FF9DE-873A-3361-B6C7-9A6DD4EBC5F6}
	EndProjectSection
EndProject
Project("{8BC9CEB8-8B4A-11D0-8D11-00A0C91BC942}") = "backpressure_benchmark", "backpressure_benchmark.vcxproj", "{A612CEE3-255F-3E3D-80E2-E91550A0ABBC}"
	ProjectSection(ProjectDependencies) = postProject
		{390FF9DE-873A-3361-B6C7-9A6DD4EBC5F6} = {390FF9DE-873A-3361-B6C7-9A6DD4EBC5F6}
	EndProjectSection
EndProject
Project("{8BC9CEB8-8B4A-11D0-8D11-00A0C91BC942}") = "backpressure_stress_benchmark", "backpressure_stress_benchmark.vcxproj", "{087C1812-7626-33B4-B64B-FC8D842C20CF}"
	ProjectSection(ProjectDependencies) = postProject
		{390FF9DE-873A-3361-B6C7-9A6DD4EBC5F6} = {390FF9DE-873A-3361-B6C7-9A6DD4EBC5F6}
	EndProjectSection
EndProject
Project("{8BC9CEB8-8B4A-11D0-8D11-00A0C91BC942}") = "comparative_scheduler_benchmark", "comparative_scheduler_benchmark.vcxproj", "{ADEB00A3-ADD2-378D-AE2E-8A2D3B071502}"
	ProjectSection(ProjectDependencies) = postProject
		{390FF9DE-873A-3361-B6C7-9A6DD4EBC5F6} = {390FF9DE-873A-3361-B6C7-9A6DD4EBC5F6}
	EndProjectSection
EndProject
Project("{8BC9CEB8-8B4A-11D0-8D11-00A0C91BC942}") = "controlled_adaptive_workload_benchmark", "controlled_adaptive_workload_benchmark.vcxproj", "{D079F0B2-A3C9-33D8-9CAD-7756AEF797FF}"
	ProjectSection(ProjectDependencies) = postProject
		{390FF9DE-873A-3361-B6C7-9A6DD4EBC5F6} = {390FF9DE-873A-3361-B6C7-9A6DD4EBC5F6}
	EndProjectSection
EndProject
Project("{8BC9CEB8-8B4A-11D0-8D11-00A0C91BC942}") = "controlled_workload_benchmark", "controlled_workload_benchmark.vcxproj", "{A63B7951-DA32-30CA-B041-68AA7E34E54E}"
	ProjectSection(ProjectDependencies) = postProject
		{390FF9DE-873A-3361-B6C7-9A6DD4EBC5F6} = {390FF9DE-873A-3361-B6C7-9A6DD4EBC5F6}
	EndProjectSection
EndProject
Project("{8BC9CEB8-8B4A-11D0-8D11-00A0C91BC942}") = "end_to_end_latency_test", "end_to_end_latency_test.vcxproj", "{E64B1999-A52E-39A5-A10A-082E9517478E}"
	ProjectSection(ProjectDependencies) = postProject
		{390FF9DE-873A-3361-B6C7-9A6DD4EBC5F6} = {390FF9DE-873A-3361-B6C7-9A6DD4EBC5F6}
	EndProjectSection
EndProject
Project("{8BC9CEB8-8B4A-11D0-8D11-00A0C91BC942}") = "end_to_end_threshold_benchmark", "end_to_end_threshold_benchmark.vcxproj", "{C3B9AD28-CB2B-3468-8A97-3DA50F8ED203}"
	ProjectSection(ProjectDependencies) = postProject
		{390FF9DE-873A-3361-B6C7-9A6DD4EBC5F6} = {390FF9DE-873A-3361-B6C7-9A6DD4EBC5F6}
	EndProjectSection
EndProject
Project("{8BC9CEB8-8B4A-11D0-8D11-00A0C91BC942}") = "event_protocol_test", "networking\protocol\event_protocol_test.vcxproj", "{302F4BC0-50E3-3918-A56F-F4670B2E4D67}"
	ProjectSection(ProjectDependencies) = postProject
		{390FF9DE-873A-3361-B6C7-9A6DD4EBC5F6} = {390FF9DE-873A-3361-B6C7-9A6DD4EBC5F6}
		{A97F041E-9301-37FF-A2C7-BCAA765F24E6} = {A97F041E-9301-37FF-A2C7-BCAA765F24E6}
	EndProjectSection
EndProject
Project("{8BC9CEB8-8B4A-11D0-8D11-00A0C91BC942}") = "event_replay_benchmark", "event_replay_benchmark.vcxproj", "{72D523EC-9DEA-3DFB-BB9A-47A7E4DB02E2}"
	ProjectSection(ProjectDependencies) = postProject
		{390FF9DE-873A-3361-B6C7-9A6DD4EBC5F6} = {390FF9DE-873A-3361-B6C7-9A6DD4EBC5F6}
	EndProjectSection
EndProject
Project("{8BC9CEB8-8B4A-11D0-8D11-00A0C91BC942}") = "fault_recovery_benchmark", "fault_recovery_benchmark.vcxproj", "{C1998258-FFF1-308B-9229-D0F2252238EC}"
	ProjectSection(ProjectDependencies) = postProject
		{390FF9DE-873A-3361-B6C7-9A6DD4EBC5F6} = {390FF9DE-873A-3361-B6C7-9A6DD4EBC5F6}
	EndProjectSection
EndProject
Project("{8BC9CEB8-8B4A-11D0-8D11-00A0C91BC942}") = "grpc_core_pipeline_test", "api\grpc\grpc_core_pipeline_test.vcxproj", "{C763E177-5469-31B3-910F-CC446F65C310}"
	ProjectSection(ProjectDependencies) = postProject
		{390FF9DE-873A-3361-B6C7-9A6DD4EBC5F6} = {390FF9DE-873A-3361-B6C7-9A6DD4EBC5F6}
		{24376E6F-3E07-3E95-B2B2-F1971244ECC2} = {24376E6F-3E07-3E95-B2B2-F1971244ECC2}
		{160B527C-CEB2-3480-83B7-30E68884B438} = {160B527C-CEB2-3480-83B7-30E68884B438}
	EndProjectSection
EndProject
Project("{8BC9CEB8-8B4A-11D0-8D11-00A0C91BC942}") = "grpc_transport_test", "api\grpc\grpc_transport_test.vcxproj", "{991530BD-D546-325C-A368-F687E35B407E}"
	ProjectSection(ProjectDependencies) = postProject
		{390FF9DE-873A-3361-B6C7-9A6DD4EBC5F6} = {390FF9DE-873A-3361-B6C7-9A6DD4EBC5F6}
		{24376E6F-3E07-3E95-B2B2-F1971244ECC2} = {24376E6F-3E07-3E95-B2B2-F1971244ECC2}
		{160B527C-CEB2-3480-83B7-30E68884B438} = {160B527C-CEB2-3480-83B7-30E68884B438}
	EndProjectSection
EndProject
Project("{8BC9CEB8-8B4A-11D0-8D11-00A0C91BC942}") = "latency_under_load_benchmark", "latency_under_load_benchmark.vcxproj", "{1ED6BA70-F8E5-36CF-A719-79AA241B1437}"
	ProjectSection(ProjectDependencies) = postProject
		{390FF9DE-873A-3361-B6C7-9A6DD4EBC5F6} = {390FF9DE-873A-3361-B6C7-9A6DD4EBC5F6}
	EndProjectSection
EndProject
Project("{8BC9CEB8-8B4A-11D0-8D11-00A0C91BC942}") = "metrics_http_server_test", "observability\prometheus\metrics_http_server_test.vcxproj", "{8D3D955F-A462-3CFA-A033-8E563EBAF0E4}"
	ProjectSection(ProjectDependencies) = postProject
		{390FF9DE-873A-3361-B6C7-9A6DD4EBC5F6} = {390FF9DE-873A-3361-B6C7-9A6DD4EBC5F6}
		{994ED147-B0C3-3A54-BD31-F98B603F15EE} = {994ED147-B0C3-3A54-BD31-F98B603F15EE}
	EndProjectSection
EndProject
Project("{8BC9CEB8-8B4A-11D0-8D11-00A0C91BC942}") = "nexusflow_event_protocol", "networking\protocol\nexusflow_event_protocol.vcxproj", "{A97F041E-9301-37FF-A2C7-BCAA765F24E6}"
	ProjectSection(ProjectDependencies) = postProject
		{390FF9DE-873A-3361-B6C7-9A6DD4EBC5F6} = {390FF9DE-873A-3361-B6C7-9A6DD4EBC5F6}
	EndProjectSection
EndProject
Project("{8BC9CEB8-8B4A-11D0-8D11-00A0C91BC942}") = "nexusflow_grpc_generated", "api\grpc\nexusflow_grpc_generated.vcxproj", "{24376E6F-3E07-3E95-B2B2-F1971244ECC2}"
	ProjectSection(ProjectDependencies) = postProject
		{390FF9DE-873A-3361-B6C7-9A6DD4EBC5F6} = {390FF9DE-873A-3361-B6C7-9A6DD4EBC5F6}
	EndProjectSection
EndProject
Project("{8BC9CEB8-8B4A-11D0-8D11-00A0C91BC942}") = "nexusflow_grpc_service", "api\grpc\nexusflow_grpc_service.vcxproj", "{160B527C-CEB2-3480-83B7-30E68884B438}"
	ProjectSection(ProjectDependencies) = postProject
		{390FF9DE-873A-3361-B6C7-9A6DD4EBC5F6} = {390FF9DE-873A-3361-B6C7-9A6DD4EBC5F6}
		{24376E6F-3E07-3E95-B2B2-F1971244ECC2} = {24376E6F-3E07-3E95-B2B2-F1971244ECC2}
	EndProjectSection
EndProject
Project("{8BC9CEB8-8B4A-11D0-8D11-00A0C91BC942}") = "nexusflow_postgres", "storage\postgres\nexusflow_postgres.vcxproj", "{ABABED8C-97EF-321B-8C1F-5DA346408160}"
	ProjectSection(ProjectDependencies) = postProject
		{390FF9DE-873A-3361-B6C7-9A6DD4EBC5F6} = {390FF9DE-873A-3361-B6C7-9A6DD4EBC5F6}
	EndProjectSection
EndProject
Project("{8BC9CEB8-8B4A-11D0-8D11-00A0C91BC942}") = "nexusflow_prometheus", "observability\prometheus\nexusflow_prometheus.vcxproj", "{994ED147-B0C3-3A54-BD31-F98B603F15EE}"
	ProjectSection(ProjectDependencies) = postProject
		{390FF9DE-873A-3361-B6C7-9A6DD4EBC5F6} = {390FF9DE-873A-3361-B6C7-9A6DD4EBC5F6}
	EndProjectSection
EndProject
Project("{8BC9CEB8-8B4A-11D0-8D11-00A0C91BC942}") = "nexusflow_redis", "storage\redis\nexusflow_redis.vcxproj", "{2CADC6EE-CB4F-3BEB-9915-67F3BCE886CD}"
	ProjectSection(ProjectDependencies) = postProject
		{390FF9DE-873A-3361-B6C7-9A6DD4EBC5F6} = {390FF9DE-873A-3361-B6C7-9A6DD4EBC5F6}
	EndProjectSection
EndProject
Project("{8BC9CEB8-8B4A-11D0-8D11-00A0C91BC942}") = "nexusflow_tcp_pipeline_bridge", "networking\bridge\nexusflow_tcp_pipeline_bridge.vcxproj", "{546E3A94-D1B7-3E81-A080-952D57F021B2}"
	ProjectSection(ProjectDependencies) = postProject
		{390FF9DE-873A-3361-B6C7-9A6DD4EBC5F6} = {390FF9DE-873A-3361-B6C7-9A6DD4EBC5F6}
		{A97F041E-9301-37FF-A2C7-BCAA765F24E6} = {A97F041E-9301-37FF-A2C7-BCAA765F24E6}
	EndProjectSection
EndProject
Project("{8BC9CEB8-8B4A-11D0-8D11-00A0C91BC942}") = "nexusflow_tcp_stream", "networking\tcp\nexusflow_tcp_stream.vcxproj", "{173360E9-5C18-301D-8DAB-B3C616B5ECCC}"
	ProjectSection(ProjectDependencies) = postProject
		{390FF9DE-873A-3361-B6C7-9A6DD4EBC5F6} = {390FF9DE-873A-3361-B6C7-9A6DD4EBC5F6}
		{A97F041E-9301-37FF-A2C7-BCAA765F24E6} = {A97F041E-9301-37FF-A2C7-BCAA765F24E6}
		{546E3A94-D1B7-3E81-A080-952D57F021B2} = {546E3A94-D1B7-3E81-A080-952D57F021B2}
	EndProjectSection
EndProject
Project("{8BC9CEB8-8B4A-11D0-8D11-00A0C91BC942}") = "persistent_worker_pool_benchmark", "persistent_worker_pool_benchmark.vcxproj", "{BF028F23-17E9-3CDB-8544-1EBB530278FC}"
	ProjectSection(ProjectDependencies) = postProject
		{390FF9DE-873A-3361-B6C7-9A6DD4EBC5F6} = {390FF9DE-873A-3361-B6C7-9A6DD4EBC5F6}
	EndProjectSection
EndProject
Project("{8BC9CEB8-8B4A-11D0-8D11-00A0C91BC942}") = "postgres_store_test", "storage\postgres\postgres_store_test.vcxproj", "{D934182A-B573-3676-BD0E-BAA4EFDE8CFE}"
	ProjectSection(ProjectDependencies) = postProject
		{390FF9DE-873A-3361-B6C7-9A6DD4EBC5F6} = {390FF9DE-873A-3361-B6C7-9A6DD4EBC5F6}
		{ABABED8C-97EF-321B-8C1F-5DA346408160} = {ABABED8C-97EF-321B-8C1F-5DA346408160}
	EndProjectSection
EndProject
Project("{8BC9CEB8-8B4A-11D0-8D11-00A0C91BC942}") = "priority_adaptive_pipeline_benchmark", "priority_adaptive_pipeline_benchmark.vcxproj", "{4AB8D990-A46F-3DF8-A74D-3E67F027008D}"
	ProjectSection(ProjectDependencies) = postProject
		{390FF9DE-873A-3361-B6C7-9A6DD4EBC5F6} = {390FF9DE-873A-3361-B6C7-9A6DD4EBC5F6}
	EndProjectSection
EndProject
Project("{8BC9CEB8-8B4A-11D0-8D11-00A0C91BC942}") = "priority_event_queue_benchmark", "priority_event_queue_benchmark.vcxproj", "{B67A78CF-9B5E-3BDA-8404-F018BB077CD9}"
	ProjectSection(ProjectDependencies) = postProject
		{390FF9DE-873A-3361-B6C7-9A6DD4EBC5F6} = {390FF9DE-873A-3361-B6C7-9A6DD4EBC5F6}
	EndProjectSection
EndProject
Project("{8BC9CEB8-8B4A-11D0-8D11-00A0C91BC942}") = "priority_latency_benchmark", "priority_latency_benchmark.vcxproj", "{6919D80A-9A6F-3932-A62F-00F48BF28E0C}"
	ProjectSection(ProjectDependencies) = postProject
		{390FF9DE-873A-3361-B6C7-9A6DD4EBC5F6} = {390FF9DE-873A-3361-B6C7-9A6DD4EBC5F6}
	EndProjectSection
EndProject
Project("{8BC9CEB8-8B4A-11D0-8D11-00A0C91BC942}") = "priority_scheduler_benchmark", "priority_scheduler_benchmark.vcxproj", "{BB7CF1D3-E111-35AD-8FED-DFF3EA5A7603}"
	ProjectSection(ProjectDependencies) = postProject
		{390FF9DE-873A-3361-B6C7-9A6DD4EBC5F6} = {390FF9DE-873A-3361-B6C7-9A6DD4EBC5F6}
	EndProjectSection
EndProject
Project("{8BC9CEB8-8B4A-11D0-8D11-00A0C91BC942}") = "prometheus_metrics_test", "observability\prometheus\prometheus_metrics_test.vcxproj", "{E81298B2-F1BA-323F-9F4F-557D5ED13465}"
	ProjectSection(ProjectDependencies) = postProject
		{390FF9DE-873A-3361-B6C7-9A6DD4EBC5F6} = {390FF9DE-873A-3361-B6C7-9A6DD4EBC5F6}
		{994ED147-B0C3-3A54-BD31-F98B603F15EE} = {994ED147-B0C3-3A54-BD31-F98B603F15EE}
	EndProjectSection
EndProject
Project("{8BC9CEB8-8B4A-11D0-8D11-00A0C91BC942}") = "queue_comparison_benchmark", "queue_comparison_benchmark.vcxproj", "{E52B8B5B-E750-3487-BBD2-45C2C02382B9}"
	ProjectSection(ProjectDependencies) = postProject
		{390FF9DE-873A-3361-B6C7-9A6DD4EBC5F6} = {390FF9DE-873A-3361-B6C7-9A6DD4EBC5F6}
	EndProjectSection
EndProject
Project("{8BC9CEB8-8B4A-11D0-8D11-00A0C91BC942}") = "queue_latency_experiment", "queue_latency_experiment.vcxproj", "{BE601C55-45E0-314A-8380-9516749C0780}"
	ProjectSection(ProjectDependencies) = postProject
		{390FF9DE-873A-3361-B6C7-9A6DD4EBC5F6} = {390FF9DE-873A-3361-B6C7-9A6DD4EBC5F6}
	EndProjectSection
EndProject
Project("{8BC9CEB8-8B4A-11D0-8D11-00A0C91BC942}") = "real_dataset_benchmark_matrix", "real_dataset_benchmark_matrix.vcxproj", "{DED3EEB5-45A6-3AA7-8BC5-E5661760E9BE}"
	ProjectSection(ProjectDependencies) = postProject
		{390FF9DE-873A-3361-B6C7-9A6DD4EBC5F6} = {390FF9DE-873A-3361-B6C7-9A6DD4EBC5F6}
	EndProjectSection
EndProject
Project("{8BC9CEB8-8B4A-11D0-8D11-00A0C91BC942}") = "real_dataset_repeated_benchmark", "real_dataset_repeated_benchmark.vcxproj", "{0062E5FC-EC34-3C9F-9FBD-08DBD69D3AD7}"
	ProjectSection(ProjectDependencies) = postProject
		{390FF9DE-873A-3361-B6C7-9A6DD4EBC5F6} = {390FF9DE-873A-3361-B6C7-9A6DD4EBC5F6}
	EndProjectSection
EndProject
Project("{8BC9CEB8-8B4A-11D0-8D11-00A0C91BC942}") = "real_dataset_replay_benchmark", "real_dataset_replay_benchmark.vcxproj", "{EEA8630B-1541-3BB2-9265-E09A4A327724}"
	ProjectSection(ProjectDependencies) = postProject
		{390FF9DE-873A-3361-B6C7-9A6DD4EBC5F6} = {390FF9DE-873A-3361-B6C7-9A6DD4EBC5F6}
	EndProjectSection
EndProject
Project("{8BC9CEB8-8B4A-11D0-8D11-00A0C91BC942}") = "real_end_to_end_benchmark", "real_end_to_end_benchmark.vcxproj", "{EBE90C49-6063-3146-87F4-95E491DA3905}"
	ProjectSection(ProjectDependencies) = postProject
		{390FF9DE-873A-3361-B6C7-9A6DD4EBC5F6} = {390FF9DE-873A-3361-B6C7-9A6DD4EBC5F6}
	EndProjectSection
EndProject
Project("{8BC9CEB8-8B4A-11D0-8D11-00A0C91BC942}") = "redis_store_test", "storage\redis\redis_store_test.vcxproj", "{4DFDC510-2FF1-3EC5-B686-52B03C1F383E}"
	ProjectSection(ProjectDependencies) = postProject
		{390FF9DE-873A-3361-B6C7-9A6DD4EBC5F6} = {390FF9DE-873A-3361-B6C7-9A6DD4EBC5F6}
		{2CADC6EE-CB4F-3BEB-9915-67F3BCE886CD} = {2CADC6EE-CB4F-3BEB-9915-67F3BCE886CD}
	EndProjectSection
EndProject
Project("{8BC9CEB8-8B4A-11D0-8D11-00A0C91BC942}") = "resource_utilization_benchmark", "resource_utilization_benchmark.vcxproj", "{436391F3-5737-34A6-93A4-85540F26E119}"
	ProjectSection(ProjectDependencies) = postProject
		{390FF9DE-873A-3361-B6C7-9A6DD4EBC5F6} = {390FF9DE-873A-3361-B6C7-9A6DD4EBC5F6}
	EndProjectSection
EndProject
Project("{8BC9CEB8-8B4A-11D0-8D11-00A0C91BC942}") = "runtime_scheduler_benchmark", "runtime_scheduler_benchmark.vcxproj", "{5FEBA812-844E-3444-8851-BE708C9E960D}"
	ProjectSection(ProjectDependencies) = postProject
		{390FF9DE-873A-3361-B6C7-9A6DD4EBC5F6} = {390FF9DE-873A-3361-B6C7-9A6DD4EBC5F6}
	EndProjectSection
EndProject
Project("{8BC9CEB8-8B4A-11D0-8D11-00A0C91BC942}") = "saturation_sweep_benchmark", "saturation_sweep_benchmark.vcxproj", "{F47C3E31-AF97-3EF0-927F-CB72F88A8B89}"
	ProjectSection(ProjectDependencies) = postProject
		{390FF9DE-873A-3361-B6C7-9A6DD4EBC5F6} = {390FF9DE-873A-3361-B6C7-9A6DD4EBC5F6}
	EndProjectSection
EndProject
Project("{8BC9CEB8-8B4A-11D0-8D11-00A0C91BC942}") = "scheduler_benchmark", "scheduler_benchmark.vcxproj", "{9CB34C90-8E6B-3375-9AEC-46A2202AA1A4}"
	ProjectSection(ProjectDependencies) = postProject
		{390FF9DE-873A-3361-B6C7-9A6DD4EBC5F6} = {390FF9DE-873A-3361-B6C7-9A6DD4EBC5F6}
	EndProjectSection
EndProject
Project("{8BC9CEB8-8B4A-11D0-8D11-00A0C91BC942}") = "scheduler_integration_benchmark", "scheduler_integration_benchmark.vcxproj", "{9468311C-49A3-30B0-AC7F-85D0CEA89E0F}"
	ProjectSection(ProjectDependencies) = postProject
		{390FF9DE-873A-3361-B6C7-9A6DD4EBC5F6} = {390FF9DE-873A-3361-B6C7-9A6DD4EBC5F6}
	EndProjectSection
EndProject
Project("{8BC9CEB8-8B4A-11D0-8D11-00A0C91BC942}") = "scheduler_threshold_benchmark", "scheduler_threshold_benchmark.vcxproj", "{85131597-CAD5-36DC-B7D4-E3CDF654B2D4}"
	ProjectSection(ProjectDependencies) = postProject
		{390FF9DE-873A-3361-B6C7-9A6DD4EBC5F6} = {390FF9DE-873A-3361-B6C7-9A6DD4EBC5F6}
	EndProjectSection
EndProject
Project("{8BC9CEB8-8B4A-11D0-8D11-00A0C91BC942}") = "scheduler_v2_arrival_scaling_test", "scheduler_v2_arrival_scaling_test.vcxproj", "{763E605B-03B3-30B5-835A-0F49CF29BF99}"
	ProjectSection(ProjectDependencies) = postProject
		{390FF9DE-873A-3361-B6C7-9A6DD4EBC5F6} = {390FF9DE-873A-3361-B6C7-9A6DD4EBC5F6}
	EndProjectSection
EndProject
Project("{8BC9CEB8-8B4A-11D0-8D11-00A0C91BC942}") = "scheduler_v2_compile_test", "scheduler_v2_compile_test.vcxproj", "{04C4D5EF-D949-3630-AE67-8DB1B6ED9314}"
	ProjectSection(ProjectDependencies) = postProject
		{390FF9DE-873A-3361-B6C7-9A6DD4EBC5F6} = {390FF9DE-873A-3361-B6C7-9A6DD4EBC5F6}
	EndProjectSection
EndProject
Project("{8BC9CEB8-8B4A-11D0-8D11-00A0C91BC942}") = "scheduler_v2_control_test", "scheduler_v2_control_test.vcxproj", "{7550F3F9-3875-3D7A-AC62-84F284C5B19D}"
	ProjectSection(ProjectDependencies) = postProject
		{390FF9DE-873A-3361-B6C7-9A6DD4EBC5F6} = {390FF9DE-873A-3361-B6C7-9A6DD4EBC5F6}
	EndProjectSection
EndProject
Project("{8BC9CEB8-8B4A-11D0-8D11-00A0C91BC942}") = "tcp_adaptive_pipeline_test", "networking\bridge\tcp_adaptive_pipeline_test.vcxproj", "{DB9F357F-8FCC-31FE-BCB0-529ECB8AA885}"
	ProjectSection(ProjectDependencies) = postProject
		{390FF9DE-873A-3361-B6C7-9A6DD4EBC5F6} = {390FF9DE-873A-3361-B6C7-9A6DD4EBC5F6}
		{A97F041E-9301-37FF-A2C7-BCAA765F24E6} = {A97F041E-9301-37FF-A2C7-BCAA765F24E6}
		{546E3A94-D1B7-3E81-A080-952D57F021B2} = {546E3A94-D1B7-3E81-A080-952D57F021B2}
	EndProjectSection
EndProject
Project("{8BC9CEB8-8B4A-11D0-8D11-00A0C91BC942}") = "tcp_core_pipeline_test", "networking\bridge\tcp_core_pipeline_test.vcxproj", "{CDC83007-B57A-30CE-8E25-6B3CB5561AA9}"
	ProjectSection(ProjectDependencies) = postProject
		{390FF9DE-873A-3361-B6C7-9A6DD4EBC5F6} = {390FF9DE-873A-3361-B6C7-9A6DD4EBC5F6}
		{A97F041E-9301-37FF-A2C7-BCAA765F24E6} = {A97F041E-9301-37FF-A2C7-BCAA765F24E6}
		{546E3A94-D1B7-3E81-A080-952D57F021B2} = {546E3A94-D1B7-3E81-A080-952D57F021B2}
	EndProjectSection
EndProject
Project("{8BC9CEB8-8B4A-11D0-8D11-00A0C91BC942}") = "tcp_persistent_server_test", "networking\tcp\tcp_persistent_server_test.vcxproj", "{8B4818C2-C566-3106-9947-7D309B98F897}"
	ProjectSection(ProjectDependencies) = postProject
		{390FF9DE-873A-3361-B6C7-9A6DD4EBC5F6} = {390FF9DE-873A-3361-B6C7-9A6DD4EBC5F6}
		{A97F041E-9301-37FF-A2C7-BCAA765F24E6} = {A97F041E-9301-37FF-A2C7-BCAA765F24E6}
		{546E3A94-D1B7-3E81-A080-952D57F021B2} = {546E3A94-D1B7-3E81-A080-952D57F021B2}
		{173360E9-5C18-301D-8DAB-B3C616B5ECCC} = {173360E9-5C18-301D-8DAB-B3C616B5ECCC}
	EndProjectSection
EndProject
Project("{8BC9CEB8-8B4A-11D0-8D11-00A0C91BC942}") = "tcp_persistent_stream_test", "networking\tcp\tcp_persistent_stream_test.vcxproj", "{CF9D0D21-62AC-30D2-B422-23FA90275A0C}"
	ProjectSection(ProjectDependencies) = postProject
		{390FF9DE-873A-3361-B6C7-9A6DD4EBC5F6} = {390FF9DE-873A-3361-B6C7-9A6DD4EBC5F6}
		{A97F041E-9301-37FF-A2C7-BCAA765F24E6} = {A97F041E-9301-37FF-A2C7-BCAA765F24E6}
		{546E3A94-D1B7-3E81-A080-952D57F021B2} = {546E3A94-D1B7-3E81-A080-952D57F021B2}
		{173360E9-5C18-301D-8DAB-B3C616B5ECCC} = {173360E9-5C18-301D-8DAB-B3C616B5ECCC}
	EndProjectSection
EndProject
Project("{8BC9CEB8-8B4A-11D0-8D11-00A0C91BC942}") = "tcp_pipeline_bridge_test", "networking\bridge\tcp_pipeline_bridge_test.vcxproj", "{1A064EC4-96FB-389F-8730-EC8380F12888}"
	ProjectSection(ProjectDependencies) = postProject
		{390FF9DE-873A-3361-B6C7-9A6DD4EBC5F6} = {390FF9DE-873A-3361-B6C7-9A6DD4EBC5F6}
		{A97F041E-9301-37FF-A2C7-BCAA765F24E6} = {A97F041E-9301-37FF-A2C7-BCAA765F24E6}
		{546E3A94-D1B7-3E81-A080-952D57F021B2} = {546E3A94-D1B7-3E81-A080-952D57F021B2}
	EndProjectSection
EndProject
Project("{8BC9CEB8-8B4A-11D0-8D11-00A0C91BC942}") = "tcp_stream_robustness_test", "networking\tcp\tcp_stream_robustness_test.vcxproj", "{6DF03EBF-5CF1-338C-928F-799B22ADA46A}"
	ProjectSection(ProjectDependencies) = postProject
		{390FF9DE-873A-3361-B6C7-9A6DD4EBC5F6} = {390FF9DE-873A-3361-B6C7-9A6DD4EBC5F6}
		{A97F041E-9301-37FF-A2C7-BCAA765F24E6} = {A97F041E-9301-37FF-A2C7-BCAA765F24E6}
		{546E3A94-D1B7-3E81-A080-952D57F021B2} = {546E3A94-D1B7-3E81-A080-952D57F021B2}
		{173360E9-5C18-301D-8DAB-B3C616B5ECCC} = {173360E9-5C18-301D-8DAB-B3C616B5ECCC}
	EndProjectSection
EndProject
Global
	GlobalSection(SolutionConfigurationPlatforms) = preSolution
		Debug|x64 = Debug|x64
		Release|x64 = Release|x64
		MinSizeRel|x64 = MinSizeRel|x64
		RelWithDebInfo|x64 = RelWithDebInfo|x64
	EndGlobalSection
	GlobalSection(ProjectConfigurationPlatforms) = postSolution
		{41F0A4F0-3ABD-32D9-AE3B-1F39CB73058C}.Debug|x64.ActiveCfg = Debug|x64
		{41F0A4F0-3ABD-32D9-AE3B-1F39CB73058C}.Release|x64.ActiveCfg = Release|x64
		{41F0A4F0-3ABD-32D9-AE3B-1F39CB73058C}.MinSizeRel|x64.ActiveCfg = MinSizeRel|x64
		{41F0A4F0-3ABD-32D9-AE3B-1F39CB73058C}.RelWithDebInfo|x64.ActiveCfg = RelWithDebInfo|x64
		{4C64252E-C977-380A-BFCF-3EAE1FFDE332}.Debug|x64.ActiveCfg = Debug|x64
		{4C64252E-C977-380A-BFCF-3EAE1FFDE332}.Release|x64.ActiveCfg = Release|x64
		{4C64252E-C977-380A-BFCF-3EAE1FFDE332}.MinSizeRel|x64.ActiveCfg = MinSizeRel|x64
		{4C64252E-C977-380A-BFCF-3EAE1FFDE332}.RelWithDebInfo|x64.ActiveCfg = RelWithDebInfo|x64
		{550D7DAE-AE82-3E37-8761-8B57B75AAA7F}.Debug|x64.ActiveCfg = Debug|x64
		{550D7DAE-AE82-3E37-8761-8B57B75AAA7F}.Release|x64.ActiveCfg = Release|x64
		{550D7DAE-AE82-3E37-8761-8B57B75AAA7F}.MinSizeRel|x64.ActiveCfg = MinSizeRel|x64
		{550D7DAE-AE82-3E37-8761-8B57B75AAA7F}.RelWithDebInfo|x64.ActiveCfg = RelWithDebInfo|x64
		{A9DB5D8A-242B-3661-B8DF-393318DB0753}.Debug|x64.ActiveCfg = Debug|x64
		{A9DB5D8A-242B-3661-B8DF-393318DB0753}.Release|x64.ActiveCfg = Release|x64
		{A9DB5D8A-242B-3661-B8DF-393318DB0753}.MinSizeRel|x64.ActiveCfg = MinSizeRel|x64
		{A9DB5D8A-242B-3661-B8DF-393318DB0753}.RelWithDebInfo|x64.ActiveCfg = RelWithDebInfo|x64
		{839DC74E-4306-36BA-938F-2866FE257E79}.Debug|x64.ActiveCfg = Debug|x64
		{839DC74E-4306-36BA-938F-2866FE257E79}.Release|x64.ActiveCfg = Release|x64
		{839DC74E-4306-36BA-938F-2866FE257E79}.MinSizeRel|x64.ActiveCfg = MinSizeRel|x64
		{839DC74E-4306-36BA-938F-2866FE257E79}.RelWithDebInfo|x64.ActiveCfg = RelWithDebInfo|x64
		{A89B73EB-37DE-3081-986F-C16206400D61}.Debug|x64.ActiveCfg = Debug|x64
		{A89B73EB-37DE-3081-986F-C16206400D61}.Release|x64.ActiveCfg = Release|x64
		{A89B73EB-37DE-3081-986F-C16206400D61}.MinSizeRel|x64.ActiveCfg = MinSizeRel|x64
		{A89B73EB-37DE-3081-986F-C16206400D61}.RelWithDebInfo|x64.ActiveCfg = RelWithDebInfo|x64
		{390FF9DE-873A-3361-B6C7-9A6DD4EBC5F6}.Debug|x64.ActiveCfg = Debug|x64
		{390FF9DE-873A-3361-B6C7-9A6DD4EBC5F6}.Debug|x64.Build.0 = Debug|x64
		{390FF9DE-873A-3361-B6C7-9A6DD4EBC5F6}.Release|x64.ActiveCfg = Release|x64
		{390FF9DE-873A-3361-B6C7-9A6DD4EBC5F6}.Release|x64.Build.0 = Release|x64
		{390FF9DE-873A-3361-B6C7-9A6DD4EBC5F6}.MinSizeRel|x64.ActiveCfg = MinSizeRel|x64
		{390FF9DE-873A-3361-B6C7-9A6DD4EBC5F6}.MinSizeRel|x64.Build.0 = MinSizeRel|x64
		{390FF9DE-873A-3361-B6C7-9A6DD4EBC5F6}.RelWithDebInfo|x64.ActiveCfg = RelWithDebInfo|x64
		{390FF9DE-873A-3361-B6C7-9A6DD4EBC5F6}.RelWithDebInfo|x64.Build.0 = RelWithDebInfo|x64
		{8B81A257-31F6-3387-B285-E4DB8764A8C9}.Debug|x64.ActiveCfg = Debug|x64
		{8B81A257-31F6-3387-B285-E4DB8764A8C9}.Debug|x64.Build.0 = Debug|x64
		{8B81A257-31F6-3387-B285-E4DB8764A8C9}.Release|x64.ActiveCfg = Release|x64
		{8B81A257-31F6-3387-B285-E4DB8764A8C9}.Release|x64.Build.0 = Release|x64
		{8B81A257-31F6-3387-B285-E4DB8764A8C9}.MinSizeRel|x64.ActiveCfg = MinSizeRel|x64
		{8B81A257-31F6-3387-B285-E4DB8764A8C9}.MinSizeRel|x64.Build.0 = MinSizeRel|x64
		{8B81A257-31F6-3387-B285-E4DB8764A8C9}.RelWithDebInfo|x64.ActiveCfg = RelWithDebInfo|x64
		{8B81A257-31F6-3387-B285-E4DB8764A8C9}.RelWithDebInfo|x64.Build.0 = RelWithDebInfo|x64
		{F24775CF-42AD-3E42-A9C5-8C1EA6316F34}.Debug|x64.ActiveCfg = Debug|x64
		{F24775CF-42AD-3E42-A9C5-8C1EA6316F34}.Debug|x64.Build.0 = Debug|x64
		{F24775CF-42AD-3E42-A9C5-8C1EA6316F34}.Release|x64.ActiveCfg = Release|x64
		{F24775CF-42AD-3E42-A9C5-8C1EA6316F34}.Release|x64.Build.0 = Release|x64
		{F24775CF-42AD-3E42-A9C5-8C1EA6316F34}.MinSizeRel|x64.ActiveCfg = MinSizeRel|x64
		{F24775CF-42AD-3E42-A9C5-8C1EA6316F34}.MinSizeRel|x64.Build.0 = MinSizeRel|x64
		{F24775CF-42AD-3E42-A9C5-8C1EA6316F34}.RelWithDebInfo|x64.ActiveCfg = RelWithDebInfo|x64
		{F24775CF-42AD-3E42-A9C5-8C1EA6316F34}.RelWithDebInfo|x64.Build.0 = RelWithDebInfo|x64
		{4915D7F5-6FA9-32D7-8F16-00CACE40AC4A}.Debug|x64.ActiveCfg = Debug|x64
		{4915D7F5-6FA9-32D7-8F16-00CACE40AC4A}.Debug|x64.Build.0 = Debug|x64
		{4915D7F5-6FA9-32D7-8F16-00CACE40AC4A}.Release|x64.ActiveCfg = Release|x64
		{4915D7F5-6FA9-32D7-8F16-00CACE40AC4A}.Release|x64.Build.0 = Release|x64
		{4915D7F5-6FA9-32D7-8F16-00CACE40AC4A}.MinSizeRel|x64.ActiveCfg = MinSizeRel|x64
		{4915D7F5-6FA9-32D7-8F16-00CACE40AC4A}.MinSizeRel|x64.Build.0 = MinSizeRel|x64
		{4915D7F5-6FA9-32D7-8F16-00CACE40AC4A}.RelWithDebInfo|x64.ActiveCfg = RelWithDebInfo|x64
		{4915D7F5-6FA9-32D7-8F16-00CACE40AC4A}.RelWithDebInfo|x64.Build.0 = RelWithDebInfo|x64
		{CB0D8CC5-21F9-3D69-AFBD-0E32173EA20A}.Debug|x64.ActiveCfg = Debug|x64
		{CB0D8CC5-21F9-3D69-AFBD-0E32173EA20A}.Debug|x64.Build.0 = Debug|x64
		{CB0D8CC5-21F9-3D69-AFBD-0E32173EA20A}.Release|x64.ActiveCfg = Release|x64
		{CB0D8CC5-21F9-3D69-AFBD-0E32173EA20A}.Release|x64.Build.0 = Release|x64
		{CB0D8CC5-21F9-3D69-AFBD-0E32173EA20A}.MinSizeRel|x64.ActiveCfg = MinSizeRel|x64
		{CB0D8CC5-21F9-3D69-AFBD-0E32173EA20A}.MinSizeRel|x64.Build.0 = MinSizeRel|x64
		{CB0D8CC5-21F9-3D69-AFBD-0E32173EA20A}.RelWithDebInfo|x64.ActiveCfg = RelWithDebInfo|x64
		{CB0D8CC5-21F9-3D69-AFBD-0E32173EA20A}.RelWithDebInfo|x64.Build.0 = RelWithDebInfo|x64
		{355593C1-CFDA-3812-8E10-FDD42F01CBD0}.Debug|x64.ActiveCfg = Debug|x64
		{355593C1-CFDA-3812-8E10-FDD42F01CBD0}.Debug|x64.Build.0 = Debug|x64
		{355593C1-CFDA-3812-8E10-FDD42F01CBD0}.Release|x64.ActiveCfg = Release|x64
		{355593C1-CFDA-3812-8E10-FDD42F01CBD0}.Release|x64.Build.0 = Release|x64
		{355593C1-CFDA-3812-8E10-FDD42F01CBD0}.MinSizeRel|x64.ActiveCfg = MinSizeRel|x64
		{355593C1-CFDA-3812-8E10-FDD42F01CBD0}.MinSizeRel|x64.Build.0 = MinSizeRel|x64
		{355593C1-CFDA-3812-8E10-FDD42F01CBD0}.RelWithDebInfo|x64.ActiveCfg = RelWithDebInfo|x64
		{355593C1-CFDA-3812-8E10-FDD42F01CBD0}.RelWithDebInfo|x64.Build.0 = RelWithDebInfo|x64
		{A612CEE3-255F-3E3D-80E2-E91550A0ABBC}.Debug|x64.ActiveCfg = Debug|x64
		{A612CEE3-255F-3E3D-80E2-E91550A0ABBC}.Debug|x64.Build.0 = Debug|x64
		{A612CEE3-255F-3E3D-80E2-E91550A0ABBC}.Release|x64.ActiveCfg = Release|x64
		{A612CEE3-255F-3E3D-80E2-E91550A0ABBC}.Release|x64.Build.0 = Release|x64
		{A612CEE3-255F-3E3D-80E2-E91550A0ABBC}.MinSizeRel|x64.ActiveCfg = MinSizeRel|x64
		{A612CEE3-255F-3E3D-80E2-E91550A0ABBC}.MinSizeRel|x64.Build.0 = MinSizeRel|x64
		{A612CEE3-255F-3E3D-80E2-E91550A0ABBC}.RelWithDebInfo|x64.ActiveCfg = RelWithDebInfo|x64
		{A612CEE3-255F-3E3D-80E2-E91550A0ABBC}.RelWithDebInfo|x64.Build.0 = RelWithDebInfo|x64
		{087C1812-7626-33B4-B64B-FC8D842C20CF}.Debug|x64.ActiveCfg = Debug|x64
		{087C1812-7626-33B4-B64B-FC8D842C20CF}.Debug|x64.Build.0 = Debug|x64
		{087C1812-7626-33B4-B64B-FC8D842C20CF}.Release|x64.ActiveCfg = Release|x64
		{087C1812-7626-33B4-B64B-FC8D842C20CF}.Release|x64.Build.0 = Release|x64
		{087C1812-7626-33B4-B64B-FC8D842C20CF}.MinSizeRel|x64.ActiveCfg = MinSizeRel|x64
		{087C1812-7626-33B4-B64B-FC8D842C20CF}.MinSizeRel|x64.Build.0 = MinSizeRel|x64
		{087C1812-7626-33B4-B64B-FC8D842C20CF}.RelWithDebInfo|x64.ActiveCfg = RelWithDebInfo|x64
		{087C1812-7626-33B4-B64B-FC8D842C20CF}.RelWithDebInfo|x64.Build.0 = RelWithDebInfo|x64
		{ADEB00A3-ADD2-378D-AE2E-8A2D3B071502}.Debug|x64.ActiveCfg = Debug|x64
		{ADEB00A3-ADD2-378D-AE2E-8A2D3B071502}.Debug|x64.Build.0 = Debug|x64
		{ADEB00A3-ADD2-378D-AE2E-8A2D3B071502}.Release|x64.ActiveCfg = Release|x64
		{ADEB00A3-ADD2-378D-AE2E-8A2D3B071502}.Release|x64.Build.0 = Release|x64
		{ADEB00A3-ADD2-378D-AE2E-8A2D3B071502}.MinSizeRel|x64.ActiveCfg = MinSizeRel|x64
		{ADEB00A3-ADD2-378D-AE2E-8A2D3B071502}.MinSizeRel|x64.Build.0 = MinSizeRel|x64
		{ADEB00A3-ADD2-378D-AE2E-8A2D3B071502}.RelWithDebInfo|x64.ActiveCfg = RelWithDebInfo|x64
		{ADEB00A3-ADD2-378D-AE2E-8A2D3B071502}.RelWithDebInfo|x64.Build.0 = RelWithDebInfo|x64
		{D079F0B2-A3C9-33D8-9CAD-7756AEF797FF}.Debug|x64.ActiveCfg = Debug|x64
		{D079F0B2-A3C9-33D8-9CAD-7756AEF797FF}.Debug|x64.Build.0 = Debug|x64
		{D079F0B2-A3C9-33D8-9CAD-7756AEF797FF}.Release|x64.ActiveCfg = Release|x64
		{D079F0B2-A3C9-33D8-9CAD-7756AEF797FF}.Release|x64.Build.0 = Release|x64
		{D079F0B2-A3C9-33D8-9CAD-7756AEF797FF}.MinSizeRel|x64.ActiveCfg = MinSizeRel|x64
		{D079F0B2-A3C9-33D8-9CAD-7756AEF797FF}.MinSizeRel|x64.Build.0 = MinSizeRel|x64
		{D079F0B2-A3C9-33D8-9CAD-7756AEF797FF}.RelWithDebInfo|x64.ActiveCfg = RelWithDebInfo|x64
		{D079F0B2-A3C9-33D8-9CAD-7756AEF797FF}.RelWithDebInfo|x64.Build.0 = RelWithDebInfo|x64
		{A63B7951-DA32-30CA-B041-68AA7E34E54E}.Debug|x64.ActiveCfg = Debug|x64
		{A63B7951-DA32-30CA-B041-68AA7E34E54E}.Debug|x64.Build.0 = Debug|x64
		{A63B7951-DA32-30CA-B041-68AA7E34E54E}.Release|x64.ActiveCfg = Release|x64
		{A63B7951-DA32-30CA-B041-68AA7E34E54E}.Release|x64.Build.0 = Release|x64
		{A63B7951-DA32-30CA-B041-68AA7E34E54E}.MinSizeRel|x64.ActiveCfg = MinSizeRel|x64
		{A63B7951-DA32-30CA-B041-68AA7E34E54E}.MinSizeRel|x64.Build.0 = MinSizeRel|x64
		{A63B7951-DA32-30CA-B041-68AA7E34E54E}.RelWithDebInfo|x64.ActiveCfg = RelWithDebInfo|x64
		{A63B7951-DA32-30CA-B041-68AA7E34E54E}.RelWithDebInfo|x64.Build.0 = RelWithDebInfo|x64
		{E64B1999-A52E-39A5-A10A-082E9517478E}.Debug|x64.ActiveCfg = Debug|x64
		{E64B1999-A52E-39A5-A10A-082E9517478E}.Debug|x64.Build.0 = Debug|x64
		{E64B1999-A52E-39A5-A10A-082E9517478E}.Release|x64.ActiveCfg = Release|x64
		{E64B1999-A52E-39A5-A10A-082E9517478E}.Release|x64.Build.0 = Release|x64
		{E64B1999-A52E-39A5-A10A-082E9517478E}.MinSizeRel|x64.ActiveCfg = MinSizeRel|x64
		{E64B1999-A52E-39A5-A10A-082E9517478E}.MinSizeRel|x64.Build.0 = MinSizeRel|x64
		{E64B1999-A52E-39A5-A10A-082E9517478E}.RelWithDebInfo|x64.ActiveCfg = RelWithDebInfo|x64
		{E64B1999-A52E-39A5-A10A-082E9517478E}.RelWithDebInfo|x64.Build.0 = RelWithDebInfo|x64
		{C3B9AD28-CB2B-3468-8A97-3DA50F8ED203}.Debug|x64.ActiveCfg = Debug|x64
		{C3B9AD28-CB2B-3468-8A97-3DA50F8ED203}.Debug|x64.Build.0 = Debug|x64
		{C3B9AD28-CB2B-3468-8A97-3DA50F8ED203}.Release|x64.ActiveCfg = Release|x64
		{C3B9AD28-CB2B-3468-8A97-3DA50F8ED203}.Release|x64.Build.0 = Release|x64
		{C3B9AD28-CB2B-3468-8A97-3DA50F8ED203}.MinSizeRel|x64.ActiveCfg = MinSizeRel|x64
		{C3B9AD28-CB2B-3468-8A97-3DA50F8ED203}.MinSizeRel|x64.Build.0 = MinSizeRel|x64
		{C3B9AD28-CB2B-3468-8A97-3DA50F8ED203}.RelWithDebInfo|x64.ActiveCfg = RelWithDebInfo|x64
		{C3B9AD28-CB2B-3468-8A97-3DA50F8ED203}.RelWithDebInfo|x64.Build.0 = RelWithDebInfo|x64
		{302F4BC0-50E3-3918-A56F-F4670B2E4D67}.Debug|x64.ActiveCfg = Debug|x64
		{302F4BC0-50E3-3918-A56F-F4670B2E4D67}.Debug|x64.Build.0 = Debug|x64
		{302F4BC0-50E3-3918-A56F-F4670B2E4D67}.Release|x64.ActiveCfg = Release|x64
		{302F4BC0-50E3-3918-A56F-F4670B2E4D67}.Release|x64.Build.0 = Release|x64
		{302F4BC0-50E3-3918-A56F-F4670B2E4D67}.MinSizeRel|x64.ActiveCfg = MinSizeRel|x64
		{302F4BC0-50E3-3918-A56F-F4670B2E4D67}.MinSizeRel|x64.Build.0 = MinSizeRel|x64
		{302F4BC0-50E3-3918-A56F-F4670B2E4D67}.RelWithDebInfo|x64.ActiveCfg = RelWithDebInfo|x64
		{302F4BC0-50E3-3918-A56F-F4670B2E4D67}.RelWithDebInfo|x64.Build.0 = RelWithDebInfo|x64
		{72D523EC-9DEA-3DFB-BB9A-47A7E4DB02E2}.Debug|x64.ActiveCfg = Debug|x64
		{72D523EC-9DEA-3DFB-BB9A-47A7E4DB02E2}.Debug|x64.Build.0 = Debug|x64
		{72D523EC-9DEA-3DFB-BB9A-47A7E4DB02E2}.Release|x64.ActiveCfg = Release|x64
		{72D523EC-9DEA-3DFB-BB9A-47A7E4DB02E2}.Release|x64.Build.0 = Release|x64
		{72D523EC-9DEA-3DFB-BB9A-47A7E4DB02E2}.MinSizeRel|x64.ActiveCfg = MinSizeRel|x64
		{72D523EC-9DEA-3DFB-BB9A-47A7E4DB02E2}.MinSizeRel|x64.Build.0 = MinSizeRel|x64
		{72D523EC-9DEA-3DFB-BB9A-47A7E4DB02E2}.RelWithDebInfo|x64.ActiveCfg = RelWithDebInfo|x64
		{72D523EC-9DEA-3DFB-BB9A-47A7E4DB02E2}.RelWithDebInfo|x64.Build.0 = RelWithDebInfo|x64
		{C1998258-FFF1-308B-9229-D0F2252238EC}.Debug|x64.ActiveCfg = Debug|x64
		{C1998258-FFF1-308B-9229-D0F2252238EC}.Debug|x64.Build.0 = Debug|x64
		{C1998258-FFF1-308B-9229-D0F2252238EC}.Release|x64.ActiveCfg = Release|x64
		{C1998258-FFF1-308B-9229-D0F2252238EC}.Release|x64.Build.0 = Release|x64
		{C1998258-FFF1-308B-9229-D0F2252238EC}.MinSizeRel|x64.ActiveCfg = MinSizeRel|x64
		{C1998258-FFF1-308B-9229-D0F2252238EC}.MinSizeRel|x64.Build.0 = MinSizeRel|x64
		{C1998258-FFF1-308B-9229-D0F2252238EC}.RelWithDebInfo|x64.ActiveCfg = RelWithDebInfo|x64
		{C1998258-FFF1-308B-9229-D0F2252238EC}.RelWithDebInfo|x64.Build.0 = RelWithDebInfo|x64
		{C763E177-5469-31B3-910F-CC446F65C310}.Debug|x64.ActiveCfg = Debug|x64
		{C763E177-5469-31B3-910F-CC446F65C310}.Debug|x64.Build.0 = Debug|x64
		{C763E177-5469-31B3-910F-CC446F65C310}.Release|x64.ActiveCfg = Release|x64
		{C763E177-5469-31B3-910F-CC446F65C310}.Release|x64.Build.0 = Release|x64
		{C763E177-5469-31B3-910F-CC446F65C310}.MinSizeRel|x64.ActiveCfg = MinSizeRel|x64
		{C763E177-5469-31B3-910F-CC446F65C310}.MinSizeRel|x64.Build.0 = MinSizeRel|x64
		{C763E177-5469-31B3-910F-CC446F65C310}.RelWithDebInfo|x64.ActiveCfg = RelWithDebInfo|x64
		{C763E177-5469-31B3-910F-CC446F65C310}.RelWithDebInfo|x64.Build.0 = RelWithDebInfo|x64
		{991530BD-D546-325C-A368-F687E35B407E}.Debug|x64.ActiveCfg = Debug|x64
		{991530BD-D546-325C-A368-F687E35B407E}.Debug|x64.Build.0 = Debug|x64
		{991530BD-D546-325C-A368-F687E35B407E}.Release|x64.ActiveCfg = Release|x64
		{991530BD-D546-325C-A368-F687E35B407E}.Release|x64.Build.0 = Release|x64
		{991530BD-D546-325C-A368-F687E35B407E}.MinSizeRel|x64.ActiveCfg = MinSizeRel|x64
		{991530BD-D546-325C-A368-F687E35B407E}.MinSizeRel|x64.Build.0 = MinSizeRel|x64
		{991530BD-D546-325C-A368-F687E35B407E}.RelWithDebInfo|x64.ActiveCfg = RelWithDebInfo|x64
		{991530BD-D546-325C-A368-F687E35B407E}.RelWithDebInfo|x64.Build.0 = RelWithDebInfo|x64
		{1ED6BA70-F8E5-36CF-A719-79AA241B1437}.Debug|x64.ActiveCfg = Debug|x64
		{1ED6BA70-F8E5-36CF-A719-79AA241B1437}.Debug|x64.Build.0 = Debug|x64
		{1ED6BA70-F8E5-36CF-A719-79AA241B1437}.Release|x64.ActiveCfg = Release|x64
		{1ED6BA70-F8E5-36CF-A719-79AA241B1437}.Release|x64.Build.0 = Release|x64
		{1ED6BA70-F8E5-36CF-A719-79AA241B1437}.MinSizeRel|x64.ActiveCfg = MinSizeRel|x64
		{1ED6BA70-F8E5-36CF-A719-79AA241B1437}.MinSizeRel|x64.Build.0 = MinSizeRel|x64
		{1ED6BA70-F8E5-36CF-A719-79AA241B1437}.RelWithDebInfo|x64.ActiveCfg = RelWithDebInfo|x64
		{1ED6BA70-F8E5-36CF-A719-79AA241B1437}.RelWithDebInfo|x64.Build.0 = RelWithDebInfo|x64
		{8D3D955F-A462-3CFA-A033-8E563EBAF0E4}.Debug|x64.ActiveCfg = Debug|x64
		{8D3D955F-A462-3CFA-A033-8E563EBAF0E4}.Debug|x64.Build.0 = Debug|x64
		{8D3D955F-A462-3CFA-A033-8E563EBAF0E4}.Release|x64.ActiveCfg = Release|x64
		{8D3D955F-A462-3CFA-A033-8E563EBAF0E4}.Release|x64.Build.0 = Release|x64
		{8D3D955F-A462-3CFA-A033-8E563EBAF0E4}.MinSizeRel|x64.ActiveCfg = MinSizeRel|x64
		{8D3D955F-A462-3CFA-A033-8E563EBAF0E4}.MinSizeRel|x64.Build.0 = MinSizeRel|x64
		{8D3D955F-A462-3CFA-A033-8E563EBAF0E4}.RelWithDebInfo|x64.ActiveCfg = RelWithDebInfo|x64
		{8D3D955F-A462-3CFA-A033-8E563EBAF0E4}.RelWithDebInfo|x64.Build.0 = RelWithDebInfo|x64
		{A97F041E-9301-37FF-A2C7-BCAA765F24E6}.Debug|x64.ActiveCfg = Debug|x64
		{A97F041E-9301-37FF-A2C7-BCAA765F24E6}.Debug|x64.Build.0 = Debug|x64
		{A97F041E-9301-37FF-A2C7-BCAA765F24E6}.Release|x64.ActiveCfg = Release|x64
		{A97F041E-9301-37FF-A2C7-BCAA765F24E6}.Release|x64.Build.0 = Release|x64
		{A97F041E-9301-37FF-A2C7-BCAA765F24E6}.MinSizeRel|x64.ActiveCfg = MinSizeRel|x64
		{A97F041E-9301-37FF-A2C7-BCAA765F24E6}.MinSizeRel|x64.Build.0 = MinSizeRel|x64
		{A97F041E-9301-37FF-A2C7-BCAA765F24E6}.RelWithDebInfo|x64.ActiveCfg = RelWithDebInfo|x64
		{A97F041E-9301-37FF-A2C7-BCAA765F24E6}.RelWithDebInfo|x64.Build.0 = RelWithDebInfo|x64
		{24376E6F-3E07-3E95-B2B2-F1971244ECC2}.Debug|x64.ActiveCfg = Debug|x64
		{24376E6F-3E07-3E95-B2B2-F1971244ECC2}.Debug|x64.Build.0 = Debug|x64
		{24376E6F-3E07-3E95-B2B2-F1971244ECC2}.Release|x64.ActiveCfg = Release|x64
		{24376E6F-3E07-3E95-B2B2-F1971244ECC2}.Release|x64.Build.0 = Release|x64
		{24376E6F-3E07-3E95-B2B2-F1971244ECC2}.MinSizeRel|x64.ActiveCfg = MinSizeRel|x64
		{24376E6F-3E07-3E95-B2B2-F1971244ECC2}.MinSizeRel|x64.Build.0 = MinSizeRel|x64
		{24376E6F-3E07-3E95-B2B2-F1971244ECC2}.RelWithDebInfo|x64.ActiveCfg = RelWithDebInfo|x64
		{24376E6F-3E07-3E95-B2B2-F1971244ECC2}.RelWithDebInfo|x64.Build.0 = RelWithDebInfo|x64
		{160B527C-CEB2-3480-83B7-30E68884B438}.Debug|x64.ActiveCfg = Debug|x64
		{160B527C-CEB2-3480-83B7-30E68884B438}.Debug|x64.Build.0 = Debug|x64
		{160B527C-CEB2-3480-83B7-30E68884B438}.Release|x64.ActiveCfg = Release|x64
		{160B527C-CEB2-3480-83B7-30E68884B438}.Release|x64.Build.0 = Release|x64
		{160B527C-CEB2-3480-83B7-30E68884B438}.MinSizeRel|x64.ActiveCfg = MinSizeRel|x64
		{160B527C-CEB2-3480-83B7-30E68884B438}.MinSizeRel|x64.Build.0 = MinSizeRel|x64
		{160B527C-CEB2-3480-83B7-30E68884B438}.RelWithDebInfo|x64.ActiveCfg = RelWithDebInfo|x64
		{160B527C-CEB2-3480-83B7-30E68884B438}.RelWithDebInfo|x64.Build.0 = RelWithDebInfo|x64
		{ABABED8C-97EF-321B-8C1F-5DA346408160}.Debug|x64.ActiveCfg = Debug|x64
		{ABABED8C-97EF-321B-8C1F-5DA346408160}.Debug|x64.Build.0 = Debug|x64
		{ABABED8C-97EF-321B-8C1F-5DA346408160}.Release|x64.ActiveCfg = Release|x64
		{ABABED8C-97EF-321B-8C1F-5DA346408160}.Release|x64.Build.0 = Release|x64
		{ABABED8C-97EF-321B-8C1F-5DA346408160}.MinSizeRel|x64.ActiveCfg = MinSizeRel|x64
		{ABABED8C-97EF-321B-8C1F-5DA346408160}.MinSizeRel|x64.Build.0 = MinSizeRel|x64
		{ABABED8C-97EF-321B-8C1F-5DA346408160}.RelWithDebInfo|x64.ActiveCfg = RelWithDebInfo|x64
		{ABABED8C-97EF-321B-8C1F-5DA346408160}.RelWithDebInfo|x64.Build.0 = RelWithDebInfo|x64
		{994ED147-B0C3-3A54-BD31-F98B603F15EE}.Debug|x64.ActiveCfg = Debug|x64
		{994ED147-B0C3-3A54-BD31-F98B603F15EE}.Debug|x64.Build.0 = Debug|x64
		{994ED147-B0C3-3A54-BD31-F98B603F15EE}.Release|x64.ActiveCfg = Release|x64
		{994ED147-B0C3-3A54-BD31-F98B603F15EE}.Release|x64.Build.0 = Release|x64
		{994ED147-B0C3-3A54-BD31-F98B603F15EE}.MinSizeRel|x64.ActiveCfg = MinSizeRel|x64
		{994ED147-B0C3-3A54-BD31-F98B603F15EE}.MinSizeRel|x64.Build.0 = MinSizeRel|x64
		{994ED147-B0C3-3A54-BD31-F98B603F15EE}.RelWithDebInfo|x64.ActiveCfg = RelWithDebInfo|x64
		{994ED147-B0C3-3A54-BD31-F98B603F15EE}.RelWithDebInfo|x64.Build.0 = RelWithDebInfo|x64
		{2CADC6EE-CB4F-3BEB-9915-67F3BCE886CD}.Debug|x64.ActiveCfg = Debug|x64
		{2CADC6EE-CB4F-3BEB-9915-67F3BCE886CD}.Debug|x64.Build.0 = Debug|x64
		{2CADC6EE-CB4F-3BEB-9915-67F3BCE886CD}.Release|x64.ActiveCfg = Release|x64
		{2CADC6EE-CB4F-3BEB-9915-67F3BCE886CD}.Release|x64.Build.0 = Release|x64
		{2CADC6EE-CB4F-3BEB-9915-67F3BCE886CD}.MinSizeRel|x64.ActiveCfg = MinSizeRel|x64
		{2CADC6EE-CB4F-3BEB-9915-67F3BCE886CD}.MinSizeRel|x64.Build.0 = MinSizeRel|x64
		{2CADC6EE-CB4F-3BEB-9915-67F3BCE886CD}.RelWithDebInfo|x64.ActiveCfg = RelWithDebInfo|x64
		{2CADC6EE-CB4F-3BEB-9915-67F3BCE886CD}.RelWithDebInfo|x64.Build.0 = RelWithDebInfo|x64
		{546E3A94-D1B7-3E81-A080-952D57F021B2}.Debug|x64.ActiveCfg = Debug|x64
		{546E3A94-D1B7-3E81-A080-952D57F021B2}.Debug|x64.Build.0 = Debug|x64
		{546E3A94-D1B7-3E81-A080-952D57F021B2}.Release|x64.ActiveCfg = Release|x64
		{546E3A94-D1B7-3E81-A080-952D57F021B2}.Release|x64.Build.0 = Release|x64
		{546E3A94-D1B7-3E81-A080-952D57F021B2}.MinSizeRel|x64.ActiveCfg = MinSizeRel|x64
		{546E3A94-D1B7-3E81-A080-952D57F021B2}.MinSizeRel|x64.Build.0 = MinSizeRel|x64
		{546E3A94-D1B7-3E81-A080-952D57F021B2}.RelWithDebInfo|x64.ActiveCfg = RelWithDebInfo|x64
		{546E3A94-D1B7-3E81-A080-952D57F021B2}.RelWithDebInfo|x64.Build.0 = RelWithDebInfo|x64
		{173360E9-5C18-301D-8DAB-B3C616B5ECCC}.Debug|x64.ActiveCfg = Debug|x64
		{173360E9-5C18-301D-8DAB-B3C616B5ECCC}.Debug|x64.Build.0 = Debug|x64
		{173360E9-5C18-301D-8DAB-B3C616B5ECCC}.Release|x64.ActiveCfg = Release|x64
		{173360E9-5C18-301D-8DAB-B3C616B5ECCC}.Release|x64.Build.0 = Release|x64
		{173360E9-5C18-301D-8DAB-B3C616B5ECCC}.MinSizeRel|x64.ActiveCfg = MinSizeRel|x64
		{173360E9-5C18-301D-8DAB-B3C616B5ECCC}.MinSizeRel|x64.Build.0 = MinSizeRel|x64
		{173360E9-5C18-301D-8DAB-B3C616B5ECCC}.RelWithDebInfo|x64.ActiveCfg = RelWithDebInfo|x64
		{173360E9-5C18-301D-8DAB-B3C616B5ECCC}.RelWithDebInfo|x64.Build.0 = RelWithDebInfo|x64
		{BF028F23-17E9-3CDB-8544-1EBB530278FC}.Debug|x64.ActiveCfg = Debug|x64
		{BF028F23-17E9-3CDB-8544-1EBB530278FC}.Debug|x64.Build.0 = Debug|x64
		{BF028F23-17E9-3CDB-8544-1EBB530278FC}.Release|x64.ActiveCfg = Release|x64
		{BF028F23-17E9-3CDB-8544-1EBB530278FC}.Release|x64.Build.0 = Release|x64
		{BF028F23-17E9-3CDB-8544-1EBB530278FC}.MinSizeRel|x64.ActiveCfg = MinSizeRel|x64
		{BF028F23-17E9-3CDB-8544-1EBB530278FC}.MinSizeRel|x64.Build.0 = MinSizeRel|x64
		{BF028F23-17E9-3CDB-8544-1EBB530278FC}.RelWithDebInfo|x64.ActiveCfg = RelWithDebInfo|x64
		{BF028F23-17E9-3CDB-8544-1EBB530278FC}.RelWithDebInfo|x64.Build.0 = RelWithDebInfo|x64
		{D934182A-B573-3676-BD0E-BAA4EFDE8CFE}.Debug|x64.ActiveCfg = Debug|x64
		{D934182A-B573-3676-BD0E-BAA4EFDE8CFE}.Debug|x64.Build.0 = Debug|x64
		{D934182A-B573-3676-BD0E-BAA4EFDE8CFE}.Release|x64.ActiveCfg = Release|x64
		{D934182A-B573-3676-BD0E-BAA4EFDE8CFE}.Release|x64.Build.0 = Release|x64
		{D934182A-B573-3676-BD0E-BAA4EFDE8CFE}.MinSizeRel|x64.ActiveCfg = MinSizeRel|x64
		{D934182A-B573-3676-BD0E-BAA4EFDE8CFE}.MinSizeRel|x64.Build.0 = MinSizeRel|x64
		{D934182A-B573-3676-BD0E-BAA4EFDE8CFE}.RelWithDebInfo|x64.ActiveCfg = RelWithDebInfo|x64
		{D934182A-B573-3676-BD0E-BAA4EFDE8CFE}.RelWithDebInfo|x64.Build.0 = RelWithDebInfo|x64
		{4AB8D990-A46F-3DF8-A74D-3E67F027008D}.Debug|x64.ActiveCfg = Debug|x64
		{4AB8D990-A46F-3DF8-A74D-3E67F027008D}.Debug|x64.Build.0 = Debug|x64
		{4AB8D990-A46F-3DF8-A74D-3E67F027008D}.Release|x64.ActiveCfg = Release|x64
		{4AB8D990-A46F-3DF8-A74D-3E67F027008D}.Release|x64.Build.0 = Release|x64
		{4AB8D990-A46F-3DF8-A74D-3E67F027008D}.MinSizeRel|x64.ActiveCfg = MinSizeRel|x64
		{4AB8D990-A46F-3DF8-A74D-3E67F027008D}.MinSizeRel|x64.Build.0 = MinSizeRel|x64
		{4AB8D990-A46F-3DF8-A74D-3E67F027008D}.RelWithDebInfo|x64.ActiveCfg = RelWithDebInfo|x64
		{4AB8D990-A46F-3DF8-A74D-3E67F027008D}.RelWithDebInfo|x64.Build.0 = RelWithDebInfo|x64
		{B67A78CF-9B5E-3BDA-8404-F018BB077CD9}.Debug|x64.ActiveCfg = Debug|x64
		{B67A78CF-9B5E-3BDA-8404-F018BB077CD9}.Debug|x64.Build.0 = Debug|x64
		{B67A78CF-9B5E-3BDA-8404-F018BB077CD9}.Release|x64.ActiveCfg = Release|x64
		{B67A78CF-9B5E-3BDA-8404-F018BB077CD9}.Release|x64.Build.0 = Release|x64
		{B67A78CF-9B5E-3BDA-8404-F018BB077CD9}.MinSizeRel|x64.ActiveCfg = MinSizeRel|x64
		{B67A78CF-9B5E-3BDA-8404-F018BB077CD9}.MinSizeRel|x64.Build.0 = MinSizeRel|x64
		{B67A78CF-9B5E-3BDA-8404-F018BB077CD9}.RelWithDebInfo|x64.ActiveCfg = RelWithDebInfo|x64
		{B67A78CF-9B5E-3BDA-8404-F018BB077CD9}.RelWithDebInfo|x64.Build.0 = RelWithDebInfo|x64
		{6919D80A-9A6F-3932-A62F-00F48BF28E0C}.Debug|x64.ActiveCfg = Debug|x64
		{6919D80A-9A6F-3932-A62F-00F48BF28E0C}.Debug|x64.Build.0 = Debug|x64
		{6919D80A-9A6F-3932-A62F-00F48BF28E0C}.Release|x64.ActiveCfg = Release|x64
		{6919D80A-9A6F-3932-A62F-00F48BF28E0C}.Release|x64.Build.0 = Release|x64
		{6919D80A-9A6F-3932-A62F-00F48BF28E0C}.MinSizeRel|x64.ActiveCfg = MinSizeRel|x64
		{6919D80A-9A6F-3932-A62F-00F48BF28E0C}.MinSizeRel|x64.Build.0 = MinSizeRel|x64
		{6919D80A-9A6F-3932-A62F-00F48BF28E0C}.RelWithDebInfo|x64.ActiveCfg = RelWithDebInfo|x64
		{6919D80A-9A6F-3932-A62F-00F48BF28E0C}.RelWithDebInfo|x64.Build.0 = RelWithDebInfo|x64
		{BB7CF1D3-E111-35AD-8FED-DFF3EA5A7603}.Debug|x64.ActiveCfg = Debug|x64
		{BB7CF1D3-E111-35AD-8FED-DFF3EA5A7603}.Debug|x64.Build.0 = Debug|x64
		{BB7CF1D3-E111-35AD-8FED-DFF3EA5A7603}.Release|x64.ActiveCfg = Release|x64
		{BB7CF1D3-E111-35AD-8FED-DFF3EA5A7603}.Release|x64.Build.0 = Release|x64
		{BB7CF1D3-E111-35AD-8FED-DFF3EA5A7603}.MinSizeRel|x64.ActiveCfg = MinSizeRel|x64
		{BB7CF1D3-E111-35AD-8FED-DFF3EA5A7603}.MinSizeRel|x64.Build.0 = MinSizeRel|x64
		{BB7CF1D3-E111-35AD-8FED-DFF3EA5A7603}.RelWithDebInfo|x64.ActiveCfg = RelWithDebInfo|x64
		{BB7CF1D3-E111-35AD-8FED-DFF3EA5A7603}.RelWithDebInfo|x64.Build.0 = RelWithDebInfo|x64
		{E81298B2-F1BA-323F-9F4F-557D5ED13465}.Debug|x64.ActiveCfg = Debug|x64
		{E81298B2-F1BA-323F-9F4F-557D5ED13465}.Debug|x64.Build.0 = Debug|x64
		{E81298B2-F1BA-323F-9F4F-557D5ED13465}.Release|x64.ActiveCfg = Release|x64
		{E81298B2-F1BA-323F-9F4F-557D5ED13465}.Release|x64.Build.0 = Release|x64
		{E81298B2-F1BA-323F-9F4F-557D5ED13465}.MinSizeRel|x64.ActiveCfg = MinSizeRel|x64
		{E81298B2-F1BA-323F-9F4F-557D5ED13465}.MinSizeRel|x64.Build.0 = MinSizeRel|x64
		{E81298B2-F1BA-323F-9F4F-557D5ED13465}.RelWithDebInfo|x64.ActiveCfg = RelWithDebInfo|x64
		{E81298B2-F1BA-323F-9F4F-557D5ED13465}.RelWithDebInfo|x64.Build.0 = RelWithDebInfo|x64
		{E52B8B5B-E750-3487-BBD2-45C2C02382B9}.Debug|x64.ActiveCfg = Debug|x64
		{E52B8B5B-E750-3487-BBD2-45C2C02382B9}.Debug|x64.Build.0 = Debug|x64
		{E52B8B5B-E750-3487-BBD2-45C2C02382B9}.Release|x64.ActiveCfg = Release|x64
		{E52B8B5B-E750-3487-BBD2-45C2C02382B9}.Release|x64.Build.0 = Release|x64
		{E52B8B5B-E750-3487-BBD2-45C2C02382B9}.MinSizeRel|x64.ActiveCfg = MinSizeRel|x64
		{E52B8B5B-E750-3487-BBD2-45C2C02382B9}.MinSizeRel|x64.Build.0 = MinSizeRel|x64
		{E52B8B5B-E750-3487-BBD2-45C2C02382B9}.RelWithDebInfo|x64.ActiveCfg = RelWithDebInfo|x64
		{E52B8B5B-E750-3487-BBD2-45C2C02382B9}.RelWithDebInfo|x64.Build.0 = RelWithDebInfo|x64
		{BE601C55-45E0-314A-8380-9516749C0780}.Debug|x64.ActiveCfg = Debug|x64
		{BE601C55-45E0-314A-8380-9516749C0780}.Debug|x64.Build.0 = Debug|x64
		{BE601C55-45E0-314A-8380-9516749C0780}.Release|x64.ActiveCfg = Release|x64
		{BE601C55-45E0-314A-8380-9516749C0780}.Release|x64.Build.0 = Release|x64
		{BE601C55-45E0-314A-8380-9516749C0780}.MinSizeRel|x64.ActiveCfg = MinSizeRel|x64
		{BE601C55-45E0-314A-8380-9516749C0780}.MinSizeRel|x64.Build.0 = MinSizeRel|x64
		{BE601C55-45E0-314A-8380-9516749C0780}.RelWithDebInfo|x64.ActiveCfg = RelWithDebInfo|x64
		{BE601C55-45E0-314A-8380-9516749C0780}.RelWithDebInfo|x64.Build.0 = RelWithDebInfo|x64
		{DED3EEB5-45A6-3AA7-8BC5-E5661760E9BE}.Debug|x64.ActiveCfg = Debug|x64
		{DED3EEB5-45A6-3AA7-8BC5-E5661760E9BE}.Debug|x64.Build.0 = Debug|x64
		{DED3EEB5-45A6-3AA7-8BC5-E5661760E9BE}.Release|x64.ActiveCfg = Release|x64
		{DED3EEB5-45A6-3AA7-8BC5-E5661760E9BE}.Release|x64.Build.0 = Release|x64
		{DED3EEB5-45A6-3AA7-8BC5-E5661760E9BE}.MinSizeRel|x64.ActiveCfg = MinSizeRel|x64
		{DED3EEB5-45A6-3AA7-8BC5-E5661760E9BE}.MinSizeRel|x64.Build.0 = MinSizeRel|x64
		{DED3EEB5-45A6-3AA7-8BC5-E5661760E9BE}.RelWithDebInfo|x64.ActiveCfg = RelWithDebInfo|x64
		{DED3EEB5-45A6-3AA7-8BC5-E5661760E9BE}.RelWithDebInfo|x64.Build.0 = RelWithDebInfo|x64
		{0062E5FC-EC34-3C9F-9FBD-08DBD69D3AD7}.Debug|x64.ActiveCfg = Debug|x64
		{0062E5FC-EC34-3C9F-9FBD-08DBD69D3AD7}.Debug|x64.Build.0 = Debug|x64
		{0062E5FC-EC34-3C9F-9FBD-08DBD69D3AD7}.Release|x64.ActiveCfg = Release|x64
		{0062E5FC-EC34-3C9F-9FBD-08DBD69D3AD7}.Release|x64.Build.0 = Release|x64
		{0062E5FC-EC34-3C9F-9FBD-08DBD69D3AD7}.MinSizeRel|x64.ActiveCfg = MinSizeRel|x64
		{0062E5FC-EC34-3C9F-9FBD-08DBD69D3AD7}.MinSizeRel|x64.Build.0 = MinSizeRel|x64
		{0062E5FC-EC34-3C9F-9FBD-08DBD69D3AD7}.RelWithDebInfo|x64.ActiveCfg = RelWithDebInfo|x64
		{0062E5FC-EC34-3C9F-9FBD-08DBD69D3AD7}.RelWithDebInfo|x64.Build.0 = RelWithDebInfo|x64
		{EEA8630B-1541-3BB2-9265-E09A4A327724}.Debug|x64.ActiveCfg = Debug|x64
		{EEA8630B-1541-3BB2-9265-E09A4A327724}.Debug|x64.Build.0 = Debug|x64
		{EEA8630B-1541-3BB2-9265-E09A4A327724}.Release|x64.ActiveCfg = Release|x64
		{EEA8630B-1541-3BB2-9265-E09A4A327724}.Release|x64.Build.0 = Release|x64
		{EEA8630B-1541-3BB2-9265-E09A4A327724}.MinSizeRel|x64.ActiveCfg = MinSizeRel|x64
		{EEA8630B-1541-3BB2-9265-E09A4A327724}.MinSizeRel|x64.Build.0 = MinSizeRel|x64
		{EEA8630B-1541-3BB2-9265-E09A4A327724}.RelWithDebInfo|x64.ActiveCfg = RelWithDebInfo|x64
		{EEA8630B-1541-3BB2-9265-E09A4A327724}.RelWithDebInfo|x64.Build.0 = RelWithDebInfo|x64
		{EBE90C49-6063-3146-87F4-95E491DA3905}.Debug|x64.ActiveCfg = Debug|x64
		{EBE90C49-6063-3146-87F4-95E491DA3905}.Debug|x64.Build.0 = Debug|x64
		{EBE90C49-6063-3146-87F4-95E491DA3905}.Release|x64.ActiveCfg = Release|x64
		{EBE90C49-6063-3146-87F4-95E491DA3905}.Release|x64.Build.0 = Release|x64
		{EBE90C49-6063-3146-87F4-95E491DA3905}.MinSizeRel|x64.ActiveCfg = MinSizeRel|x64
		{EBE90C49-6063-3146-87F4-95E491DA3905}.MinSizeRel|x64.Build.0 = MinSizeRel|x64
		{EBE90C49-6063-3146-87F4-95E491DA3905}.RelWithDebInfo|x64.ActiveCfg = RelWithDebInfo|x64
		{EBE90C49-6063-3146-87F4-95E491DA3905}.RelWithDebInfo|x64.Build.0 = RelWithDebInfo|x64
		{4DFDC510-2FF1-3EC5-B686-52B03C1F383E}.Debug|x64.ActiveCfg = Debug|x64
		{4DFDC510-2FF1-3EC5-B686-52B03C1F383E}.Debug|x64.Build.0 = Debug|x64
		{4DFDC510-2FF1-3EC5-B686-52B03C1F383E}.Release|x64.ActiveCfg = Release|x64
		{4DFDC510-2FF1-3EC5-B686-52B03C1F383E}.Release|x64.Build.0 = Release|x64
		{4DFDC510-2FF1-3EC5-B686-52B03C1F383E}.MinSizeRel|x64.ActiveCfg = MinSizeRel|x64
		{4DFDC510-2FF1-3EC5-B686-52B03C1F383E}.MinSizeRel|x64.Build.0 = MinSizeRel|x64
		{4DFDC510-2FF1-3EC5-B686-52B03C1F383E}.RelWithDebInfo|x64.ActiveCfg = RelWithDebInfo|x64
		{4DFDC510-2FF1-3EC5-B686-52B03C1F383E}.RelWithDebInfo|x64.Build.0 = RelWithDebInfo|x64
		{436391F3-5737-34A6-93A4-85540F26E119}.Debug|x64.ActiveCfg = Debug|x64
		{436391F3-5737-34A6-93A4-85540F26E119}.Debug|x64.Build.0 = Debug|x64
		{436391F3-5737-34A6-93A4-85540F26E119}.Release|x64.ActiveCfg = Release|x64
		{436391F3-5737-34A6-93A4-85540F26E119}.Release|x64.Build.0 = Release|x64
		{436391F3-5737-34A6-93A4-85540F26E119}.MinSizeRel|x64.ActiveCfg = MinSizeRel|x64
		{436391F3-5737-34A6-93A4-85540F26E119}.MinSizeRel|x64.Build.0 = MinSizeRel|x64
		{436391F3-5737-34A6-93A4-85540F26E119}.RelWithDebInfo|x64.ActiveCfg = RelWithDebInfo|x64
		{436391F3-5737-34A6-93A4-85540F26E119}.RelWithDebInfo|x64.Build.0 = RelWithDebInfo|x64
		{5FEBA812-844E-3444-8851-BE708C9E960D}.Debug|x64.ActiveCfg = Debug|x64
		{5FEBA812-844E-3444-8851-BE708C9E960D}.Debug|x64.Build.0 = Debug|x64
		{5FEBA812-844E-3444-8851-BE708C9E960D}.Release|x64.ActiveCfg = Release|x64
		{5FEBA812-844E-3444-8851-BE708C9E960D}.Release|x64.Build.0 = Release|x64
		{5FEBA812-844E-3444-8851-BE708C9E960D}.MinSizeRel|x64.ActiveCfg = MinSizeRel|x64
		{5FEBA812-844E-3444-8851-BE708C9E960D}.MinSizeRel|x64.Build.0 = MinSizeRel|x64
		{5FEBA812-844E-3444-8851-BE708C9E960D}.RelWithDebInfo|x64.ActiveCfg = RelWithDebInfo|x64
		{5FEBA812-844E-3444-8851-BE708C9E960D}.RelWithDebInfo|x64.Build.0 = RelWithDebInfo|x64
		{F47C3E31-AF97-3EF0-927F-CB72F88A8B89}.Debug|x64.ActiveCfg = Debug|x64
		{F47C3E31-AF97-3EF0-927F-CB72F88A8B89}.Debug|x64.Build.0 = Debug|x64
		{F47C3E31-AF97-3EF0-927F-CB72F88A8B89}.Release|x64.ActiveCfg = Release|x64
		{F47C3E31-AF97-3EF0-927F-CB72F88A8B89}.Release|x64.Build.0 = Release|x64
		{F47C3E31-AF97-3EF0-927F-CB72F88A8B89}.MinSizeRel|x64.ActiveCfg = MinSizeRel|x64
		{F47C3E31-AF97-3EF0-927F-CB72F88A8B89}.MinSizeRel|x64.Build.0 = MinSizeRel|x64
		{F47C3E31-AF97-3EF0-927F-CB72F88A8B89}.RelWithDebInfo|x64.ActiveCfg = RelWithDebInfo|x64
		{F47C3E31-AF97-3EF0-927F-CB72F88A8B89}.RelWithDebInfo|x64.Build.0 = RelWithDebInfo|x64
		{9CB34C90-8E6B-3375-9AEC-46A2202AA1A4}.Debug|x64.ActiveCfg = Debug|x64
		{9CB34C90-8E6B-3375-9AEC-46A2202AA1A4}.Debug|x64.Build.0 = Debug|x64
		{9CB34C90-8E6B-3375-9AEC-46A2202AA1A4}.Release|x64.ActiveCfg = Release|x64
		{9CB34C90-8E6B-3375-9AEC-46A2202AA1A4}.Release|x64.Build.0 = Release|x64
		{9CB34C90-8E6B-3375-9AEC-46A2202AA1A4}.MinSizeRel|x64.ActiveCfg = MinSizeRel|x64
		{9CB34C90-8E6B-3375-9AEC-46A2202AA1A4}.MinSizeRel|x64.Build.0 = MinSizeRel|x64
		{9CB34C90-8E6B-3375-9AEC-46A2202AA1A4}.RelWithDebInfo|x64.ActiveCfg = RelWithDebInfo|x64
		{9CB34C90-8E6B-3375-9AEC-46A2202AA1A4}.RelWithDebInfo|x64.Build.0 = RelWithDebInfo|x64
		{9468311C-49A3-30B0-AC7F-85D0CEA89E0F}.Debug|x64.ActiveCfg = Debug|x64
		{9468311C-49A3-30B0-AC7F-85D0CEA89E0F}.Debug|x64.Build.0 = Debug|x64
		{9468311C-49A3-30B0-AC7F-85D0CEA89E0F}.Release|x64.ActiveCfg = Release|x64
		{9468311C-49A3-30B0-AC7F-85D0CEA89E0F}.Release|x64.Build.0 = Release|x64
		{9468311C-49A3-30B0-AC7F-85D0CEA89E0F}.MinSizeRel|x64.ActiveCfg = MinSizeRel|x64
		{9468311C-49A3-30B0-AC7F-85D0CEA89E0F}.MinSizeRel|x64.Build.0 = MinSizeRel|x64
		{9468311C-49A3-30B0-AC7F-85D0CEA89E0F}.RelWithDebInfo|x64.ActiveCfg = RelWithDebInfo|x64
		{9468311C-49A3-30B0-AC7F-85D0CEA89E0F}.RelWithDebInfo|x64.Build.0 = RelWithDebInfo|x64
		{85131597-CAD5-36DC-B7D4-E3CDF654B2D4}.Debug|x64.ActiveCfg = Debug|x64
		{85131597-CAD5-36DC-B7D4-E3CDF654B2D4}.Debug|x64.Build.0 = Debug|x64
		{85131597-CAD5-36DC-B7D4-E3CDF654B2D4}.Release|x64.ActiveCfg = Release|x64
		{85131597-CAD5-36DC-B7D4-E3CDF654B2D4}.Release|x64.Build.0 = Release|x64
		{85131597-CAD5-36DC-B7D4-E3CDF654B2D4}.MinSizeRel|x64.ActiveCfg = MinSizeRel|x64
		{85131597-CAD5-36DC-B7D4-E3CDF654B2D4}.MinSizeRel|x64.Build.0 = MinSizeRel|x64
		{85131597-CAD5-36DC-B7D4-E3CDF654B2D4}.RelWithDebInfo|x64.ActiveCfg = RelWithDebInfo|x64
		{85131597-CAD5-36DC-B7D4-E3CDF654B2D4}.RelWithDebInfo|x64.Build.0 = RelWithDebInfo|x64
		{763E605B-03B3-30B5-835A-0F49CF29BF99}.Debug|x64.ActiveCfg = Debug|x64
		{763E605B-03B3-30B5-835A-0F49CF29BF99}.Debug|x64.Build.0 = Debug|x64
		{763E605B-03B3-30B5-835A-0F49CF29BF99}.Release|x64.ActiveCfg = Release|x64
		{763E605B-03B3-30B5-835A-0F49CF29BF99}.Release|x64.Build.0 = Release|x64
		{763E605B-03B3-30B5-835A-0F49CF29BF99}.MinSizeRel|x64.ActiveCfg = MinSizeRel|x64
		{763E605B-03B3-30B5-835A-0F49CF29BF99}.MinSizeRel|x64.Build.0 = MinSizeRel|x64
		{763E605B-03B3-30B5-835A-0F49CF29BF99}.RelWithDebInfo|x64.ActiveCfg = RelWithDebInfo|x64
		{763E605B-03B3-30B5-835A-0F49CF29BF99}.RelWithDebInfo|x64.Build.0 = RelWithDebInfo|x64
		{04C4D5EF-D949-3630-AE67-8DB1B6ED9314}.Debug|x64.ActiveCfg = Debug|x64
		{04C4D5EF-D949-3630-AE67-8DB1B6ED9314}.Debug|x64.Build.0 = Debug|x64
		{04C4D5EF-D949-3630-AE67-8DB1B6ED9314}.Release|x64.ActiveCfg = Release|x64
		{04C4D5EF-D949-3630-AE67-8DB1B6ED9314}.Release|x64.Build.0 = Release|x64
		{04C4D5EF-D949-3630-AE67-8DB1B6ED9314}.MinSizeRel|x64.ActiveCfg = MinSizeRel|x64
		{04C4D5EF-D949-3630-AE67-8DB1B6ED9314}.MinSizeRel|x64.Build.0 = MinSizeRel|x64
		{04C4D5EF-D949-3630-AE67-8DB1B6ED9314}.RelWithDebInfo|x64.ActiveCfg = RelWithDebInfo|x64
		{04C4D5EF-D949-3630-AE67-8DB1B6ED9314}.RelWithDebInfo|x64.Build.0 = RelWithDebInfo|x64
		{7550F3F9-3875-3D7A-AC62-84F284C5B19D}.Debug|x64.ActiveCfg = Debug|x64
		{7550F3F9-3875-3D7A-AC62-84F284C5B19D}.Debug|x64.Build.0 = Debug|x64
		{7550F3F9-3875-3D7A-AC62-84F284C5B19D}.Release|x64.ActiveCfg = Release|x64
		{7550F3F9-3875-3D7A-AC62-84F284C5B19D}.Release|x64.Build.0 = Release|x64
		{7550F3F9-3875-3D7A-AC62-84F284C5B19D}.MinSizeRel|x64.ActiveCfg = MinSizeRel|x64
		{7550F3F9-3875-3D7A-AC62-84F284C5B19D}.MinSizeRel|x64.Build.0 = MinSizeRel|x64
		{7550F3F9-3875-3D7A-AC62-84F284C5B19D}.RelWithDebInfo|x64.ActiveCfg = RelWithDebInfo|x64
		{7550F3F9-3875-3D7A-AC62-84F284C5B19D}.RelWithDebInfo|x64.Build.0 = RelWithDebInfo|x64
		{DB9F357F-8FCC-31FE-BCB0-529ECB8AA885}.Debug|x64.ActiveCfg = Debug|x64
		{DB9F357F-8FCC-31FE-BCB0-529ECB8AA885}.Debug|x64.Build.0 = Debug|x64
		{DB9F357F-8FCC-31FE-BCB0-529ECB8AA885}.Release|x64.ActiveCfg = Release|x64
		{DB9F357F-8FCC-31FE-BCB0-529ECB8AA885}.Release|x64.Build.0 = Release|x64
		{DB9F357F-8FCC-31FE-BCB0-529ECB8AA885}.MinSizeRel|x64.ActiveCfg = MinSizeRel|x64
		{DB9F357F-8FCC-31FE-BCB0-529ECB8AA885}.MinSizeRel|x64.Build.0 = MinSizeRel|x64
		{DB9F357F-8FCC-31FE-BCB0-529ECB8AA885}.RelWithDebInfo|x64.ActiveCfg = RelWithDebInfo|x64
		{DB9F357F-8FCC-31FE-BCB0-529ECB8AA885}.RelWithDebInfo|x64.Build.0 = RelWithDebInfo|x64
		{CDC83007-B57A-30CE-8E25-6B3CB5561AA9}.Debug|x64.ActiveCfg = Debug|x64
		{CDC83007-B57A-30CE-8E25-6B3CB5561AA9}.Debug|x64.Build.0 = Debug|x64
		{CDC83007-B57A-30CE-8E25-6B3CB5561AA9}.Release|x64.ActiveCfg = Release|x64
		{CDC83007-B57A-30CE-8E25-6B3CB5561AA9}.Release|x64.Build.0 = Release|x64
		{CDC83007-B57A-30CE-8E25-6B3CB5561AA9}.MinSizeRel|x64.ActiveCfg = MinSizeRel|x64
		{CDC83007-B57A-30CE-8E25-6B3CB5561AA9}.MinSizeRel|x64.Build.0 = MinSizeRel|x64
		{CDC83007-B57A-30CE-8E25-6B3CB5561AA9}.RelWithDebInfo|x64.ActiveCfg = RelWithDebInfo|x64
		{CDC83007-B57A-30CE-8E25-6B3CB5561AA9}.RelWithDebInfo|x64.Build.0 = RelWithDebInfo|x64
		{8B4818C2-C566-3106-9947-7D309B98F897}.Debug|x64.ActiveCfg = Debug|x64
		{8B4818C2-C566-3106-9947-7D309B98F897}.Debug|x64.Build.0 = Debug|x64
		{8B4818C2-C566-3106-9947-7D309B98F897}.Release|x64.ActiveCfg = Release|x64
		{8B4818C2-C566-3106-9947-7D309B98F897}.Release|x64.Build.0 = Release|x64
		{8B4818C2-C566-3106-9947-7D309B98F897}.MinSizeRel|x64.ActiveCfg = MinSizeRel|x64
		{8B4818C2-C566-3106-9947-7D309B98F897}.MinSizeRel|x64.Build.0 = MinSizeRel|x64
		{8B4818C2-C566-3106-9947-7D309B98F897}.RelWithDebInfo|x64.ActiveCfg = RelWithDebInfo|x64
		{8B4818C2-C566-3106-9947-7D309B98F897}.RelWithDebInfo|x64.Build.0 = RelWithDebInfo|x64
		{CF9D0D21-62AC-30D2-B422-23FA90275A0C}.Debug|x64.ActiveCfg = Debug|x64
		{CF9D0D21-62AC-30D2-B422-23FA90275A0C}.Debug|x64.Build.0 = Debug|x64
		{CF9D0D21-62AC-30D2-B422-23FA90275A0C}.Release|x64.ActiveCfg = Release|x64
		{CF9D0D21-62AC-30D2-B422-23FA90275A0C}.Release|x64.Build.0 = Release|x64
		{CF9D0D21-62AC-30D2-B422-23FA90275A0C}.MinSizeRel|x64.ActiveCfg = MinSizeRel|x64
		{CF9D0D21-62AC-30D2-B422-23FA90275A0C}.MinSizeRel|x64.Build.0 = MinSizeRel|x64
		{CF9D0D21-62AC-30D2-B422-23FA90275A0C}.RelWithDebInfo|x64.ActiveCfg = RelWithDebInfo|x64
		{CF9D0D21-62AC-30D2-B422-23FA90275A0C}.RelWithDebInfo|x64.Build.0 = RelWithDebInfo|x64
		{1A064EC4-96FB-389F-8730-EC8380F12888}.Debug|x64.ActiveCfg = Debug|x64
		{1A064EC4-96FB-389F-8730-EC8380F12888}.Debug|x64.Build.0 = Debug|x64
		{1A064EC4-96FB-389F-8730-EC8380F12888}.Release|x64.ActiveCfg = Release|x64
		{1A064EC4-96FB-389F-8730-EC8380F12888}.Release|x64.Build.0 = Release|x64
		{1A064EC4-96FB-389F-8730-EC8380F12888}.MinSizeRel|x64.ActiveCfg = MinSizeRel|x64
		{1A064EC4-96FB-389F-8730-EC8380F12888}.MinSizeRel|x64.Build.0 = MinSizeRel|x64
		{1A064EC4-96FB-389F-8730-EC8380F12888}.RelWithDebInfo|x64.ActiveCfg = RelWithDebInfo|x64
		{1A064EC4-96FB-389F-8730-EC8380F12888}.RelWithDebInfo|x64.Build.0 = RelWithDebInfo|x64
		{6DF03EBF-5CF1-338C-928F-799B22ADA46A}.Debug|x64.ActiveCfg = Debug|x64
		{6DF03EBF-5CF1-338C-928F-799B22ADA46A}.Debug|x64.Build.0 = Debug|x64
		{6DF03EBF-5CF1-338C-928F-799B22ADA46A}.Release|x64.ActiveCfg = Release|x64
		{6DF03EBF-5CF1-338C-928F-799B22ADA46A}.Release|x64.Build.0 = Release|x64
		{6DF03EBF-5CF1-338C-928F-799B22ADA46A}.MinSizeRel|x64.ActiveCfg = MinSizeRel|x64
		{6DF03EBF-5CF1-338C-928F-799B22ADA46A}.MinSizeRel|x64.Build.0 = MinSizeRel|x64
		{6DF03EBF-5CF1-338C-928F-799B22ADA46A}.RelWithDebInfo|x64.ActiveCfg = RelWithDebInfo|x64
		{6DF03EBF-5CF1-338C-928F-799B22ADA46A}.RelWithDebInfo|x64.Build.0 = RelWithDebInfo|x64
	EndGlobalSection
	GlobalSection(ExtensibilityGlobals) = postSolution
		SolutionGuid = {94BEF947-DF53-3983-8B2B-66A76904D990}
	EndGlobalSection
	GlobalSection(ExtensibilityAddIns) = postSolution
	EndGlobalSection
EndGlobal
