<?xml version="1.0" encoding="utf-8"?>
<Project ToolsVersion="17.0" xmlns="http://schemas.microsoft.com/developer/msbuild/2003">
  <ItemGroup>
    <CustomBuild Include="C:\Users\PC\NexusFlow\build_observability_http\CMakeFiles\8d65a7ff21302a7b751d1c1480490bdb\generate.stamp.rule">
      <Filter>CMake Rules</Filter>
    </CustomBuild>
  </ItemGroup>
  <ItemGroup>
    <Filter Include="CMake Rules">
      <UniqueIdentifier>{C683753A-F8FA-37C5-98C1-70BED95E2466}</UniqueIdentifier>
    </Filter>
  </ItemGroup>
</Project>
