<?xml version="1.0" encoding="utf-8"?>
<Project ToolsVersion="17.0" xmlns="http://schemas.microsoft.com/developer/msbuild/2003">
  <ItemGroup>
    <ClCompile Include="C:\Users\PC\NexusFlow\api\grpc\nexusflow_grpc_service.cpp">
      <Filter>Source Files</Filter>
    </ClCompile>
    <ClCompile Include="C:\Users\PC\NexusFlow\api\grpc\nexusflow_grpc_server.cpp">
      <Filter>Source Files</Filter>
    </ClCompile>
    <ClCompile Include="C:\Users\PC\NexusFlow\core\processor\integrated_adaptive_pipeline.cpp">
      <Filter>Source Files</Filter>
    </ClCompile>
    <ClCompile Include="C:\Users\PC\NexusFlow\core\event\event.cpp">
      <Filter>Source Files</Filter>
    </ClCompile>
    <ClCompile Include="C:\Users\PC\NexusFlow\core\processor\event_processor.cpp">
      <Filter>Source Files</Filter>
    </ClCompile>
    <ClCompile Include="C:\Users\PC\NexusFlow\core\scheduler\scheduler_v2.cpp">
      <Filter>Source Files</Filter>
    </ClCompile>
    <ClCompile Include="C:\Users\PC\NexusFlow\core\scheduler\runtime_scheduler.cpp">
      <Filter>Source Files</Filter>
    </ClCompile>
    <ClCompile Include="C:\Users\PC\NexusFlow\core\workers\adaptive_worker_pool.cpp">
      <Filter>Source Files</Filter>
    </ClCompile>
  </ItemGroup>
  <ItemGroup>
    <CustomBuild Include="C:\Users\PC\NexusFlow\api\grpc\CMakeLists.txt" />
  </ItemGroup>
  <ItemGroup>
    <Filter Include="Source Files">
      <UniqueIdentifier>{E811D3ED-7E9C-3B71-9A4F-34D3A18588CC}</UniqueIdentifier>
    </Filter>
  </ItemGroup>
</Project>
