<?xml version="1.0" encoding="utf-8"?>
<Project ToolsVersion="17.0" xmlns="http://schemas.microsoft.com/developer/msbuild/2003">
  <ItemGroup>
    <CustomBuild Include="C:\Users\PC\NexusFlow\build_runtime_observability\CMakeFiles\d61c8c0724532c64260d829ffd59f05e\RUN_TESTS_force.rule">
      <Filter>CMake Rules</Filter>
    </CustomBuild>
  </ItemGroup>
  <ItemGroup>
    <Filter Include="CMake Rules">
      <UniqueIdentifier>{BBE2477A-7B86-34F3-BF51-1DF8441A2F81}</UniqueIdentifier>
    </Filter>
  </ItemGroup>
</Project>
