<?xml version="1.0" encoding="utf-8"?>
<Project ToolsVersion="17.0" xmlns="http://schemas.microsoft.com/developer/msbuild/2003">
  <ItemGroup>
    <CustomBuild Include="C:\Users\PC\NexusFlow\build_release_clean\CMakeFiles\88bb61227a16e09778e943a768e6151c\RUN_TESTS_force.rule">
      <Filter>CMake Rules</Filter>
    </CustomBuild>
  </ItemGroup>
  <ItemGroup>
    <Filter Include="CMake Rules">
      <UniqueIdentifier>{2415C486-244F-3C91-B9F1-82CA2722312C}</UniqueIdentifier>
    </Filter>
  </ItemGroup>
</Project>
