
Microsoft Visual Studio Solution File, Format Version 12.00
# Visual Studio Version 17
Project("{8BC9CEB8-8B4A-11D0-8D11-00A0C91BC942}") = "ALL_BUILD", "ALL_BUILD.vcxproj", "{BF1C1FDA-DE7E-3B79-BE98-BB4C0C33CC03}"
	ProjectSection(ProjectDependencies) = postProject
		{2D89EA9B-FE25-3617-B75C-6D0B0D685182} = {2D89EA9B-FE25-3617-B75C-6D0B0D685182}
		{879E4FA7-930B-30BE-8B71-568D1F1EAC41} = {879E4FA7-930B-30BE-8B71-568D1F1EAC41}
		{5F484674-4363-3725-AB4F-57F05CFE6174} = {5F484674-4363-3725-AB4F-57F05CFE6174}
		{EE47E99B-D492-3E4F-8F23-8495F2C60C5E} = {EE47E99B-D492-3E4F-8F23-8495F2C60C5E}
		{D85D1438-1B10-39CB-9EC9-E38E4DD924D7} = {D85D1438-1B10-39CB-9EC9-E38E4DD924D7}
		{C16837CD-CB86-3AA7-9462-D1CE6F3F9872} = {C16837CD-CB86-3AA7-9462-D1CE6F3F9872}
		{60E604B2-91C7-3015-94B0-CB4AFF995602} = {60E604B2-91C7-3015-94B0-CB4AFF995602}
		{8EF5D451-6F8A-3F65-908F-B6893ABB69D3} = {8EF5D451-6F8A-3F65-908F-B6893ABB69D3}
		{E7B6BFE2-40F7-38E9-B967-00739818C99E} = {E7B6BFE2-40F7-38E9-B967-00739818C99E}
		{FDFEC961-52E2-3760-AAF3-0248288E5E04} = {FDFEC961-52E2-3760-AAF3-0248288E5E04}
		{299792D3-EA71-3039-8D34-B0E22C81E4B4} = {299792D3-EA71-3039-8D34-B0E22C81E4B4}
		{CFD6B99C-735D-3E44-A30D-D6216BEE3106} = {CFD6B99C-735D-3E44-A30D-D6216BEE3106}
		{D26B7544-2398-39D9-9205-2C2010080E2C} = {D26B7544-2398-39D9-9205-2C2010080E2C}
		{7B0C934C-9547-38E2-AA8E-2DF27280C482} = {7B0C934C-9547-38E2-AA8E-2DF27280C482}
		{3C730A9D-E1B0-3F5C-B867-B14AB469F87D} = {3C730A9D-E1B0-3F5C-B867-B14AB469F87D}
		{5A02E4A4-48A2-318E-907D-DBB7608DE03E} = {5A02E4A4-48A2-318E-907D-DBB7608DE03E}
		{BDF1C5F4-0C39-3C28-9588-443D7432F182} = {BDF1C5F4-0C39-3C28-9588-443D7432F182}
		{28FEB27F-E970-33C1-9972-76B7B9ECD60C} = {28FEB27F-E970-33C1-9972-76B7B9ECD60C}
		{9618E089-1D80-3175-92AF-0C1023CCB1CA} = {9618E089-1D80-3175-92AF-0C1023CCB1CA}
		{A61B4B1C-EACA-3542-8A01-B8DD2216EF1F} = {A61B4B1C-EACA-3542-8A01-B8DD2216EF1F}
		{2E69D1EC-0A87-3255-85E3-14453313EA90} = {2E69D1EC-0A87-3255-85E3-14453313EA90}
		{57428190-B2AF-39D2-9CB6-4BA05D60B61B} = {57428190-B2AF-39D2-9CB6-4BA05D60B61B}
		{DF9608E6-B2AF-3E50-A05D-66212174E4E8} = {DF9608E6-B2AF-3E50-A05D-66212174E4E8}
		{3D34F6A6-1F38-3147-B1C2-06AFF5AC3457} = {3D34F6A6-1F38-3147-B1C2-06AFF5AC3457}
		{DD97E0BE-3EE2-330B-B45B-14C4A6CE345D} = {DD97E0BE-3EE2-330B-B45B-14C4A6CE345D}
		{AC472FE0-A28E-35C8-BA26-6134BE308D93} = {AC472FE0-A28E-35C8-BA26-6134BE308D93}
		{FEFE43B3-BE50-3C47-AFCF-1625A0E10E37} = {FEFE43B3-BE50-3C47-AFCF-1625A0E10E37}
		{AFF99AEB-7FBC-3E16-8D5B-31FDF15BCB4E} = {AFF99AEB-7FBC-3E16-8D5B-31FDF15BCB4E}
		{2799904A-C810-304A-9425-6F9B4D07EF71} = {2799904A-C810-304A-9425-6F9B4D07EF71}
		{34665A88-349B-3818-864E-65B74CAD3AA2} = {34665A88-349B-3818-864E-65B74CAD3AA2}
		{23ECEB40-0EAB-32BA-B51A-A44E1C26E3F4} = {23ECEB40-0EAB-32BA-B51A-A44E1C26E3F4}
		{77C4CF98-B81F-3A2D-AC5D-BDC40EC4F37F} = {77C4CF98-B81F-3A2D-AC5D-BDC40EC4F37F}
		{5988C18E-E969-38FF-B1F3-ADCF5DB647C5} = {5988C18E-E969-38FF-B1F3-ADCF5DB647C5}
		{8EA905D0-5796-3D9A-B1E3-D051ED1FBFAA} = {8EA905D0-5796-3D9A-B1E3-D051ED1FBFAA}
		{2E41E5B0-7B3B-3163-9D7B-A2295AB95AF1} = {2E41E5B0-7B3B-3163-9D7B-A2295AB95AF1}
		{C1141D0E-3B23-3E9B-A255-95A66CDB761B} = {C1141D0E-3B23-3E9B-A255-95A66CDB761B}
		{056B64DF-0C8A-38F9-B7F1-012EA2E4AA6A} = {056B64DF-0C8A-38F9-B7F1-012EA2E4AA6A}
		{32CA7C80-1FF1-3F09-A5AD-031C3DC15F9B} = {32CA7C80-1FF1-3F09-A5AD-031C3DC15F9B}
		{8DCD0C62-BBF9-38ED-8B7D-18B741D0E96F} = {8DCD0C62-BBF9-38ED-8B7D-18B741D0E96F}
		{400C9581-FB6C-3B2A-93A2-1CD343D8AADD} = {400C9581-FB6C-3B2A-93A2-1CD343D8AADD}
		{62AC3CD0-290C-3C84-94A1-731733670262} = {62AC3CD0-290C-3C84-94A1-731733670262}
		{A47E27F5-AC0D-3CEE-A341-0AE4D1E0812D} = {A47E27F5-AC0D-3CEE-A341-0AE4D1E0812D}
		{EB7C08FB-40D0-3E14-99E0-F260C9451B77} = {EB7C08FB-40D0-3E14-99E0-F260C9451B77}
		{433D142A-CEAD-32EE-A6E2-1ED703675E29} = {433D142A-CEAD-32EE-A6E2-1ED703675E29}
		{E70FBC3E-3952-3DA1-AE88-5575C11243A9} = {E70FBC3E-3952-3DA1-AE88-5575C11243A9}
		{5DA37B46-4873-3B79-884E-8A6EF2C08BCC} = {5DA37B46-4873-3B79-884E-8A6EF2C08BCC}
		{89BD1294-EA9A-3CE9-AD69-6ED6D32DBFFF} = {89BD1294-EA9A-3CE9-AD69-6ED6D32DBFFF}
		{70A84F58-1FBB-3F23-BF37-61E80A753896} = {70A84F58-1FBB-3F23-BF37-61E80A753896}
		{180E301A-CA52-3939-9780-7C2EF0778AD7} = {180E301A-CA52-3939-9780-7C2EF0778AD7}
		{8063143F-D68C-3C79-863E-2C7D68D607A0} = {8063143F-D68C-3C79-863E-2C7D68D607A0}
		{267A660F-A22E-3138-8850-819C833D4629} = {267A660F-A22E-3138-8850-819C833D4629}
		{D7BF9AD0-ED7D-32B6-BECB-30A7498D37C5} = {D7BF9AD0-ED7D-32B6-BECB-30A7498D37C5}
		{146542FB-8BAB-3D08-BD97-A9A1C3B0299F} = {146542FB-8BAB-3D08-BD97-A9A1C3B0299F}
		{D3BFE3D1-952D-3081-B670-6B2D0ABB2CBC} = {D3BFE3D1-952D-3081-B670-6B2D0ABB2CBC}
	EndProjectSection
EndProject
Project("{8BC9CEB8-8B4A-11D0-8D11-00A0C91BC942}") = "Continuous", "Continuous.vcxproj", "{DDC67E0A-914A-3392-8AE3-79BE8C9DF47B}"
	ProjectSection(ProjectDependencies) = postProject
		{2D89EA9B-FE25-3617-B75C-6D0B0D685182} = {2D89EA9B-FE25-3617-B75C-6D0B0D685182}
	EndProjectSection
EndProject
Project("{8BC9CEB8-8B4A-11D0-8D11-00A0C91BC942}") = "Experimental", "Experimental.vcxproj", "{A623AA59-5B7E-3157-A0D9-C971E0253ED2}"
	ProjectSection(ProjectDependencies) = postProject
		{2D89EA9B-FE25-3617-B75C-6D0B0D685182} = {2D89EA9B-FE25-3617-B75C-6D0B0D685182}
	EndProjectSection
EndProject
Project("{8BC9CEB8-8B4A-11D0-8D11-00A0C91BC942}") = "Nightly", "Nightly.vcxproj", "{5515C68F-564F-33CB-B719-D51ADB843C8F}"
	ProjectSection(ProjectDependencies) = postProject
		{2D89EA9B-FE25-3617-B75C-6D0B0D685182} = {2D89EA9B-FE25-3617-B75C-6D0B0D685182}
	EndProjectSection
EndProject
Project("{8BC9CEB8-8B4A-11D0-8D11-00A0C91BC942}") = "NightlyMemoryCheck", "NightlyMemoryCheck.vcxproj", "{5D94967D-31B1-3781-9327-37F8B6E72241}"
	ProjectSection(ProjectDependencies) = postProject
		{2D89EA9B-FE25-3617-B75C-6D0B0D685182} = {2D89EA9B-FE25-3617-B75C-6D0B0D685182}
	EndProjectSection
EndProject
Project("{8BC9CEB8-8B4A-11D0-8D11-00A0C91BC942}") = "RUN_TESTS", "RUN_TESTS.vcxproj", "{A011106E-2045-3C41-A8A8-ACC7F61A3766}"
	ProjectSection(ProjectDependencies) = postProject
		{2D89EA9B-FE25-3617-B75C-6D0B0D685182} = {2D89EA9B-FE25-3617-B75C-6D0B0D685182}
	EndProjectSection
EndProject
Project("{8BC9CEB8-8B4A-11D0-8D11-00A0C91BC942}") = "ZERO_CHECK", "ZERO_CHECK.vcxproj", "{2D89EA9B-FE25-3617-B75C-6D0B0D685182}"
	ProjectSection(ProjectDependencies) = postProject
	EndProjectSection
EndProject
Project("{8BC9CEB8-8B4A-11D0-8D11-00A0C91BC942}") = "adaptive_capacity_sweep_benchmark", "adaptive_capacity_sweep_benchmark.vcxproj", "{879E4FA7-930B-30BE-8B71-568D1F1EAC41}"
	ProjectSection(ProjectDependencies) = postProject
		{2D89EA9B-FE25-3617-B75C-6D0B0D685182} = {2D89EA9B-FE25-3617-B75C-6D0B0D685182}
	EndProjectSection
EndProject
Project("{8BC9CEB8-8B4A-11D0-8D11-00A0C91BC942}") = "adaptive_event_pipeline_benchmark", "adaptive_event_pipeline_benchmark.vcxproj", "{5F484674-4363-3725-AB4F-57F05CFE6174}"
	ProjectSection(ProjectDependencies) = postProject
		{2D89EA9B-FE25-3617-B75C-6D0B0D685182} = {2D89EA9B-FE25-3617-B75C-6D0B0D685182}
	EndProjectSection
EndProject
Project("{8BC9CEB8-8B4A-11D0-8D11-00A0C91BC942}") = "adaptive_execution_benchmark", "adaptive_execution_benchmark.vcxproj", "{EE47E99B-D492-3E4F-8F23-8495F2C60C5E}"
	ProjectSection(ProjectDependencies) = postProject
		{2D89EA9B-FE25-3617-B75C-6D0B0D685182} = {2D89EA9B-FE25-3617-B75C-6D0B0D685182}
	EndProjectSection
EndProject
Project("{8BC9CEB8-8B4A-11D0-8D11-00A0C91BC942}") = "adaptive_vs_fixed_benchmark", "adaptive_vs_fixed_benchmark.vcxproj", "{D85D1438-1B10-39CB-9EC9-E38E4DD924D7}"
	ProjectSection(ProjectDependencies) = postProject
		{2D89EA9B-FE25-3617-B75C-6D0B0D685182} = {2D89EA9B-FE25-3617-B75C-6D0B0D685182}
	EndProjectSection
EndProject
Project("{8BC9CEB8-8B4A-11D0-8D11-00A0C91BC942}") = "adaptive_worker_integration_benchmark", "adaptive_worker_integration_benchmark.vcxproj", "{C16837CD-CB86-3AA7-9462-D1CE6F3F9872}"
	ProjectSection(ProjectDependencies) = postProject
		{2D89EA9B-FE25-3617-B75C-6D0B0D685182} = {2D89EA9B-FE25-3617-B75C-6D0B0D685182}
	EndProjectSection
EndProject
Project("{8BC9CEB8-8B4A-11D0-8D11-00A0C91BC942}") = "backpressure_benchmark", "backpressure_benchmark.vcxproj", "{60E604B2-91C7-3015-94B0-CB4AFF995602}"
	ProjectSection(ProjectDependencies) = postProject
		{2D89EA9B-FE25-3617-B75C-6D0B0D685182} = {2D89EA9B-FE25-3617-B75C-6D0B0D685182}
	EndProjectSection
EndProject
Project("{8BC9CEB8-8B4A-11D0-8D11-00A0C91BC942}") = "backpressure_stress_benchmark", "backpressure_stress_benchmark.vcxproj", "{8EF5D451-6F8A-3F65-908F-B6893ABB69D3}"
	ProjectSection(ProjectDependencies) = postProject
		{2D89EA9B-FE25-3617-B75C-6D0B0D685182} = {2D89EA9B-FE25-3617-B75C-6D0B0D685182}
	EndProjectSection
EndProject
Project("{8BC9CEB8-8B4A-11D0-8D11-00A0C91BC942}") = "comparative_scheduler_benchmark", "comparative_scheduler_benchmark.vcxproj", "{E7B6BFE2-40F7-38E9-B967-00739818C99E}"
	ProjectSection(ProjectDependencies) = postProject
		{2D89EA9B-FE25-3617-B75C-6D0B0D685182} = {2D89EA9B-FE25-3617-B75C-6D0B0D685182}
	EndProjectSection
EndProject
Project("{8BC9CEB8-8B4A-11D0-8D11-00A0C91BC942}") = "controlled_adaptive_workload_benchmark", "controlled_adaptive_workload_benchmark.vcxproj", "{FDFEC961-52E2-3760-AAF3-0248288E5E04}"
	ProjectSection(ProjectDependencies) = postProject
		{2D89EA9B-FE25-3617-B75C-6D0B0D685182} = {2D89EA9B-FE25-3617-B75C-6D0B0D685182}
	EndProjectSection
EndProject
Project("{8BC9CEB8-8B4A-11D0-8D11-00A0C91BC942}") = "controlled_workload_benchmark", "controlled_workload_benchmark.vcxproj", "{299792D3-EA71-3039-8D34-B0E22C81E4B4}"
	ProjectSection(ProjectDependencies) = postProject
		{2D89EA9B-FE25-3617-B75C-6D0B0D685182} = {2D89EA9B-FE25-3617-B75C-6D0B0D685182}
	EndProjectSection
EndProject
Project("{8BC9CEB8-8B4A-11D0-8D11-00A0C91BC942}") = "end_to_end_latency_test", "end_to_end_latency_test.vcxproj", "{CFD6B99C-735D-3E44-A30D-D6216BEE3106}"
	ProjectSection(ProjectDependencies) = postProject
		{2D89EA9B-FE25-3617-B75C-6D0B0D685182} = {2D89EA9B-FE25-3617-B75C-6D0B0D685182}
	EndProjectSection
EndProject
Project("{8BC9CEB8-8B4A-11D0-8D11-00A0C91BC942}") = "end_to_end_threshold_benchmark", "end_to_end_threshold_benchmark.vcxproj", "{D26B7544-2398-39D9-9205-2C2010080E2C}"
	ProjectSection(ProjectDependencies) = postProject
		{2D89EA9B-FE25-3617-B75C-6D0B0D685182} = {2D89EA9B-FE25-3617-B75C-6D0B0D685182}
	EndProjectSection
EndProject
Project("{8BC9CEB8-8B4A-11D0-8D11-00A0C91BC942}") = "event_protocol_test", "networking\protocol\event_protocol_test.vcxproj", "{7B0C934C-9547-38E2-AA8E-2DF27280C482}"
	ProjectSection(ProjectDependencies) = postProject
		{2D89EA9B-FE25-3617-B75C-6D0B0D685182} = {2D89EA9B-FE25-3617-B75C-6D0B0D685182}
		{A61B4B1C-EACA-3542-8A01-B8DD2216EF1F} = {A61B4B1C-EACA-3542-8A01-B8DD2216EF1F}
	EndProjectSection
EndProject
Project("{8BC9CEB8-8B4A-11D0-8D11-00A0C91BC942}") = "event_replay_benchmark", "event_replay_benchmark.vcxproj", "{3C730A9D-E1B0-3F5C-B867-B14AB469F87D}"
	ProjectSection(ProjectDependencies) = postProject
		{2D89EA9B-FE25-3617-B75C-6D0B0D685182} = {2D89EA9B-FE25-3617-B75C-6D0B0D685182}
	EndProjectSection
EndProject
Project("{8BC9CEB8-8B4A-11D0-8D11-00A0C91BC942}") = "fault_recovery_benchmark", "fault_recovery_benchmark.vcxproj", "{5A02E4A4-48A2-318E-907D-DBB7608DE03E}"
	ProjectSection(ProjectDependencies) = postProject
		{2D89EA9B-FE25-3617-B75C-6D0B0D685182} = {2D89EA9B-FE25-3617-B75C-6D0B0D685182}
	EndProjectSection
EndProject
Project("{8BC9CEB8-8B4A-11D0-8D11-00A0C91BC942}") = "grpc_core_pipeline_test", "api\grpc\grpc_core_pipeline_test.vcxproj", "{BDF1C5F4-0C39-3C28-9588-443D7432F182}"
	ProjectSection(ProjectDependencies) = postProject
		{2D89EA9B-FE25-3617-B75C-6D0B0D685182} = {2D89EA9B-FE25-3617-B75C-6D0B0D685182}
		{2E69D1EC-0A87-3255-85E3-14453313EA90} = {2E69D1EC-0A87-3255-85E3-14453313EA90}
		{57428190-B2AF-39D2-9CB6-4BA05D60B61B} = {57428190-B2AF-39D2-9CB6-4BA05D60B61B}
	EndProjectSection
EndProject
Project("{8BC9CEB8-8B4A-11D0-8D11-00A0C91BC942}") = "grpc_transport_test", "api\grpc\grpc_transport_test.vcxproj", "{28FEB27F-E970-33C1-9972-76B7B9ECD60C}"
	ProjectSection(ProjectDependencies) = postProject
		{2D89EA9B-FE25-3617-B75C-6D0B0D685182} = {2D89EA9B-FE25-3617-B75C-6D0B0D685182}
		{2E69D1EC-0A87-3255-85E3-14453313EA90} = {2E69D1EC-0A87-3255-85E3-14453313EA90}
		{57428190-B2AF-39D2-9CB6-4BA05D60B61B} = {57428190-B2AF-39D2-9CB6-4BA05D60B61B}
	EndProjectSection
EndProject
Project("{8BC9CEB8-8B4A-11D0-8D11-00A0C91BC942}") = "latency_under_load_benchmark", "latency_under_load_benchmark.vcxproj", "{9618E089-1D80-3175-92AF-0C1023CCB1CA}"
	ProjectSection(ProjectDependencies) = postProject
		{2D89EA9B-FE25-3617-B75C-6D0B0D685182} = {2D89EA9B-FE25-3617-B75C-6D0B0D685182}
	EndProjectSection
EndProject
Project("{8BC9CEB8-8B4A-11D0-8D11-00A0C91BC942}") = "nexusflow_event_protocol", "networking\protocol\nexusflow_event_protocol.vcxproj", "{A61B4B1C-EACA-3542-8A01-B8DD2216EF1F}"
	ProjectSection(ProjectDependencies) = postProject
		{2D89EA9B-FE25-3617-B75C-6D0B0D685182} = {2D89EA9B-FE25-3617-B75C-6D0B0D685182}
	EndProjectSection
EndProject
Project("{8BC9CEB8-8B4A-11D0-8D11-00A0C91BC942}") = "nexusflow_grpc_generated", "api\grpc\nexusflow_grpc_generated.vcxproj", "{2E69D1EC-0A87-3255-85E3-14453313EA90}"
	ProjectSection(ProjectDependencies) = postProject
		{2D89EA9B-FE25-3617-B75C-6D0B0D685182} = {2D89EA9B-FE25-3617-B75C-6D0B0D685182}
	EndProjectSection
EndProject
Project("{8BC9CEB8-8B4A-11D0-8D11-00A0C91BC942}") = "nexusflow_grpc_service", "api\grpc\nexusflow_grpc_service.vcxproj", "{57428190-B2AF-39D2-9CB6-4BA05D60B61B}"
	ProjectSection(ProjectDependencies) = postProject
		{2D89EA9B-FE25-3617-B75C-6D0B0D685182} = {2D89EA9B-FE25-3617-B75C-6D0B0D685182}
		{2E69D1EC-0A87-3255-85E3-14453313EA90} = {2E69D1EC-0A87-3255-85E3-14453313EA90}
	EndProjectSection
EndProject
Project("{8BC9CEB8-8B4A-11D0-8D11-00A0C91BC942}") = "nexusflow_postgres", "storage\postgres\nexusflow_postgres.vcxproj", "{DF9608E6-B2AF-3E50-A05D-66212174E4E8}"
	ProjectSection(ProjectDependencies) = postProject
		{2D89EA9B-FE25-3617-B75C-6D0B0D685182} = {2D89EA9B-FE25-3617-B75C-6D0B0D685182}
	EndProjectSection
EndProject
Project("{8BC9CEB8-8B4A-11D0-8D11-00A0C91BC942}") = "nexusflow_redis", "storage\redis\nexusflow_redis.vcxproj", "{3D34F6A6-1F38-3147-B1C2-06AFF5AC3457}"
	ProjectSection(ProjectDependencies) = postProject
		{2D89EA9B-FE25-3617-B75C-6D0B0D685182} = {2D89EA9B-FE25-3617-B75C-6D0B0D685182}
	EndProjectSection
EndProject
Project("{8BC9CEB8-8B4A-11D0-8D11-00A0C91BC942}") = "nexusflow_tcp_pipeline_bridge", "networking\bridge\nexusflow_tcp_pipeline_bridge.vcxproj", "{DD97E0BE-3EE2-330B-B45B-14C4A6CE345D}"
	ProjectSection(ProjectDependencies) = postProject
		{2D89EA9B-FE25-3617-B75C-6D0B0D685182} = {2D89EA9B-FE25-3617-B75C-6D0B0D685182}
		{A61B4B1C-EACA-3542-8A01-B8DD2216EF1F} = {A61B4B1C-EACA-3542-8A01-B8DD2216EF1F}
	EndProjectSection
EndProject
Project("{8BC9CEB8-8B4A-11D0-8D11-00A0C91BC942}") = "nexusflow_tcp_stream", "networking\tcp\nexusflow_tcp_stream.vcxproj", "{AC472FE0-A28E-35C8-BA26-6134BE308D93}"
	ProjectSection(ProjectDependencies) = postProject
		{2D89EA9B-FE25-3617-B75C-6D0B0D685182} = {2D89EA9B-FE25-3617-B75C-6D0B0D685182}
		{A61B4B1C-EACA-3542-8A01-B8DD2216EF1F} = {A61B4B1C-EACA-3542-8A01-B8DD2216EF1F}
		{DD97E0BE-3EE2-330B-B45B-14C4A6CE345D} = {DD97E0BE-3EE2-330B-B45B-14C4A6CE345D}
	EndProjectSection
EndProject
Project("{8BC9CEB8-8B4A-11D0-8D11-00A0C91BC942}") = "persistent_worker_pool_benchmark", "persistent_worker_pool_benchmark.vcxproj", "{FEFE43B3-BE50-3C47-AFCF-1625A0E10E37}"
	ProjectSection(ProjectDependencies) = postProject
		{2D89EA9B-FE25-3617-B75C-6D0B0D685182} = {2D89EA9B-FE25-3617-B75C-6D0B0D685182}
	EndProjectSection
EndProject
Project("{8BC9CEB8-8B4A-11D0-8D11-00A0C91BC942}") = "postgres_store_test", "storage\postgres\postgres_store_test.vcxproj", "{AFF99AEB-7FBC-3E16-8D5B-31FDF15BCB4E}"
	ProjectSection(ProjectDependencies) = postProject
		{2D89EA9B-FE25-3617-B75C-6D0B0D685182} = {2D89EA9B-FE25-3617-B75C-6D0B0D685182}
		{DF9608E6-B2AF-3E50-A05D-66212174E4E8} = {DF9608E6-B2AF-3E50-A05D-66212174E4E8}
	EndProjectSection
EndProject
Project("{8BC9CEB8-8B4A-11D0-8D11-00A0C91BC942}") = "priority_adaptive_pipeline_benchmark", "priority_adaptive_pipeline_benchmark.vcxproj", "{2799904A-C810-304A-9425-6F9B4D07EF71}"
	ProjectSection(ProjectDependencies) = postProject
		{2D89EA9B-FE25-3617-B75C-6D0B0D685182} = {2D89EA9B-FE25-3617-B75C-6D0B0D685182}
	EndProjectSection
EndProject
Project("{8BC9CEB8-8B4A-11D0-8D11-00A0C91BC942}") = "priority_event_queue_benchmark", "priority_event_queue_benchmark.vcxproj", "{34665A88-349B-3818-864E-65B74CAD3AA2}"
	ProjectSection(ProjectDependencies) = postProject
		{2D89EA9B-FE25-3617-B75C-6D0B0D685182} = {2D89EA9B-FE25-3617-B75C-6D0B0D685182}
	EndProjectSection
EndProject
Project("{8BC9CEB8-8B4A-11D0-8D11-00A0C91BC942}") = "priority_latency_benchmark", "priority_latency_benchmark.vcxproj", "{23ECEB40-0EAB-32BA-B51A-A44E1C26E3F4}"
	ProjectSection(ProjectDependencies) = postProject
		{2D89EA9B-FE25-3617-B75C-6D0B0D685182} = {2D89EA9B-FE25-3617-B75C-6D0B0D685182}
	EndProjectSection
EndProject
Project("{8BC9CEB8-8B4A-11D0-8D11-00A0C91BC942}") = "priority_scheduler_benchmark", "priority_scheduler_benchmark.vcxproj", "{77C4CF98-B81F-3A2D-AC5D-BDC40EC4F37F}"
	ProjectSection(ProjectDependencies) = postProject
		{2D89EA9B-FE25-3617-B75C-6D0B0D685182} = {2D89EA9B-FE25-3617-B75C-6D0B0D685182}
	EndProjectSection
EndProject
Project("{8BC9CEB8-8B4A-11D0-8D11-00A0C91BC942}") = "queue_comparison_benchmark", "queue_comparison_benchmark.vcxproj", "{5988C18E-E969-38FF-B1F3-ADCF5DB647C5}"
	ProjectSection(ProjectDependencies) = postProject
		{2D89EA9B-FE25-3617-B75C-6D0B0D685182} = {2D89EA9B-FE25-3617-B75C-6D0B0D685182}
	EndProjectSection
EndProject
Project("{8BC9CEB8-8B4A-11D0-8D11-00A0C91BC942}") = "queue_latency_experiment", "queue_latency_experiment.vcxproj", "{8EA905D0-5796-3D9A-B1E3-D051ED1FBFAA}"
	ProjectSection(ProjectDependencies) = postProject
		{2D89EA9B-FE25-3617-B75C-6D0B0D685182} = {2D89EA9B-FE25-3617-B75C-6D0B0D685182}
	EndProjectSection
EndProject
Project("{8BC9CEB8-8B4A-11D0-8D11-00A0C91BC942}") = "real_dataset_benchmark_matrix", "real_dataset_benchmark_matrix.vcxproj", "{2E41E5B0-7B3B-3163-9D7B-A2295AB95AF1}"
	ProjectSection(ProjectDependencies) = postProject
		{2D89EA9B-FE25-3617-B75C-6D0B0D685182} = {2D89EA9B-FE25-3617-B75C-6D0B0D685182}
	EndProjectSection
EndProject
Project("{8BC9CEB8-8B4A-11D0-8D11-00A0C91BC942}") = "real_dataset_repeated_benchmark", "real_dataset_repeated_benchmark.vcxproj", "{C1141D0E-3B23-3E9B-A255-95A66CDB761B}"
	ProjectSection(ProjectDependencies) = postProject
		{2D89EA9B-FE25-3617-B75C-6D0B0D685182} = {2D89EA9B-FE25-3617-B75C-6D0B0D685182}
	EndProjectSection
EndProject
Project("{8BC9CEB8-8B4A-11D0-8D11-00A0C91BC942}") = "real_dataset_replay_benchmark", "real_dataset_replay_benchmark.vcxproj", "{056B64DF-0C8A-38F9-B7F1-012EA2E4AA6A}"
	ProjectSection(ProjectDependencies) = postProject
		{2D89EA9B-FE25-3617-B75C-6D0B0D685182} = {2D89EA9B-FE25-3617-B75C-6D0B0D685182}
	EndProjectSection
EndProject
Project("{8BC9CEB8-8B4A-11D0-8D11-00A0C91BC942}") = "real_end_to_end_benchmark", "real_end_to_end_benchmark.vcxproj", "{32CA7C80-1FF1-3F09-A5AD-031C3DC15F9B}"
	ProjectSection(ProjectDependencies) = postProject
		{2D89EA9B-FE25-3617-B75C-6D0B0D685182} = {2D89EA9B-FE25-3617-B75C-6D0B0D685182}
	EndProjectSection
EndProject
Project("{8BC9CEB8-8B4A-11D0-8D11-00A0C91BC942}") = "redis_store_test", "storage\redis\redis_store_test.vcxproj", "{8DCD0C62-BBF9-38ED-8B7D-18B741D0E96F}"
	ProjectSection(ProjectDependencies) = postProject
		{2D89EA9B-FE25-3617-B75C-6D0B0D685182} = {2D89EA9B-FE25-3617-B75C-6D0B0D685182}
		{3D34F6A6-1F38-3147-B1C2-06AFF5AC3457} = {3D34F6A6-1F38-3147-B1C2-06AFF5AC3457}
	EndProjectSection
EndProject
Project("{8BC9CEB8-8B4A-11D0-8D11-00A0C91BC942}") = "resource_utilization_benchmark", "resource_utilization_benchmark.vcxproj", "{400C9581-FB6C-3B2A-93A2-1CD343D8AADD}"
	ProjectSection(ProjectDependencies) = postProject
		{2D89EA9B-FE25-3617-B75C-6D0B0D685182} = {2D89EA9B-FE25-3617-B75C-6D0B0D685182}
	EndProjectSection
EndProject
Project("{8BC9CEB8-8B4A-11D0-8D11-00A0C91BC942}") = "runtime_scheduler_benchmark", "runtime_scheduler_benchmark.vcxproj", "{62AC3CD0-290C-3C84-94A1-731733670262}"
	ProjectSection(ProjectDependencies) = postProject
		{2D89EA9B-FE25-3617-B75C-6D0B0D685182} = {2D89EA9B-FE25-3617-B75C-6D0B0D685182}
	EndProjectSection
EndProject
Project("{8BC9CEB8-8B4A-11D0-8D11-00A0C91BC942}") = "saturation_sweep_benchmark", "saturation_sweep_benchmark.vcxproj", "{A47E27F5-AC0D-3CEE-A341-0AE4D1E0812D}"
	ProjectSection(ProjectDependencies) = postProject
		{2D89EA9B-FE25-3617-B75C-6D0B0D685182} = {2D89EA9B-FE25-3617-B75C-6D0B0D685182}
	EndProjectSection
EndProject
Project("{8BC9CEB8-8B4A-11D0-8D11-00A0C91BC942}") = "scheduler_benchmark", "scheduler_benchmark.vcxproj", "{EB7C08FB-40D0-3E14-99E0-F260C9451B77}"
	ProjectSection(ProjectDependencies) = postProject
		{2D89EA9B-FE25-3617-B75C-6D0B0D685182} = {2D89EA9B-FE25-3617-B75C-6D0B0D685182}
	EndProjectSection
EndProject
Project("{8BC9CEB8-8B4A-11D0-8D11-00A0C91BC942}") = "scheduler_integration_benchmark", "scheduler_integration_benchmark.vcxproj", "{433D142A-CEAD-32EE-A6E2-1ED703675E29}"
	ProjectSection(ProjectDependencies) = postProject
		{2D89EA9B-FE25-3617-B75C-6D0B0D685182} = {2D89EA9B-FE25-3617-B75C-6D0B0D685182}
	EndProjectSection
EndProject
Project("{8BC9CEB8-8B4A-11D0-8D11-00A0C91BC942}") = "scheduler_threshold_benchmark", "scheduler_threshold_benchmark.vcxproj", "{E70FBC3E-3952-3DA1-AE88-5575C11243A9}"
	ProjectSection(ProjectDependencies) = postProject
		{2D89EA9B-FE25-3617-B75C-6D0B0D685182} = {2D89EA9B-FE25-3617-B75C-6D0B0D685182}
	EndProjectSection
EndProject
Project("{8BC9CEB8-8B4A-11D0-8D11-00A0C91BC942}") = "scheduler_v2_arrival_scaling_test", "scheduler_v2_arrival_scaling_test.vcxproj", "{5DA37B46-4873-3B79-884E-8A6EF2C08BCC}"
	ProjectSection(ProjectDependencies) = postProject
		{2D89EA9B-FE25-3617-B75C-6D0B0D685182} = {2D89EA9B-FE25-3617-B75C-6D0B0D685182}
	EndProjectSection
EndProject
Project("{8BC9CEB8-8B4A-11D0-8D11-00A0C91BC942}") = "scheduler_v2_compile_test", "scheduler_v2_compile_test.vcxproj", "{89BD1294-EA9A-3CE9-AD69-6ED6D32DBFFF}"
	ProjectSection(ProjectDependencies) = postProject
		{2D89EA9B-FE25-3617-B75C-6D0B0D685182} = {2D89EA9B-FE25-3617-B75C-6D0B0D685182}
	EndProjectSection
EndProject
Project("{8BC9CEB8-8B4A-11D0-8D11-00A0C91BC942}") = "scheduler_v2_control_test", "scheduler_v2_control_test.vcxproj", "{70A84F58-1FBB-3F23-BF37-61E80A753896}"
	ProjectSection(ProjectDependencies) = postProject
		{2D89EA9B-FE25-3617-B75C-6D0B0D685182} = {2D89EA9B-FE25-3617-B75C-6D0B0D685182}
	EndProjectSection
EndProject
Project("{8BC9CEB8-8B4A-11D0-8D11-00A0C91BC942}") = "tcp_adaptive_pipeline_test", "networking\bridge\tcp_adaptive_pipeline_test.vcxproj", "{180E301A-CA52-3939-9780-7C2EF0778AD7}"
	ProjectSection(ProjectDependencies) = postProject
		{2D89EA9B-FE25-3617-B75C-6D0B0D685182} = {2D89EA9B-FE25-3617-B75C-6D0B0D685182}
		{A61B4B1C-EACA-3542-8A01-B8DD2216EF1F} = {A61B4B1C-EACA-3542-8A01-B8DD2216EF1F}
		{DD97E0BE-3EE2-330B-B45B-14C4A6CE345D} = {DD97E0BE-3EE2-330B-B45B-14C4A6CE345D}
	EndProjectSection
EndProject
Project("{8BC9CEB8-8B4A-11D0-8D11-00A0C91BC942}") = "tcp_core_pipeline_test", "networking\bridge\tcp_core_pipeline_test.vcxproj", "{8063143F-D68C-3C79-863E-2C7D68D607A0}"
	ProjectSection(ProjectDependencies) = postProject
		{2D89EA9B-FE25-3617-B75C-6D0B0D685182} = {2D89EA9B-FE25-3617-B75C-6D0B0D685182}
		{A61B4B1C-EACA-3542-8A01-B8DD2216EF1F} = {A61B4B1C-EACA-3542-8A01-B8DD2216EF1F}
		{DD97E0BE-3EE2-330B-B45B-14C4A6CE345D} = {DD97E0BE-3EE2-330B-B45B-14C4A6CE345D}
	EndProjectSection
EndProject
Project("{8BC9CEB8-8B4A-11D0-8D11-00A0C91BC942}") = "tcp_persistent_server_test", "networking\tcp\tcp_persistent_server_test.vcxproj", "{267A660F-A22E-3138-8850-819C833D4629}"
	ProjectSection(ProjectDependencies) = postProject
		{2D89EA9B-FE25-3617-B75C-6D0B0D685182} = {2D89EA9B-FE25-3617-B75C-6D0B0D685182}
		{A61B4B1C-EACA-3542-8A01-B8DD2216EF1F} = {A61B4B1C-EACA-3542-8A01-B8DD2216EF1F}
		{DD97E0BE-3EE2-330B-B45B-14C4A6CE345D} = {DD97E0BE-3EE2-330B-B45B-14C4A6CE345D}
		{AC472FE0-A28E-35C8-BA26-6134BE308D93} = {AC472FE0-A28E-35C8-BA26-6134BE308D93}
	EndProjectSection
EndProject
Project("{8BC9CEB8-8B4A-11D0-8D11-00A0C91BC942}") = "tcp_persistent_stream_test", "networking\tcp\tcp_persistent_stream_test.vcxproj", "{D7BF9AD0-ED7D-32B6-BECB-30A7498D37C5}"
	ProjectSection(ProjectDependencies) = postProject
		{2D89EA9B-FE25-3617-B75C-6D0B0D685182} = {2D89EA9B-FE25-3617-B75C-6D0B0D685182}
		{A61B4B1C-EACA-3542-8A01-B8DD2216EF1F} = {A61B4B1C-EACA-3542-8A01-B8DD2216EF1F}
		{DD97E0BE-3EE2-330B-B45B-14C4A6CE345D} = {DD97E0BE-3EE2-330B-B45B-14C4A6CE345D}
		{AC472FE0-A28E-35C8-BA26-6134BE308D93} = {AC472FE0-A28E-35C8-BA26-6134BE308D93}
	EndProjectSection
EndProject
Project("{8BC9CEB8-8B4A-11D0-8D11-00A0C91BC942}") = "tcp_pipeline_bridge_test", "networking\bridge\tcp_pipeline_bridge_test.vcxproj", "{146542FB-8BAB-3D08-BD97-A9A1C3B0299F}"
	ProjectSection(ProjectDependencies) = postProject
		{2D89EA9B-FE25-3617-B75C-6D0B0D685182} = {2D89EA9B-FE25-3617-B75C-6D0B0D685182}
		{A61B4B1C-EACA-3542-8A01-B8DD2216EF1F} = {A61B4B1C-EACA-3542-8A01-B8DD2216EF1F}
		{DD97E0BE-3EE2-330B-B45B-14C4A6CE345D} = {DD97E0BE-3EE2-330B-B45B-14C4A6CE345D}
	EndProjectSection
EndProject
Project("{8BC9CEB8-8B4A-11D0-8D11-00A0C91BC942}") = "tcp_stream_robustness_test", "networking\tcp\tcp_stream_robustness_test.vcxproj", "{D3BFE3D1-952D-3081-B670-6B2D0ABB2CBC}"
	ProjectSection(ProjectDependencies) = postProject
		{2D89EA9B-FE25-3617-B75C-6D0B0D685182} = {2D89EA9B-FE25-3617-B75C-6D0B0D685182}
		{A61B4B1C-EACA-3542-8A01-B8DD2216EF1F} = {A61B4B1C-EACA-3542-8A01-B8DD2216EF1F}
		{DD97E0BE-3EE2-330B-B45B-14C4A6CE345D} = {DD97E0BE-3EE2-330B-B45B-14C4A6CE345D}
		{AC472FE0-A28E-35C8-BA26-6134BE308D93} = {AC472FE0-A28E-35C8-BA26-6134BE308D93}
	EndProjectSection
EndProject
Global
	GlobalSection(SolutionConfigurationPlatforms) = preSolution
		Debug|x64 = Debug|x64
		Release|x64 = Release|x64
		MinSizeRel|x64 = MinSizeRel|x64
		RelWithDebInfo|x64 = RelWithDebInfo|x64
	EndGlobalSection
	GlobalSection(ProjectConfigurationPlatforms) = postSolution
		{BF1C1FDA-DE7E-3B79-BE98-BB4C0C33CC03}.Debug|x64.ActiveCfg = Debug|x64
		{BF1C1FDA-DE7E-3B79-BE98-BB4C0C33CC03}.Release|x64.ActiveCfg = Release|x64
		{BF1C1FDA-DE7E-3B79-BE98-BB4C0C33CC03}.MinSizeRel|x64.ActiveCfg = MinSizeRel|x64
		{BF1C1FDA-DE7E-3B79-BE98-BB4C0C33CC03}.RelWithDebInfo|x64.ActiveCfg = RelWithDebInfo|x64
		{DDC67E0A-914A-3392-8AE3-79BE8C9DF47B}.Debug|x64.ActiveCfg = Debug|x64
		{DDC67E0A-914A-3392-8AE3-79BE8C9DF47B}.Release|x64.ActiveCfg = Release|x64
		{DDC67E0A-914A-3392-8AE3-79BE8C9DF47B}.MinSizeRel|x64.ActiveCfg = MinSizeRel|x64
		{DDC67E0A-914A-3392-8AE3-79BE8C9DF47B}.RelWithDebInfo|x64.ActiveCfg = RelWithDebInfo|x64
		{A623AA59-5B7E-3157-A0D9-C971E0253ED2}.Debug|x64.ActiveCfg = Debug|x64
		{A623AA59-5B7E-3157-A0D9-C971E0253ED2}.Release|x64.ActiveCfg = Release|x64
		{A623AA59-5B7E-3157-A0D9-C971E0253ED2}.MinSizeRel|x64.ActiveCfg = MinSizeRel|x64
		{A623AA59-5B7E-3157-A0D9-C971E0253ED2}.RelWithDebInfo|x64.ActiveCfg = RelWithDebInfo|x64
		{5515C68F-564F-33CB-B719-D51ADB843C8F}.Debug|x64.ActiveCfg = Debug|x64
		{5515C68F-564F-33CB-B719-D51ADB843C8F}.Release|x64.ActiveCfg = Release|x64
		{5515C68F-564F-33CB-B719-D51ADB843C8F}.MinSizeRel|x64.ActiveCfg = MinSizeRel|x64
		{5515C68F-564F-33CB-B719-D51ADB843C8F}.RelWithDebInfo|x64.ActiveCfg = RelWithDebInfo|x64
		{5D94967D-31B1-3781-9327-37F8B6E72241}.Debug|x64.ActiveCfg = Debug|x64
		{5D94967D-31B1-3781-9327-37F8B6E72241}.Release|x64.ActiveCfg = Release|x64
		{5D94967D-31B1-3781-9327-37F8B6E72241}.MinSizeRel|x64.ActiveCfg = MinSizeRel|x64
		{5D94967D-31B1-3781-9327-37F8B6E72241}.RelWithDebInfo|x64.ActiveCfg = RelWithDebInfo|x64
		{A011106E-2045-3C41-A8A8-ACC7F61A3766}.Debug|x64.ActiveCfg = Debug|x64
		{A011106E-2045-3C41-A8A8-ACC7F61A3766}.Release|x64.ActiveCfg = Release|x64
		{A011106E-2045-3C41-A8A8-ACC7F61A3766}.MinSizeRel|x64.ActiveCfg = MinSizeRel|x64
		{A011106E-2045-3C41-A8A8-ACC7F61A3766}.RelWithDebInfo|x64.ActiveCfg = RelWithDebInfo|x64
		{2D89EA9B-FE25-3617-B75C-6D0B0D685182}.Debug|x64.ActiveCfg = Debug|x64
		{2D89EA9B-FE25-3617-B75C-6D0B0D685182}.Debug|x64.Build.0 = Debug|x64
		{2D89EA9B-FE25-3617-B75C-6D0B0D685182}.Release|x64.ActiveCfg = Release|x64
		{2D89EA9B-FE25-3617-B75C-6D0B0D685182}.Release|x64.Build.0 = Release|x64
		{2D89EA9B-FE25-3617-B75C-6D0B0D685182}.MinSizeRel|x64.ActiveCfg = MinSizeRel|x64
		{2D89EA9B-FE25-3617-B75C-6D0B0D685182}.MinSizeRel|x64.Build.0 = MinSizeRel|x64
		{2D89EA9B-FE25-3617-B75C-6D0B0D685182}.RelWithDebInfo|x64.ActiveCfg = RelWithDebInfo|x64
		{2D89EA9B-FE25-3617-B75C-6D0B0D685182}.RelWithDebInfo|x64.Build.0 = RelWithDebInfo|x64
		{879E4FA7-930B-30BE-8B71-568D1F1EAC41}.Debug|x64.ActiveCfg = Debug|x64
		{879E4FA7-930B-30BE-8B71-568D1F1EAC41}.Debug|x64.Build.0 = Debug|x64
		{879E4FA7-930B-30BE-8B71-568D1F1EAC41}.Release|x64.ActiveCfg = Release|x64
		{879E4FA7-930B-30BE-8B71-568D1F1EAC41}.Release|x64.Build.0 = Release|x64
		{879E4FA7-930B-30BE-8B71-568D1F1EAC41}.MinSizeRel|x64.ActiveCfg = MinSizeRel|x64
		{879E4FA7-930B-30BE-8B71-568D1F1EAC41}.MinSizeRel|x64.Build.0 = MinSizeRel|x64
		{879E4FA7-930B-30BE-8B71-568D1F1EAC41}.RelWithDebInfo|x64.ActiveCfg = RelWithDebInfo|x64
		{879E4FA7-930B-30BE-8B71-568D1F1EAC41}.RelWithDebInfo|x64.Build.0 = RelWithDebInfo|x64
		{5F484674-4363-3725-AB4F-57F05CFE6174}.Debug|x64.ActiveCfg = Debug|x64
		{5F484674-4363-3725-AB4F-57F05CFE6174}.Debug|x64.Build.0 = Debug|x64
		{5F484674-4363-3725-AB4F-57F05CFE6174}.Release|x64.ActiveCfg = Release|x64
		{5F484674-4363-3725-AB4F-57F05CFE6174}.Release|x64.Build.0 = Release|x64
		{5F484674-4363-3725-AB4F-57F05CFE6174}.MinSizeRel|x64.ActiveCfg = MinSizeRel|x64
		{5F484674-4363-3725-AB4F-57F05CFE6174}.MinSizeRel|x64.Build.0 = MinSizeRel|x64
		{5F484674-4363-3725-AB4F-57F05CFE6174}.RelWithDebInfo|x64.ActiveCfg = RelWithDebInfo|x64
		{5F484674-4363-3725-AB4F-57F05CFE6174}.RelWithDebInfo|x64.Build.0 = RelWithDebInfo|x64
		{EE47E99B-D492-3E4F-8F23-8495F2C60C5E}.Debug|x64.ActiveCfg = Debug|x64
		{EE47E99B-D492-3E4F-8F23-8495F2C60C5E}.Debug|x64.Build.0 = Debug|x64
		{EE47E99B-D492-3E4F-8F23-8495F2C60C5E}.Release|x64.ActiveCfg = Release|x64
		{EE47E99B-D492-3E4F-8F23-8495F2C60C5E}.Release|x64.Build.0 = Release|x64
		{EE47E99B-D492-3E4F-8F23-8495F2C60C5E}.MinSizeRel|x64.ActiveCfg = MinSizeRel|x64
		{EE47E99B-D492-3E4F-8F23-8495F2C60C5E}.MinSizeRel|x64.Build.0 = MinSizeRel|x64
		{EE47E99B-D492-3E4F-8F23-8495F2C60C5E}.RelWithDebInfo|x64.ActiveCfg = RelWithDebInfo|x64
		{EE47E99B-D492-3E4F-8F23-8495F2C60C5E}.RelWithDebInfo|x64.Build.0 = RelWithDebInfo|x64
		{D85D1438-1B10-39CB-9EC9-E38E4DD924D7}.Debug|x64.ActiveCfg = Debug|x64
		{D85D1438-1B10-39CB-9EC9-E38E4DD924D7}.Debug|x64.Build.0 = Debug|x64
		{D85D1438-1B10-39CB-9EC9-E38E4DD924D7}.Release|x64.ActiveCfg = Release|x64
		{D85D1438-1B10-39CB-9EC9-E38E4DD924D7}.Release|x64.Build.0 = Release|x64
		{D85D1438-1B10-39CB-9EC9-E38E4DD924D7}.MinSizeRel|x64.ActiveCfg = MinSizeRel|x64
		{D85D1438-1B10-39CB-9EC9-E38E4DD924D7}.MinSizeRel|x64.Build.0 = MinSizeRel|x64
		{D85D1438-1B10-39CB-9EC9-E38E4DD924D7}.RelWithDebInfo|x64.ActiveCfg = RelWithDebInfo|x64
		{D85D1438-1B10-39CB-9EC9-E38E4DD924D7}.RelWithDebInfo|x64.Build.0 = RelWithDebInfo|x64
		{C16837CD-CB86-3AA7-9462-D1CE6F3F9872}.Debug|x64.ActiveCfg = Debug|x64
		{C16837CD-CB86-3AA7-9462-D1CE6F3F9872}.Debug|x64.Build.0 = Debug|x64
		{C16837CD-CB86-3AA7-9462-D1CE6F3F9872}.Release|x64.ActiveCfg = Release|x64
		{C16837CD-CB86-3AA7-9462-D1CE6F3F9872}.Release|x64.Build.0 = Release|x64
		{C16837CD-CB86-3AA7-9462-D1CE6F3F9872}.MinSizeRel|x64.ActiveCfg = MinSizeRel|x64
		{C16837CD-CB86-3AA7-9462-D1CE6F3F9872}.MinSizeRel|x64.Build.0 = MinSizeRel|x64
		{C16837CD-CB86-3AA7-9462-D1CE6F3F9872}.RelWithDebInfo|x64.ActiveCfg = RelWithDebInfo|x64
		{C16837CD-CB86-3AA7-9462-D1CE6F3F9872}.RelWithDebInfo|x64.Build.0 = RelWithDebInfo|x64
		{60E604B2-91C7-3015-94B0-CB4AFF995602}.Debug|x64.ActiveCfg = Debug|x64
		{60E604B2-91C7-3015-94B0-CB4AFF995602}.Debug|x64.Build.0 = Debug|x64
		{60E604B2-91C7-3015-94B0-CB4AFF995602}.Release|x64.ActiveCfg = Release|x64
		{60E604B2-91C7-3015-94B0-CB4AFF995602}.Release|x64.Build.0 = Release|x64
		{60E604B2-91C7-3015-94B0-CB4AFF995602}.MinSizeRel|x64.ActiveCfg = MinSizeRel|x64
		{60E604B2-91C7-3015-94B0-CB4AFF995602}.MinSizeRel|x64.Build.0 = MinSizeRel|x64
		{60E604B2-91C7-3015-94B0-CB4AFF995602}.RelWithDebInfo|x64.ActiveCfg = RelWithDebInfo|x64
		{60E604B2-91C7-3015-94B0-CB4AFF995602}.RelWithDebInfo|x64.Build.0 = RelWithDebInfo|x64
		{8EF5D451-6F8A-3F65-908F-B6893ABB69D3}.Debug|x64.ActiveCfg = Debug|x64
		{8EF5D451-6F8A-3F65-908F-B6893ABB69D3}.Debug|x64.Build.0 = Debug|x64
		{8EF5D451-6F8A-3F65-908F-B6893ABB69D3}.Release|x64.ActiveCfg = Release|x64
		{8EF5D451-6F8A-3F65-908F-B6893ABB69D3}.Release|x64.Build.0 = Release|x64
		{8EF5D451-6F8A-3F65-908F-B6893ABB69D3}.MinSizeRel|x64.ActiveCfg = MinSizeRel|x64
		{8EF5D451-6F8A-3F65-908F-B6893ABB69D3}.MinSizeRel|x64.Build.0 = MinSizeRel|x64
		{8EF5D451-6F8A-3F65-908F-B6893ABB69D3}.RelWithDebInfo|x64.ActiveCfg = RelWithDebInfo|x64
		{8EF5D451-6F8A-3F65-908F-B6893ABB69D3}.RelWithDebInfo|x64.Build.0 = RelWithDebInfo|x64
		{E7B6BFE2-40F7-38E9-B967-00739818C99E}.Debug|x64.ActiveCfg = Debug|x64
		{E7B6BFE2-40F7-38E9-B967-00739818C99E}.Debug|x64.Build.0 = Debug|x64
		{E7B6BFE2-40F7-38E9-B967-00739818C99E}.Release|x64.ActiveCfg = Release|x64
		{E7B6BFE2-40F7-38E9-B967-00739818C99E}.Release|x64.Build.0 = Release|x64
		{E7B6BFE2-40F7-38E9-B967-00739818C99E}.MinSizeRel|x64.ActiveCfg = MinSizeRel|x64
		{E7B6BFE2-40F7-38E9-B967-00739818C99E}.MinSizeRel|x64.Build.0 = MinSizeRel|x64
		{E7B6BFE2-40F7-38E9-B967-00739818C99E}.RelWithDebInfo|x64.ActiveCfg = RelWithDebInfo|x64
		{E7B6BFE2-40F7-38E9-B967-00739818C99E}.RelWithDebInfo|x64.Build.0 = RelWithDebInfo|x64
		{FDFEC961-52E2-3760-AAF3-0248288E5E04}.Debug|x64.ActiveCfg = Debug|x64
		{FDFEC961-52E2-3760-AAF3-0248288E5E04}.Debug|x64.Build.0 = Debug|x64
		{FDFEC961-52E2-3760-AAF3-0248288E5E04}.Release|x64.ActiveCfg = Release|x64
		{FDFEC961-52E2-3760-AAF3-0248288E5E04}.Release|x64.Build.0 = Release|x64
		{FDFEC961-52E2-3760-AAF3-0248288E5E04}.MinSizeRel|x64.ActiveCfg = MinSizeRel|x64
		{FDFEC961-52E2-3760-AAF3-0248288E5E04}.MinSizeRel|x64.Build.0 = MinSizeRel|x64
		{FDFEC961-52E2-3760-AAF3-0248288E5E04}.RelWithDebInfo|x64.ActiveCfg = RelWithDebInfo|x64
		{FDFEC961-52E2-3760-AAF3-0248288E5E04}.RelWithDebInfo|x64.Build.0 = RelWithDebInfo|x64
		{299792D3-EA71-3039-8D34-B0E22C81E4B4}.Debug|x64.ActiveCfg = Debug|x64
		{299792D3-EA71-3039-8D34-B0E22C81E4B4}.Debug|x64.Build.0 = Debug|x64
		{299792D3-EA71-3039-8D34-B0E22C81E4B4}.Release|x64.ActiveCfg = Release|x64
		{299792D3-EA71-3039-8D34-B0E22C81E4B4}.Release|x64.Build.0 = Release|x64
		{299792D3-EA71-3039-8D34-B0E22C81E4B4}.MinSizeRel|x64.ActiveCfg = MinSizeRel|x64
		{299792D3-EA71-3039-8D34-B0E22C81E4B4}.MinSizeRel|x64.Build.0 = MinSizeRel|x64
		{299792D3-EA71-3039-8D34-B0E22C81E4B4}.RelWithDebInfo|x64.ActiveCfg = RelWithDebInfo|x64
		{299792D3-EA71-3039-8D34-B0E22C81E4B4}.RelWithDebInfo|x64.Build.0 = RelWithDebInfo|x64
		{CFD6B99C-735D-3E44-A30D-D6216BEE3106}.Debug|x64.ActiveCfg = Debug|x64
		{CFD6B99C-735D-3E44-A30D-D6216BEE3106}.Debug|x64.Build.0 = Debug|x64
		{CFD6B99C-735D-3E44-A30D-D6216BEE3106}.Release|x64.ActiveCfg = Release|x64
		{CFD6B99C-735D-3E44-A30D-D6216BEE3106}.Release|x64.Build.0 = Release|x64
		{CFD6B99C-735D-3E44-A30D-D6216BEE3106}.MinSizeRel|x64.ActiveCfg = MinSizeRel|x64
		{CFD6B99C-735D-3E44-A30D-D6216BEE3106}.MinSizeRel|x64.Build.0 = MinSizeRel|x64
		{CFD6B99C-735D-3E44-A30D-D6216BEE3106}.RelWithDebInfo|x64.ActiveCfg = RelWithDebInfo|x64
		{CFD6B99C-735D-3E44-A30D-D6216BEE3106}.RelWithDebInfo|x64.Build.0 = RelWithDebInfo|x64
		{D26B7544-2398-39D9-9205-2C2010080E2C}.Debug|x64.ActiveCfg = Debug|x64
		{D26B7544-2398-39D9-9205-2C2010080E2C}.Debug|x64.Build.0 = Debug|x64
		{D26B7544-2398-39D9-9205-2C2010080E2C}.Release|x64.ActiveCfg = Release|x64
		{D26B7544-2398-39D9-9205-2C2010080E2C}.Release|x64.Build.0 = Release|x64
		{D26B7544-2398-39D9-9205-2C2010080E2C}.MinSizeRel|x64.ActiveCfg = MinSizeRel|x64
		{D26B7544-2398-39D9-9205-2C2010080E2C}.MinSizeRel|x64.Build.0 = MinSizeRel|x64
		{D26B7544-2398-39D9-9205-2C2010080E2C}.RelWithDebInfo|x64.ActiveCfg = RelWithDebInfo|x64
		{D26B7544-2398-39D9-9205-2C2010080E2C}.RelWithDebInfo|x64.Build.0 = RelWithDebInfo|x64
		{7B0C934C-9547-38E2-AA8E-2DF27280C482}.Debug|x64.ActiveCfg = Debug|x64
		{7B0C934C-9547-38E2-AA8E-2DF27280C482}.Debug|x64.Build.0 = Debug|x64
		{7B0C934C-9547-38E2-AA8E-2DF27280C482}.Release|x64.ActiveCfg = Release|x64
		{7B0C934C-9547-38E2-AA8E-2DF27280C482}.Release|x64.Build.0 = Release|x64
		{7B0C934C-9547-38E2-AA8E-2DF27280C482}.MinSizeRel|x64.ActiveCfg = MinSizeRel|x64
		{7B0C934C-9547-38E2-AA8E-2DF27280C482}.MinSizeRel|x64.Build.0 = MinSizeRel|x64
		{7B0C934C-9547-38E2-AA8E-2DF27280C482}.RelWithDebInfo|x64.ActiveCfg = RelWithDebInfo|x64
		{7B0C934C-9547-38E2-AA8E-2DF27280C482}.RelWithDebInfo|x64.Build.0 = RelWithDebInfo|x64
		{3C730A9D-E1B0-3F5C-B867-B14AB469F87D}.Debug|x64.ActiveCfg = Debug|x64
		{3C730A9D-E1B0-3F5C-B867-B14AB469F87D}.Debug|x64.Build.0 = Debug|x64
		{3C730A9D-E1B0-3F5C-B867-B14AB469F87D}.Release|x64.ActiveCfg = Release|x64
		{3C730A9D-E1B0-3F5C-B867-B14AB469F87D}.Release|x64.Build.0 = Release|x64
		{3C730A9D-E1B0-3F5C-B867-B14AB469F87D}.MinSizeRel|x64.ActiveCfg = MinSizeRel|x64
		{3C730A9D-E1B0-3F5C-B867-B14AB469F87D}.MinSizeRel|x64.Build.0 = MinSizeRel|x64
		{3C730A9D-E1B0-3F5C-B867-B14AB469F87D}.RelWithDebInfo|x64.ActiveCfg = RelWithDebInfo|x64
		{3C730A9D-E1B0-3F5C-B867-B14AB469F87D}.RelWithDebInfo|x64.Build.0 = RelWithDebInfo|x64
		{5A02E4A4-48A2-318E-907D-DBB7608DE03E}.Debug|x64.ActiveCfg = Debug|x64
		{5A02E4A4-48A2-318E-907D-DBB7608DE03E}.Debug|x64.Build.0 = Debug|x64
		{5A02E4A4-48A2-318E-907D-DBB7608DE03E}.Release|x64.ActiveCfg = Release|x64
		{5A02E4A4-48A2-318E-907D-DBB7608DE03E}.Release|x64.Build.0 = Release|x64
		{5A02E4A4-48A2-318E-907D-DBB7608DE03E}.MinSizeRel|x64.ActiveCfg = MinSizeRel|x64
		{5A02E4A4-48A2-318E-907D-DBB7608DE03E}.MinSizeRel|x64.Build.0 = MinSizeRel|x64
		{5A02E4A4-48A2-318E-907D-DBB7608DE03E}.RelWithDebInfo|x64.ActiveCfg = RelWithDebInfo|x64
		{5A02E4A4-48A2-318E-907D-DBB7608DE03E}.RelWithDebInfo|x64.Build.0 = RelWithDebInfo|x64
		{BDF1C5F4-0C39-3C28-9588-443D7432F182}.Debug|x64.ActiveCfg = Debug|x64
		{BDF1C5F4-0C39-3C28-9588-443D7432F182}.Debug|x64.Build.0 = Debug|x64
		{BDF1C5F4-0C39-3C28-9588-443D7432F182}.Release|x64.ActiveCfg = Release|x64
		{BDF1C5F4-0C39-3C28-9588-443D7432F182}.Release|x64.Build.0 = Release|x64
		{BDF1C5F4-0C39-3C28-9588-443D7432F182}.MinSizeRel|x64.ActiveCfg = MinSizeRel|x64
		{BDF1C5F4-0C39-3C28-9588-443D7432F182}.MinSizeRel|x64.Build.0 = MinSizeRel|x64
		{BDF1C5F4-0C39-3C28-9588-443D7432F182}.RelWithDebInfo|x64.ActiveCfg = RelWithDebInfo|x64
		{BDF1C5F4-0C39-3C28-9588-443D7432F182}.RelWithDebInfo|x64.Build.0 = RelWithDebInfo|x64
		{28FEB27F-E970-33C1-9972-76B7B9ECD60C}.Debug|x64.ActiveCfg = Debug|x64
		{28FEB27F-E970-33C1-9972-76B7B9ECD60C}.Debug|x64.Build.0 = Debug|x64
		{28FEB27F-E970-33C1-9972-76B7B9ECD60C}.Release|x64.ActiveCfg = Release|x64
		{28FEB27F-E970-33C1-9972-76B7B9ECD60C}.Release|x64.Build.0 = Release|x64
		{28FEB27F-E970-33C1-9972-76B7B9ECD60C}.MinSizeRel|x64.ActiveCfg = MinSizeRel|x64
		{28FEB27F-E970-33C1-9972-76B7B9ECD60C}.MinSizeRel|x64.Build.0 = MinSizeRel|x64
		{28FEB27F-E970-33C1-9972-76B7B9ECD60C}.RelWithDebInfo|x64.ActiveCfg = RelWithDebInfo|x64
		{28FEB27F-E970-33C1-9972-76B7B9ECD60C}.RelWithDebInfo|x64.Build.0 = RelWithDebInfo|x64
		{9618E089-1D80-3175-92AF-0C1023CCB1CA}.Debug|x64.ActiveCfg = Debug|x64
		{9618E089-1D80-3175-92AF-0C1023CCB1CA}.Debug|x64.Build.0 = Debug|x64
		{9618E089-1D80-3175-92AF-0C1023CCB1CA}.Release|x64.ActiveCfg = Release|x64
		{9618E089-1D80-3175-92AF-0C1023CCB1CA}.Release|x64.Build.0 = Release|x64
		{9618E089-1D80-3175-92AF-0C1023CCB1CA}.MinSizeRel|x64.ActiveCfg = MinSizeRel|x64
		{9618E089-1D80-3175-92AF-0C1023CCB1CA}.MinSizeRel|x64.Build.0 = MinSizeRel|x64
		{9618E089-1D80-3175-92AF-0C1023CCB1CA}.RelWithDebInfo|x64.ActiveCfg = RelWithDebInfo|x64
		{9618E089-1D80-3175-92AF-0C1023CCB1CA}.RelWithDebInfo|x64.Build.0 = RelWithDebInfo|x64
		{A61B4B1C-EACA-3542-8A01-B8DD2216EF1F}.Debug|x64.ActiveCfg = Debug|x64
		{A61B4B1C-EACA-3542-8A01-B8DD2216EF1F}.Debug|x64.Build.0 = Debug|x64
		{A61B4B1C-EACA-3542-8A01-B8DD2216EF1F}.Release|x64.ActiveCfg = Release|x64
		{A61B4B1C-EACA-3542-8A01-B8DD2216EF1F}.Release|x64.Build.0 = Release|x64
		{A61B4B1C-EACA-3542-8A01-B8DD2216EF1F}.MinSizeRel|x64.ActiveCfg = MinSizeRel|x64
		{A61B4B1C-EACA-3542-8A01-B8DD2216EF1F}.MinSizeRel|x64.Build.0 = MinSizeRel|x64
		{A61B4B1C-EACA-3542-8A01-B8DD2216EF1F}.RelWithDebInfo|x64.ActiveCfg = RelWithDebInfo|x64
		{A61B4B1C-EACA-3542-8A01-B8DD2216EF1F}.RelWithDebInfo|x64.Build.0 = RelWithDebInfo|x64
		{2E69D1EC-0A87-3255-85E3-14453313EA90}.Debug|x64.ActiveCfg = Debug|x64
		{2E69D1EC-0A87-3255-85E3-14453313EA90}.Debug|x64.Build.0 = Debug|x64
		{2E69D1EC-0A87-3255-85E3-14453313EA90}.Release|x64.ActiveCfg = Release|x64
		{2E69D1EC-0A87-3255-85E3-14453313EA90}.Release|x64.Build.0 = Release|x64
		{2E69D1EC-0A87-3255-85E3-14453313EA90}.MinSizeRel|x64.ActiveCfg = MinSizeRel|x64
		{2E69D1EC-0A87-3255-85E3-14453313EA90}.MinSizeRel|x64.Build.0 = MinSizeRel|x64
		{2E69D1EC-0A87-3255-85E3-14453313EA90}.RelWithDebInfo|x64.ActiveCfg = RelWithDebInfo|x64
		{2E69D1EC-0A87-3255-85E3-14453313EA90}.RelWithDebInfo|x64.Build.0 = RelWithDebInfo|x64
		{57428190-B2AF-39D2-9CB6-4BA05D60B61B}.Debug|x64.ActiveCfg = Debug|x64
		{57428190-B2AF-39D2-9CB6-4BA05D60B61B}.Debug|x64.Build.0 = Debug|x64
		{57428190-B2AF-39D2-9CB6-4BA05D60B61B}.Release|x64.ActiveCfg = Release|x64
		{57428190-B2AF-39D2-9CB6-4BA05D60B61B}.Release|x64.Build.0 = Release|x64
		{57428190-B2AF-39D2-9CB6-4BA05D60B61B}.MinSizeRel|x64.ActiveCfg = MinSizeRel|x64
		{57428190-B2AF-39D2-9CB6-4BA05D60B61B}.MinSizeRel|x64.Build.0 = MinSizeRel|x64
		{57428190-B2AF-39D2-9CB6-4BA05D60B61B}.RelWithDebInfo|x64.ActiveCfg = RelWithDebInfo|x64
		{57428190-B2AF-39D2-9CB6-4BA05D60B61B}.RelWithDebInfo|x64.Build.0 = RelWithDebInfo|x64
		{DF9608E6-B2AF-3E50-A05D-66212174E4E8}.Debug|x64.ActiveCfg = Debug|x64
		{DF9608E6-B2AF-3E50-A05D-66212174E4E8}.Debug|x64.Build.0 = Debug|x64
		{DF9608E6-B2AF-3E50-A05D-66212174E4E8}.Release|x64.ActiveCfg = Release|x64
		{DF9608E6-B2AF-3E50-A05D-66212174E4E8}.Release|x64.Build.0 = Release|x64
		{DF9608E6-B2AF-3E50-A05D-66212174E4E8}.MinSizeRel|x64.ActiveCfg = MinSizeRel|x64
		{DF9608E6-B2AF-3E50-A05D-66212174E4E8}.MinSizeRel|x64.Build.0 = MinSizeRel|x64
		{DF9608E6-B2AF-3E50-A05D-66212174E4E8}.RelWithDebInfo|x64.ActiveCfg = RelWithDebInfo|x64
		{DF9608E6-B2AF-3E50-A05D-66212174E4E8}.RelWithDebInfo|x64.Build.0 = RelWithDebInfo|x64
		{3D34F6A6-1F38-3147-B1C2-06AFF5AC3457}.Debug|x64.ActiveCfg = Debug|x64
		{3D34F6A6-1F38-3147-B1C2-06AFF5AC3457}.Debug|x64.Build.0 = Debug|x64
		{3D34F6A6-1F38-3147-B1C2-06AFF5AC3457}.Release|x64.ActiveCfg = Release|x64
		{3D34F6A6-1F38-3147-B1C2-06AFF5AC3457}.Release|x64.Build.0 = Release|x64
		{3D34F6A6-1F38-3147-B1C2-06AFF5AC3457}.MinSizeRel|x64.ActiveCfg = MinSizeRel|x64
		{3D34F6A6-1F38-3147-B1C2-06AFF5AC3457}.MinSizeRel|x64.Build.0 = MinSizeRel|x64
		{3D34F6A6-1F38-3147-B1C2-06AFF5AC3457}.RelWithDebInfo|x64.ActiveCfg = RelWithDebInfo|x64
		{3D34F6A6-1F38-3147-B1C2-06AFF5AC3457}.RelWithDebInfo|x64.Build.0 = RelWithDebInfo|x64
		{DD97E0BE-3EE2-330B-B45B-14C4A6CE345D}.Debug|x64.ActiveCfg = Debug|x64
		{DD97E0BE-3EE2-330B-B45B-14C4A6CE345D}.Debug|x64.Build.0 = Debug|x64
		{DD97E0BE-3EE2-330B-B45B-14C4A6CE345D}.Release|x64.ActiveCfg = Release|x64
		{DD97E0BE-3EE2-330B-B45B-14C4A6CE345D}.Release|x64.Build.0 = Release|x64
		{DD97E0BE-3EE2-330B-B45B-14C4A6CE345D}.MinSizeRel|x64.ActiveCfg = MinSizeRel|x64
		{DD97E0BE-3EE2-330B-B45B-14C4A6CE345D}.MinSizeRel|x64.Build.0 = MinSizeRel|x64
		{DD97E0BE-3EE2-330B-B45B-14C4A6CE345D}.RelWithDebInfo|x64.ActiveCfg = RelWithDebInfo|x64
		{DD97E0BE-3EE2-330B-B45B-14C4A6CE345D}.RelWithDebInfo|x64.Build.0 = RelWithDebInfo|x64
		{AC472FE0-A28E-35C8-BA26-6134BE308D93}.Debug|x64.ActiveCfg = Debug|x64
		{AC472FE0-A28E-35C8-BA26-6134BE308D93}.Debug|x64.Build.0 = Debug|x64
		{AC472FE0-A28E-35C8-BA26-6134BE308D93}.Release|x64.ActiveCfg = Release|x64
		{AC472FE0-A28E-35C8-BA26-6134BE308D93}.Release|x64.Build.0 = Release|x64
		{AC472FE0-A28E-35C8-BA26-6134BE308D93}.MinSizeRel|x64.ActiveCfg = MinSizeRel|x64
		{AC472FE0-A28E-35C8-BA26-6134BE308D93}.MinSizeRel|x64.Build.0 = MinSizeRel|x64
		{AC472FE0-A28E-35C8-BA26-6134BE308D93}.RelWithDebInfo|x64.ActiveCfg = RelWithDebInfo|x64
		{AC472FE0-A28E-35C8-BA26-6134BE308D93}.RelWithDebInfo|x64.Build.0 = RelWithDebInfo|x64
		{FEFE43B3-BE50-3C47-AFCF-1625A0E10E37}.Debug|x64.ActiveCfg = Debug|x64
		{FEFE43B3-BE50-3C47-AFCF-1625A0E10E37}.Debug|x64.Build.0 = Debug|x64
		{FEFE43B3-BE50-3C47-AFCF-1625A0E10E37}.Release|x64.ActiveCfg = Release|x64
		{FEFE43B3-BE50-3C47-AFCF-1625A0E10E37}.Release|x64.Build.0 = Release|x64
		{FEFE43B3-BE50-3C47-AFCF-1625A0E10E37}.MinSizeRel|x64.ActiveCfg = MinSizeRel|x64
		{FEFE43B3-BE50-3C47-AFCF-1625A0E10E37}.MinSizeRel|x64.Build.0 = MinSizeRel|x64
		{FEFE43B3-BE50-3C47-AFCF-1625A0E10E37}.RelWithDebInfo|x64.ActiveCfg = RelWithDebInfo|x64
		{FEFE43B3-BE50-3C47-AFCF-1625A0E10E37}.RelWithDebInfo|x64.Build.0 = RelWithDebInfo|x64
		{AFF99AEB-7FBC-3E16-8D5B-31FDF15BCB4E}.Debug|x64.ActiveCfg = Debug|x64
		{AFF99AEB-7FBC-3E16-8D5B-31FDF15BCB4E}.Debug|x64.Build.0 = Debug|x64
		{AFF99AEB-7FBC-3E16-8D5B-31FDF15BCB4E}.Release|x64.ActiveCfg = Release|x64
		{AFF99AEB-7FBC-3E16-8D5B-31FDF15BCB4E}.Release|x64.Build.0 = Release|x64
		{AFF99AEB-7FBC-3E16-8D5B-31FDF15BCB4E}.MinSizeRel|x64.ActiveCfg = MinSizeRel|x64
		{AFF99AEB-7FBC-3E16-8D5B-31FDF15BCB4E}.MinSizeRel|x64.Build.0 = MinSizeRel|x64
		{AFF99AEB-7FBC-3E16-8D5B-31FDF15BCB4E}.RelWithDebInfo|x64.ActiveCfg = RelWithDebInfo|x64
		{AFF99AEB-7FBC-3E16-8D5B-31FDF15BCB4E}.RelWithDebInfo|x64.Build.0 = RelWithDebInfo|x64
		{2799904A-C810-304A-9425-6F9B4D07EF71}.Debug|x64.ActiveCfg = Debug|x64
		{2799904A-C810-304A-9425-6F9B4D07EF71}.Debug|x64.Build.0 = Debug|x64
		{2799904A-C810-304A-9425-6F9B4D07EF71}.Release|x64.ActiveCfg = Release|x64
		{2799904A-C810-304A-9425-6F9B4D07EF71}.Release|x64.Build.0 = Release|x64
		{2799904A-C810-304A-9425-6F9B4D07EF71}.MinSizeRel|x64.ActiveCfg = MinSizeRel|x64
		{2799904A-C810-304A-9425-6F9B4D07EF71}.MinSizeRel|x64.Build.0 = MinSizeRel|x64
		{2799904A-C810-304A-9425-6F9B4D07EF71}.RelWithDebInfo|x64.ActiveCfg = RelWithDebInfo|x64
		{2799904A-C810-304A-9425-6F9B4D07EF71}.RelWithDebInfo|x64.Build.0 = RelWithDebInfo|x64
		{34665A88-349B-3818-864E-65B74CAD3AA2}.Debug|x64.ActiveCfg = Debug|x64
		{34665A88-349B-3818-864E-65B74CAD3AA2}.Debug|x64.Build.0 = Debug|x64
		{34665A88-349B-3818-864E-65B74CAD3AA2}.Release|x64.ActiveCfg = Release|x64
		{34665A88-349B-3818-864E-65B74CAD3AA2}.Release|x64.Build.0 = Release|x64
		{34665A88-349B-3818-864E-65B74CAD3AA2}.MinSizeRel|x64.ActiveCfg = MinSizeRel|x64
		{34665A88-349B-3818-864E-65B74CAD3AA2}.MinSizeRel|x64.Build.0 = MinSizeRel|x64
		{34665A88-349B-3818-864E-65B74CAD3AA2}.RelWithDebInfo|x64.ActiveCfg = RelWithDebInfo|x64
		{34665A88-349B-3818-864E-65B74CAD3AA2}.RelWithDebInfo|x64.Build.0 = RelWithDebInfo|x64
		{23ECEB40-0EAB-32BA-B51A-A44E1C26E3F4}.Debug|x64.ActiveCfg = Debug|x64
		{23ECEB40-0EAB-32BA-B51A-A44E1C26E3F4}.Debug|x64.Build.0 = Debug|x64
		{23ECEB40-0EAB-32BA-B51A-A44E1C26E3F4}.Release|x64.ActiveCfg = Release|x64
		{23ECEB40-0EAB-32BA-B51A-A44E1C26E3F4}.Release|x64.Build.0 = Release|x64
		{23ECEB40-0EAB-32BA-B51A-A44E1C26E3F4}.MinSizeRel|x64.ActiveCfg = MinSizeRel|x64
		{23ECEB40-0EAB-32BA-B51A-A44E1C26E3F4}.MinSizeRel|x64.Build.0 = MinSizeRel|x64
		{23ECEB40-0EAB-32BA-B51A-A44E1C26E3F4}.RelWithDebInfo|x64.ActiveCfg = RelWithDebInfo|x64
		{23ECEB40-0EAB-32BA-B51A-A44E1C26E3F4}.RelWithDebInfo|x64.Build.0 = RelWithDebInfo|x64
		{77C4CF98-B81F-3A2D-AC5D-BDC40EC4F37F}.Debug|x64.ActiveCfg = Debug|x64
		{77C4CF98-B81F-3A2D-AC5D-BDC40EC4F37F}.Debug|x64.Build.0 = Debug|x64
		{77C4CF98-B81F-3A2D-AC5D-BDC40EC4F37F}.Release|x64.ActiveCfg = Release|x64
		{77C4CF98-B81F-3A2D-AC5D-BDC40EC4F37F}.Release|x64.Build.0 = Release|x64
		{77C4CF98-B81F-3A2D-AC5D-BDC40EC4F37F}.MinSizeRel|x64.ActiveCfg = MinSizeRel|x64
		{77C4CF98-B81F-3A2D-AC5D-BDC40EC4F37F}.MinSizeRel|x64.Build.0 = MinSizeRel|x64
		{77C4CF98-B81F-3A2D-AC5D-BDC40EC4F37F}.RelWithDebInfo|x64.ActiveCfg = RelWithDebInfo|x64
		{77C4CF98-B81F-3A2D-AC5D-BDC40EC4F37F}.RelWithDebInfo|x64.Build.0 = RelWithDebInfo|x64
		{5988C18E-E969-38FF-B1F3-ADCF5DB647C5}.Debug|x64.ActiveCfg = Debug|x64
		{5988C18E-E969-38FF-B1F3-ADCF5DB647C5}.Debug|x64.Build.0 = Debug|x64
		{5988C18E-E969-38FF-B1F3-ADCF5DB647C5}.Release|x64.ActiveCfg = Release|x64
		{5988C18E-E969-38FF-B1F3-ADCF5DB647C5}.Release|x64.Build.0 = Release|x64
		{5988C18E-E969-38FF-B1F3-ADCF5DB647C5}.MinSizeRel|x64.ActiveCfg = MinSizeRel|x64
		{5988C18E-E969-38FF-B1F3-ADCF5DB647C5}.MinSizeRel|x64.Build.0 = MinSizeRel|x64
		{5988C18E-E969-38FF-B1F3-ADCF5DB647C5}.RelWithDebInfo|x64.ActiveCfg = RelWithDebInfo|x64
		{5988C18E-E969-38FF-B1F3-ADCF5DB647C5}.RelWithDebInfo|x64.Build.0 = RelWithDebInfo|x64
		{8EA905D0-5796-3D9A-B1E3-D051ED1FBFAA}.Debug|x64.ActiveCfg = Debug|x64
		{8EA905D0-5796-3D9A-B1E3-D051ED1FBFAA}.Debug|x64.Build.0 = Debug|x64
		{8EA905D0-5796-3D9A-B1E3-D051ED1FBFAA}.Release|x64.ActiveCfg = Release|x64
		{8EA905D0-5796-3D9A-B1E3-D051ED1FBFAA}.Release|x64.Build.0 = Release|x64
		{8EA905D0-5796-3D9A-B1E3-D051ED1FBFAA}.MinSizeRel|x64.ActiveCfg = MinSizeRel|x64
		{8EA905D0-5796-3D9A-B1E3-D051ED1FBFAA}.MinSizeRel|x64.Build.0 = MinSizeRel|x64
		{8EA905D0-5796-3D9A-B1E3-D051ED1FBFAA}.RelWithDebInfo|x64.ActiveCfg = RelWithDebInfo|x64
		{8EA905D0-5796-3D9A-B1E3-D051ED1FBFAA}.RelWithDebInfo|x64.Build.0 = RelWithDebInfo|x64
		{2E41E5B0-7B3B-3163-9D7B-A2295AB95AF1}.Debug|x64.ActiveCfg = Debug|x64
		{2E41E5B0-7B3B-3163-9D7B-A2295AB95AF1}.Debug|x64.Build.0 = Debug|x64
		{2E41E5B0-7B3B-3163-9D7B-A2295AB95AF1}.Release|x64.ActiveCfg = Release|x64
		{2E41E5B0-7B3B-3163-9D7B-A2295AB95AF1}.Release|x64.Build.0 = Release|x64
		{2E41E5B0-7B3B-3163-9D7B-A2295AB95AF1}.MinSizeRel|x64.ActiveCfg = MinSizeRel|x64
		{2E41E5B0-7B3B-3163-9D7B-A2295AB95AF1}.MinSizeRel|x64.Build.0 = MinSizeRel|x64
		{2E41E5B0-7B3B-3163-9D7B-A2295AB95AF1}.RelWithDebInfo|x64.ActiveCfg = RelWithDebInfo|x64
		{2E41E5B0-7B3B-3163-9D7B-A2295AB95AF1}.RelWithDebInfo|x64.Build.0 = RelWithDebInfo|x64
		{C1141D0E-3B23-3E9B-A255-95A66CDB761B}.Debug|x64.ActiveCfg = Debug|x64
		{C1141D0E-3B23-3E9B-A255-95A66CDB761B}.Debug|x64.Build.0 = Debug|x64
		{C1141D0E-3B23-3E9B-A255-95A66CDB761B}.Release|x64.ActiveCfg = Release|x64
		{C1141D0E-3B23-3E9B-A255-95A66CDB761B}.Release|x64.Build.0 = Release|x64
		{C1141D0E-3B23-3E9B-A255-95A66CDB761B}.MinSizeRel|x64.ActiveCfg = MinSizeRel|x64
		{C1141D0E-3B23-3E9B-A255-95A66CDB761B}.MinSizeRel|x64.Build.0 = MinSizeRel|x64
		{C1141D0E-3B23-3E9B-A255-95A66CDB761B}.RelWithDebInfo|x64.ActiveCfg = RelWithDebInfo|x64
		{C1141D0E-3B23-3E9B-A255-95A66CDB761B}.RelWithDebInfo|x64.Build.0 = RelWithDebInfo|x64
		{056B64DF-0C8A-38F9-B7F1-012EA2E4AA6A}.Debug|x64.ActiveCfg = Debug|x64
		{056B64DF-0C8A-38F9-B7F1-012EA2E4AA6A}.Debug|x64.Build.0 = Debug|x64
		{056B64DF-0C8A-38F9-B7F1-012EA2E4AA6A}.Release|x64.ActiveCfg = Release|x64
		{056B64DF-0C8A-38F9-B7F1-012EA2E4AA6A}.Release|x64.Build.0 = Release|x64
		{056B64DF-0C8A-38F9-B7F1-012EA2E4AA6A}.MinSizeRel|x64.ActiveCfg = MinSizeRel|x64
		{056B64DF-0C8A-38F9-B7F1-012EA2E4AA6A}.MinSizeRel|x64.Build.0 = MinSizeRel|x64
		{056B64DF-0C8A-38F9-B7F1-012EA2E4AA6A}.RelWithDebInfo|x64.ActiveCfg = RelWithDebInfo|x64
		{056B64DF-0C8A-38F9-B7F1-012EA2E4AA6A}.RelWithDebInfo|x64.Build.0 = RelWithDebInfo|x64
		{32CA7C80-1FF1-3F09-A5AD-031C3DC15F9B}.Debug|x64.ActiveCfg = Debug|x64
		{32CA7C80-1FF1-3F09-A5AD-031C3DC15F9B}.Debug|x64.Build.0 = Debug|x64
		{32CA7C80-1FF1-3F09-A5AD-031C3DC15F9B}.Release|x64.ActiveCfg = Release|x64
		{32CA7C80-1FF1-3F09-A5AD-031C3DC15F9B}.Release|x64.Build.0 = Release|x64
		{32CA7C80-1FF1-3F09-A5AD-031C3DC15F9B}.MinSizeRel|x64.ActiveCfg = MinSizeRel|x64
		{32CA7C80-1FF1-3F09-A5AD-031C3DC15F9B}.MinSizeRel|x64.Build.0 = MinSizeRel|x64
		{32CA7C80-1FF1-3F09-A5AD-031C3DC15F9B}.RelWithDebInfo|x64.ActiveCfg = RelWithDebInfo|x64
		{32CA7C80-1FF1-3F09-A5AD-031C3DC15F9B}.RelWithDebInfo|x64.Build.0 = RelWithDebInfo|x64
		{8DCD0C62-BBF9-38ED-8B7D-18B741D0E96F}.Debug|x64.ActiveCfg = Debug|x64
		{8DCD0C62-BBF9-38ED-8B7D-18B741D0E96F}.Debug|x64.Build.0 = Debug|x64
		{8DCD0C62-BBF9-38ED-8B7D-18B741D0E96F}.Release|x64.ActiveCfg = Release|x64
		{8DCD0C62-BBF9-38ED-8B7D-18B741D0E96F}.Release|x64.Build.0 = Release|x64
		{8DCD0C62-BBF9-38ED-8B7D-18B741D0E96F}.MinSizeRel|x64.ActiveCfg = MinSizeRel|x64
		{8DCD0C62-BBF9-38ED-8B7D-18B741D0E96F}.MinSizeRel|x64.Build.0 = MinSizeRel|x64
		{8DCD0C62-BBF9-38ED-8B7D-18B741D0E96F}.RelWithDebInfo|x64.ActiveCfg = RelWithDebInfo|x64
		{8DCD0C62-BBF9-38ED-8B7D-18B741D0E96F}.RelWithDebInfo|x64.Build.0 = RelWithDebInfo|x64
		{400C9581-FB6C-3B2A-93A2-1CD343D8AADD}.Debug|x64.ActiveCfg = Debug|x64
		{400C9581-FB6C-3B2A-93A2-1CD343D8AADD}.Debug|x64.Build.0 = Debug|x64
		{400C9581-FB6C-3B2A-93A2-1CD343D8AADD}.Release|x64.ActiveCfg = Release|x64
		{400C9581-FB6C-3B2A-93A2-1CD343D8AADD}.Release|x64.Build.0 = Release|x64
		{400C9581-FB6C-3B2A-93A2-1CD343D8AADD}.MinSizeRel|x64.ActiveCfg = MinSizeRel|x64
		{400C9581-FB6C-3B2A-93A2-1CD343D8AADD}.MinSizeRel|x64.Build.0 = MinSizeRel|x64
		{400C9581-FB6C-3B2A-93A2-1CD343D8AADD}.RelWithDebInfo|x64.ActiveCfg = RelWithDebInfo|x64
		{400C9581-FB6C-3B2A-93A2-1CD343D8AADD}.RelWithDebInfo|x64.Build.0 = RelWithDebInfo|x64
		{62AC3CD0-290C-3C84-94A1-731733670262}.Debug|x64.ActiveCfg = Debug|x64
		{62AC3CD0-290C-3C84-94A1-731733670262}.Debug|x64.Build.0 = Debug|x64
		{62AC3CD0-290C-3C84-94A1-731733670262}.Release|x64.ActiveCfg = Release|x64
		{62AC3CD0-290C-3C84-94A1-731733670262}.Release|x64.Build.0 = Release|x64
		{62AC3CD0-290C-3C84-94A1-731733670262}.MinSizeRel|x64.ActiveCfg = MinSizeRel|x64
		{62AC3CD0-290C-3C84-94A1-731733670262}.MinSizeRel|x64.Build.0 = MinSizeRel|x64
		{62AC3CD0-290C-3C84-94A1-731733670262}.RelWithDebInfo|x64.ActiveCfg = RelWithDebInfo|x64
		{62AC3CD0-290C-3C84-94A1-731733670262}.RelWithDebInfo|x64.Build.0 = RelWithDebInfo|x64
		{A47E27F5-AC0D-3CEE-A341-0AE4D1E0812D}.Debug|x64.ActiveCfg = Debug|x64
		{A47E27F5-AC0D-3CEE-A341-0AE4D1E0812D}.Debug|x64.Build.0 = Debug|x64
		{A47E27F5-AC0D-3CEE-A341-0AE4D1E0812D}.Release|x64.ActiveCfg = Release|x64
		{A47E27F5-AC0D-3CEE-A341-0AE4D1E0812D}.Release|x64.Build.0 = Release|x64
		{A47E27F5-AC0D-3CEE-A341-0AE4D1E0812D}.MinSizeRel|x64.ActiveCfg = MinSizeRel|x64
		{A47E27F5-AC0D-3CEE-A341-0AE4D1E0812D}.MinSizeRel|x64.Build.0 = MinSizeRel|x64
		{A47E27F5-AC0D-3CEE-A341-0AE4D1E0812D}.RelWithDebInfo|x64.ActiveCfg = RelWithDebInfo|x64
		{A47E27F5-AC0D-3CEE-A341-0AE4D1E0812D}.RelWithDebInfo|x64.Build.0 = RelWithDebInfo|x64
		{EB7C08FB-40D0-3E14-99E0-F260C9451B77}.Debug|x64.ActiveCfg = Debug|x64
		{EB7C08FB-40D0-3E14-99E0-F260C9451B77}.Debug|x64.Build.0 = Debug|x64
		{EB7C08FB-40D0-3E14-99E0-F260C9451B77}.Release|x64.ActiveCfg = Release|x64
		{EB7C08FB-40D0-3E14-99E0-F260C9451B77}.Release|x64.Build.0 = Release|x64
		{EB7C08FB-40D0-3E14-99E0-F260C9451B77}.MinSizeRel|x64.ActiveCfg = MinSizeRel|x64
		{EB7C08FB-40D0-3E14-99E0-F260C9451B77}.MinSizeRel|x64.Build.0 = MinSizeRel|x64
		{EB7C08FB-40D0-3E14-99E0-F260C9451B77}.RelWithDebInfo|x64.ActiveCfg = RelWithDebInfo|x64
		{EB7C08FB-40D0-3E14-99E0-F260C9451B77}.RelWithDebInfo|x64.Build.0 = RelWithDebInfo|x64
		{433D142A-CEAD-32EE-A6E2-1ED703675E29}.Debug|x64.ActiveCfg = Debug|x64
		{433D142A-CEAD-32EE-A6E2-1ED703675E29}.Debug|x64.Build.0 = Debug|x64
		{433D142A-CEAD-32EE-A6E2-1ED703675E29}.Release|x64.ActiveCfg = Release|x64
		{433D142A-CEAD-32EE-A6E2-1ED703675E29}.Release|x64.Build.0 = Release|x64
		{433D142A-CEAD-32EE-A6E2-1ED703675E29}.MinSizeRel|x64.ActiveCfg = MinSizeRel|x64
		{433D142A-CEAD-32EE-A6E2-1ED703675E29}.MinSizeRel|x64.Build.0 = MinSizeRel|x64
		{433D142A-CEAD-32EE-A6E2-1ED703675E29}.RelWithDebInfo|x64.ActiveCfg = RelWithDebInfo|x64
		{433D142A-CEAD-32EE-A6E2-1ED703675E29}.RelWithDebInfo|x64.Build.0 = RelWithDebInfo|x64
		{E70FBC3E-3952-3DA1-AE88-5575C11243A9}.Debug|x64.ActiveCfg = Debug|x64
		{E70FBC3E-3952-3DA1-AE88-5575C11243A9}.Debug|x64.Build.0 = Debug|x64
		{E70FBC3E-3952-3DA1-AE88-5575C11243A9}.Release|x64.ActiveCfg = Release|x64
		{E70FBC3E-3952-3DA1-AE88-5575C11243A9}.Release|x64.Build.0 = Release|x64
		{E70FBC3E-3952-3DA1-AE88-5575C11243A9}.MinSizeRel|x64.ActiveCfg = MinSizeRel|x64
		{E70FBC3E-3952-3DA1-AE88-5575C11243A9}.MinSizeRel|x64.Build.0 = MinSizeRel|x64
		{E70FBC3E-3952-3DA1-AE88-5575C11243A9}.RelWithDebInfo|x64.ActiveCfg = RelWithDebInfo|x64
		{E70FBC3E-3952-3DA1-AE88-5575C11243A9}.RelWithDebInfo|x64.Build.0 = RelWithDebInfo|x64
		{5DA37B46-4873-3B79-884E-8A6EF2C08BCC}.Debug|x64.ActiveCfg = Debug|x64
		{5DA37B46-4873-3B79-884E-8A6EF2C08BCC}.Debug|x64.Build.0 = Debug|x64
		{5DA37B46-4873-3B79-884E-8A6EF2C08BCC}.Release|x64.ActiveCfg = Release|x64
		{5DA37B46-4873-3B79-884E-8A6EF2C08BCC}.Release|x64.Build.0 = Release|x64
		{5DA37B46-4873-3B79-884E-8A6EF2C08BCC}.MinSizeRel|x64.ActiveCfg = MinSizeRel|x64
		{5DA37B46-4873-3B79-884E-8A6EF2C08BCC}.MinSizeRel|x64.Build.0 = MinSizeRel|x64
		{5DA37B46-4873-3B79-884E-8A6EF2C08BCC}.RelWithDebInfo|x64.ActiveCfg = RelWithDebInfo|x64
		{5DA37B46-4873-3B79-884E-8A6EF2C08BCC}.RelWithDebInfo|x64.Build.0 = RelWithDebInfo|x64
		{89BD1294-EA9A-3CE9-AD69-6ED6D32DBFFF}.Debug|x64.ActiveCfg = Debug|x64
		{89BD1294-EA9A-3CE9-AD69-6ED6D32DBFFF}.Debug|x64.Build.0 = Debug|x64
		{89BD1294-EA9A-3CE9-AD69-6ED6D32DBFFF}.Release|x64.ActiveCfg = Release|x64
		{89BD1294-EA9A-3CE9-AD69-6ED6D32DBFFF}.Release|x64.Build.0 = Release|x64
		{89BD1294-EA9A-3CE9-AD69-6ED6D32DBFFF}.MinSizeRel|x64.ActiveCfg = MinSizeRel|x64
		{89BD1294-EA9A-3CE9-AD69-6ED6D32DBFFF}.MinSizeRel|x64.Build.0 = MinSizeRel|x64
		{89BD1294-EA9A-3CE9-AD69-6ED6D32DBFFF}.RelWithDebInfo|x64.ActiveCfg = RelWithDebInfo|x64
		{89BD1294-EA9A-3CE9-AD69-6ED6D32DBFFF}.RelWithDebInfo|x64.Build.0 = RelWithDebInfo|x64
		{70A84F58-1FBB-3F23-BF37-61E80A753896}.Debug|x64.ActiveCfg = Debug|x64
		{70A84F58-1FBB-3F23-BF37-61E80A753896}.Debug|x64.Build.0 = Debug|x64
		{70A84F58-1FBB-3F23-BF37-61E80A753896}.Release|x64.ActiveCfg = Release|x64
		{70A84F58-1FBB-3F23-BF37-61E80A753896}.Release|x64.Build.0 = Release|x64
		{70A84F58-1FBB-3F23-BF37-61E80A753896}.MinSizeRel|x64.ActiveCfg = MinSizeRel|x64
		{70A84F58-1FBB-3F23-BF37-61E80A753896}.MinSizeRel|x64.Build.0 = MinSizeRel|x64
		{70A84F58-1FBB-3F23-BF37-61E80A753896}.RelWithDebInfo|x64.ActiveCfg = RelWithDebInfo|x64
		{70A84F58-1FBB-3F23-BF37-61E80A753896}.RelWithDebInfo|x64.Build.0 = RelWithDebInfo|x64
		{180E301A-CA52-3939-9780-7C2EF0778AD7}.Debug|x64.ActiveCfg = Debug|x64
		{180E301A-CA52-3939-9780-7C2EF0778AD7}.Debug|x64.Build.0 = Debug|x64
		{180E301A-CA52-3939-9780-7C2EF0778AD7}.Release|x64.ActiveCfg = Release|x64
		{180E301A-CA52-3939-9780-7C2EF0778AD7}.Release|x64.Build.0 = Release|x64
		{180E301A-CA52-3939-9780-7C2EF0778AD7}.MinSizeRel|x64.ActiveCfg = MinSizeRel|x64
		{180E301A-CA52-3939-9780-7C2EF0778AD7}.MinSizeRel|x64.Build.0 = MinSizeRel|x64
		{180E301A-CA52-3939-9780-7C2EF0778AD7}.RelWithDebInfo|x64.ActiveCfg = RelWithDebInfo|x64
		{180E301A-CA52-3939-9780-7C2EF0778AD7}.RelWithDebInfo|x64.Build.0 = RelWithDebInfo|x64
		{8063143F-D68C-3C79-863E-2C7D68D607A0}.Debug|x64.ActiveCfg = Debug|x64
		{8063143F-D68C-3C79-863E-2C7D68D607A0}.Debug|x64.Build.0 = Debug|x64
		{8063143F-D68C-3C79-863E-2C7D68D607A0}.Release|x64.ActiveCfg = Release|x64
		{8063143F-D68C-3C79-863E-2C7D68D607A0}.Release|x64.Build.0 = Release|x64
		{8063143F-D68C-3C79-863E-2C7D68D607A0}.MinSizeRel|x64.ActiveCfg = MinSizeRel|x64
		{8063143F-D68C-3C79-863E-2C7D68D607A0}.MinSizeRel|x64.Build.0 = MinSizeRel|x64
		{8063143F-D68C-3C79-863E-2C7D68D607A0}.RelWithDebInfo|x64.ActiveCfg = RelWithDebInfo|x64
		{8063143F-D68C-3C79-863E-2C7D68D607A0}.RelWithDebInfo|x64.Build.0 = RelWithDebInfo|x64
		{267A660F-A22E-3138-8850-819C833D4629}.Debug|x64.ActiveCfg = Debug|x64
		{267A660F-A22E-3138-8850-819C833D4629}.Debug|x64.Build.0 = Debug|x64
		{267A660F-A22E-3138-8850-819C833D4629}.Release|x64.ActiveCfg = Release|x64
		{267A660F-A22E-3138-8850-819C833D4629}.Release|x64.Build.0 = Release|x64
		{267A660F-A22E-3138-8850-819C833D4629}.MinSizeRel|x64.ActiveCfg = MinSizeRel|x64
		{267A660F-A22E-3138-8850-819C833D4629}.MinSizeRel|x64.Build.0 = MinSizeRel|x64
		{267A660F-A22E-3138-8850-819C833D4629}.RelWithDebInfo|x64.ActiveCfg = RelWithDebInfo|x64
		{267A660F-A22E-3138-8850-819C833D4629}.RelWithDebInfo|x64.Build.0 = RelWithDebInfo|x64
		{D7BF9AD0-ED7D-32B6-BECB-30A7498D37C5}.Debug|x64.ActiveCfg = Debug|x64
		{D7BF9AD0-ED7D-32B6-BECB-30A7498D37C5}.Debug|x64.Build.0 = Debug|x64
		{D7BF9AD0-ED7D-32B6-BECB-30A7498D37C5}.Release|x64.ActiveCfg = Release|x64
		{D7BF9AD0-ED7D-32B6-BECB-30A7498D37C5}.Release|x64.Build.0 = Release|x64
		{D7BF9AD0-ED7D-32B6-BECB-30A7498D37C5}.MinSizeRel|x64.ActiveCfg = MinSizeRel|x64
		{D7BF9AD0-ED7D-32B6-BECB-30A7498D37C5}.MinSizeRel|x64.Build.0 = MinSizeRel|x64
		{D7BF9AD0-ED7D-32B6-BECB-30A7498D37C5}.RelWithDebInfo|x64.ActiveCfg = RelWithDebInfo|x64
		{D7BF9AD0-ED7D-32B6-BECB-30A7498D37C5}.RelWithDebInfo|x64.Build.0 = RelWithDebInfo|x64
		{146542FB-8BAB-3D08-BD97-A9A1C3B0299F}.Debug|x64.ActiveCfg = Debug|x64
		{146542FB-8BAB-3D08-BD97-A9A1C3B0299F}.Debug|x64.Build.0 = Debug|x64
		{146542FB-8BAB-3D08-BD97-A9A1C3B0299F}.Release|x64.ActiveCfg = Release|x64
		{146542FB-8BAB-3D08-BD97-A9A1C3B0299F}.Release|x64.Build.0 = Release|x64
		{146542FB-8BAB-3D08-BD97-A9A1C3B0299F}.MinSizeRel|x64.ActiveCfg = MinSizeRel|x64
		{146542FB-8BAB-3D08-BD97-A9A1C3B0299F}.MinSizeRel|x64.Build.0 = MinSizeRel|x64
		{146542FB-8BAB-3D08-BD97-A9A1C3B0299F}.RelWithDebInfo|x64.ActiveCfg = RelWithDebInfo|x64
		{146542FB-8BAB-3D08-BD97-A9A1C3B0299F}.RelWithDebInfo|x64.Build.0 = RelWithDebInfo|x64
		{D3BFE3D1-952D-3081-B670-6B2D0ABB2CBC}.Debug|x64.ActiveCfg = Debug|x64
		{D3BFE3D1-952D-3081-B670-6B2D0ABB2CBC}.Debug|x64.Build.0 = Debug|x64
		{D3BFE3D1-952D-3081-B670-6B2D0ABB2CBC}.Release|x64.ActiveCfg = Release|x64
		{D3BFE3D1-952D-3081-B670-6B2D0ABB2CBC}.Release|x64.Build.0 = Release|x64
		{D3BFE3D1-952D-3081-B670-6B2D0ABB2CBC}.MinSizeRel|x64.ActiveCfg = MinSizeRel|x64
		{D3BFE3D1-952D-3081-B670-6B2D0ABB2CBC}.MinSizeRel|x64.Build.0 = MinSizeRel|x64
		{D3BFE3D1-952D-3081-B670-6B2D0ABB2CBC}.RelWithDebInfo|x64.ActiveCfg = RelWithDebInfo|x64
		{D3BFE3D1-952D-3081-B670-6B2D0ABB2CBC}.RelWithDebInfo|x64.Build.0 = RelWithDebInfo|x64
	EndGlobalSection
	GlobalSection(ExtensibilityGlobals) = postSolution
		SolutionGuid = {70F096E8-02F5-3852-9EE7-0C4C49FF43AE}
	EndGlobalSection
	GlobalSection(ExtensibilityAddIns) = postSolution
	EndGlobalSection
EndGlobal
