<?xml version="1.0" encoding="utf-8"?>
<Project ToolsVersion="17.0" xmlns="http://schemas.microsoft.com/developer/msbuild/2003">
  <ItemGroup>
    <CustomBuild Include="C:\Users\PC\NexusFlow\build_release\CMakeFiles\3f127d369a79b1f012d32c5bf1577342\NightlyMemoryCheck.rule">
      <Filter>CMake Rules</Filter>
    </CustomBuild>
    <CustomBuild Include="C:\Users\PC\NexusFlow\CMakeLists.txt" />
  </ItemGroup>
  <ItemGroup>
    <None Include="C:\Users\PC\NexusFlow\build_release\CMakeFiles\NightlyMemoryCheck" />
  </ItemGroup>
  <ItemGroup>
    <Filter Include="CMake Rules">
      <UniqueIdentifier>{FAF86EB2-5849-38DD-AD43-586FB7529502}</UniqueIdentifier>
    </Filter>
  </ItemGroup>
</Project>
