
Microsoft Visual Studio Solution File, Format Version 12.00
# Visual Studio Version 17
Project("{8BC9CEB8-8B4A-11D0-8D11-00A0C91BC942}") = "ALL_BUILD", "ALL_BUILD.vcxproj", "{97B78CA3-4968-3565-A9DA-EE70EDA352C6}"
	ProjectSection(ProjectDependencies) = postProject
		{AC793657-B58C-3872-8A01-643376174A66} = {AC793657-B58C-3872-8A01-643376174A66}
		{D7A6320E-B2BA-3D55-84D1-68817DCC6EC3} = {D7A6320E-B2BA-3D55-84D1-68817DCC6EC3}
		{43EE100A-590B-33F3-BF56-2F2B332DF19F} = {43EE100A-590B-33F3-BF56-2F2B332DF19F}
		{D194156D-4048-3A9E-94F3-B8710E32964A} = {D194156D-4048-3A9E-94F3-B8710E32964A}
		{A1ADA278-BBDD-3919-8D23-7EF72D4A2591} = {A1ADA278-BBDD-3919-8D23-7EF72D4A2591}
		{A4538D74-2597-3BDF-89CD-77915511FF23} = {A4538D74-2597-3BDF-89CD-77915511FF23}
		{27114EA5-65A4-33BB-991B-E25DF4373BE8} = {27114EA5-65A4-33BB-991B-E25DF4373BE8}
		{81FB05B8-47B5-3D78-AD63-E5BF0C482F46} = {81FB05B8-47B5-3D78-AD63-E5BF0C482F46}
		{24010B11-7224-38CA-AB91-28F1EB36B187} = {24010B11-7224-38CA-AB91-28F1EB36B187}
		{0A2820E9-52B6-335A-AEF2-9C645BC0ACA0} = {0A2820E9-52B6-335A-AEF2-9C645BC0ACA0}
		{829BB6F6-C843-3249-B898-D9D7E1C6A488} = {829BB6F6-C843-3249-B898-D9D7E1C6A488}
		{745F1737-66BF-3CF0-92DC-649C4737D1C3} = {745F1737-66BF-3CF0-92DC-649C4737D1C3}
		{8AD7A229-2832-3D05-A4FE-4572C33624E5} = {8AD7A229-2832-3D05-A4FE-4572C33624E5}
		{F236D435-33F9-3F61-8961-3D6D2E7EFF8B} = {F236D435-33F9-3F61-8961-3D6D2E7EFF8B}
		{127B2169-BA81-309B-A5DA-7046D4856F14} = {127B2169-BA81-309B-A5DA-7046D4856F14}
		{4B932402-D9D2-3C81-83DE-3ABADA70960B} = {4B932402-D9D2-3C81-83DE-3ABADA70960B}
		{47B7FB1C-004E-3E5E-8581-EA5DB8CE50B5} = {47B7FB1C-004E-3E5E-8581-EA5DB8CE50B5}
		{A9AE0BC8-FBDF-3163-A669-66EAFAE1AF77} = {A9AE0BC8-FBDF-3163-A669-66EAFAE1AF77}
		{580984AE-EC51-3D4D-8F9E-34C09D2003F4} = {580984AE-EC51-3D4D-8F9E-34C09D2003F4}
		{46C7CD88-3AEC-3153-875F-6B4F52C2A0B4} = {46C7CD88-3AEC-3153-875F-6B4F52C2A0B4}
		{488A2460-94AE-3644-AD33-513689227AB8} = {488A2460-94AE-3644-AD33-513689227AB8}
		{7AF737FF-122E-3A39-9978-8FF7DDCF62A6} = {7AF737FF-122E-3A39-9978-8FF7DDCF62A6}
		{75664E4E-4220-34CE-B743-B6568DC5CB38} = {75664E4E-4220-34CE-B743-B6568DC5CB38}
		{1A56557F-3F7C-3876-A45C-2C636AB6B36C} = {1A56557F-3F7C-3876-A45C-2C636AB6B36C}
		{87E9E765-7487-3B06-BF91-6D53B4D13E40} = {87E9E765-7487-3B06-BF91-6D53B4D13E40}
		{930FE6FD-1160-371B-A525-5513F77D8174} = {930FE6FD-1160-371B-A525-5513F77D8174}
		{5CF4263A-EEEF-3B76-A75E-DDF1F8220F85} = {5CF4263A-EEEF-3B76-A75E-DDF1F8220F85}
		{67E9A3A3-BCAB-3150-B023-A1FF4D614B5A} = {67E9A3A3-BCAB-3150-B023-A1FF4D614B5A}
		{9C374296-BA9C-3682-B75B-E367E0803D43} = {9C374296-BA9C-3682-B75B-E367E0803D43}
		{B97A750C-CAC6-37C2-BC28-A6583F6FDD38} = {B97A750C-CAC6-37C2-BC28-A6583F6FDD38}
		{3ED0876C-1B20-3331-9289-EC01918F0ED4} = {3ED0876C-1B20-3331-9289-EC01918F0ED4}
		{0C22227F-EBD1-3B55-98E4-4009A5B2E22E} = {0C22227F-EBD1-3B55-98E4-4009A5B2E22E}
		{BF8DEB4B-A450-3117-B373-F939B252916D} = {BF8DEB4B-A450-3117-B373-F939B252916D}
		{65F7EDEF-500A-330E-87A2-18EE16DCE1BB} = {65F7EDEF-500A-330E-87A2-18EE16DCE1BB}
		{4FC9C100-343C-35F8-92C0-026F049A4DA2} = {4FC9C100-343C-35F8-92C0-026F049A4DA2}
		{B1304FC5-8093-392D-BAD8-7FE8ADB73EEF} = {B1304FC5-8093-392D-BAD8-7FE8ADB73EEF}
		{A069361B-E031-3AD9-8514-6C30F568108F} = {A069361B-E031-3AD9-8514-6C30F568108F}
		{84478301-2AEE-35B5-A2F4-64277DCB735E} = {84478301-2AEE-35B5-A2F4-64277DCB735E}
		{B45288FA-7F0B-359F-9EA3-8C07AA8A7B5C} = {B45288FA-7F0B-359F-9EA3-8C07AA8A7B5C}
		{3FC702D4-BBE8-3E96-8855-5F7999566602} = {3FC702D4-BBE8-3E96-8855-5F7999566602}
		{900271D2-E5F6-3FB6-A1A9-2CDD16077A7B} = {900271D2-E5F6-3FB6-A1A9-2CDD16077A7B}
		{7082A15F-5529-3752-A208-519E479529A7} = {7082A15F-5529-3752-A208-519E479529A7}
		{394FD431-141C-3B73-8592-0EC716284930} = {394FD431-141C-3B73-8592-0EC716284930}
		{5352EAE4-8ED3-36BE-84BC-3B3530EB62C5} = {5352EAE4-8ED3-36BE-84BC-3B3530EB62C5}
		{9A3B8DD7-A7BD-3585-AB79-64AEFF787C7D} = {9A3B8DD7-A7BD-3585-AB79-64AEFF787C7D}
		{DF93E5F7-1F4B-3FD6-A477-6911E44F0AA5} = {DF93E5F7-1F4B-3FD6-A477-6911E44F0AA5}
		{86101013-7CAF-301D-922B-5E391C3F8A57} = {86101013-7CAF-301D-922B-5E391C3F8A57}
		{A4D059F2-AA67-3D26-9E90-6602658ABB1D} = {A4D059F2-AA67-3D26-9E90-6602658ABB1D}
		{33DA778F-0B29-3A65-9CA6-A92223B6C32E} = {33DA778F-0B29-3A65-9CA6-A92223B6C32E}
		{413B41F7-4C37-3D20-B9C6-E2C7AFF51C9D} = {413B41F7-4C37-3D20-B9C6-E2C7AFF51C9D}
		{B3DD68E3-FB5C-3390-A029-06520AD525F6} = {B3DD68E3-FB5C-3390-A029-06520AD525F6}
		{EE5B671A-EE81-3770-8994-6E3B8C7A422D} = {EE5B671A-EE81-3770-8994-6E3B8C7A422D}
		{AF89122F-12EC-3A4C-BEF2-495B0AB0253D} = {AF89122F-12EC-3A4C-BEF2-495B0AB0253D}
		{D8FDAAA5-CC4C-3127-8D4A-17FC06E52E46} = {D8FDAAA5-CC4C-3127-8D4A-17FC06E52E46}
		{73F1322C-4DDD-3D44-8636-E1D7B42A6DA6} = {73F1322C-4DDD-3D44-8636-E1D7B42A6DA6}
		{FC80EE66-E500-36B0-9988-42F3068B6EE3} = {FC80EE66-E500-36B0-9988-42F3068B6EE3}
	EndProjectSection
EndProject
Project("{8BC9CEB8-8B4A-11D0-8D11-00A0C91BC942}") = "Continuous", "Continuous.vcxproj", "{32F3D9BB-016F-35C9-AF94-ED37F913FF85}"
	ProjectSection(ProjectDependencies) = postProject
		{AC793657-B58C-3872-8A01-643376174A66} = {AC793657-B58C-3872-8A01-643376174A66}
	EndProjectSection
EndProject
Project("{8BC9CEB8-8B4A-11D0-8D11-00A0C91BC942}") = "Experimental", "Experimental.vcxproj", "{D23F7AB8-AD6E-3E06-B798-8FF410D56931}"
	ProjectSection(ProjectDependencies) = postProject
		{AC793657-B58C-3872-8A01-643376174A66} = {AC793657-B58C-3872-8A01-643376174A66}
	EndProjectSection
EndProject
Project("{8BC9CEB8-8B4A-11D0-8D11-00A0C91BC942}") = "Nightly", "Nightly.vcxproj", "{92716ECA-3673-37FA-8051-A623349175E5}"
	ProjectSection(ProjectDependencies) = postProject
		{AC793657-B58C-3872-8A01-643376174A66} = {AC793657-B58C-3872-8A01-643376174A66}
	EndProjectSection
EndProject
Project("{8BC9CEB8-8B4A-11D0-8D11-00A0C91BC942}") = "NightlyMemoryCheck", "NightlyMemoryCheck.vcxproj", "{35E606FA-A18C-3A15-9D09-91D430700A73}"
	ProjectSection(ProjectDependencies) = postProject
		{AC793657-B58C-3872-8A01-643376174A66} = {AC793657-B58C-3872-8A01-643376174A66}
	EndProjectSection
EndProject
Project("{8BC9CEB8-8B4A-11D0-8D11-00A0C91BC942}") = "RUN_TESTS", "RUN_TESTS.vcxproj", "{3EBDD7F7-63AB-360D-9759-17B2B14ED8E5}"
	ProjectSection(ProjectDependencies) = postProject
		{AC793657-B58C-3872-8A01-643376174A66} = {AC793657-B58C-3872-8A01-643376174A66}
	EndProjectSection
EndProject
Project("{8BC9CEB8-8B4A-11D0-8D11-00A0C91BC942}") = "ZERO_CHECK", "ZERO_CHECK.vcxproj", "{AC793657-B58C-3872-8A01-643376174A66}"
	ProjectSection(ProjectDependencies) = postProject
	EndProjectSection
EndProject
Project("{8BC9CEB8-8B4A-11D0-8D11-00A0C91BC942}") = "adaptive_capacity_sweep_benchmark", "adaptive_capacity_sweep_benchmark.vcxproj", "{D7A6320E-B2BA-3D55-84D1-68817DCC6EC3}"
	ProjectSection(ProjectDependencies) = postProject
		{AC793657-B58C-3872-8A01-643376174A66} = {AC793657-B58C-3872-8A01-643376174A66}
	EndProjectSection
EndProject
Project("{8BC9CEB8-8B4A-11D0-8D11-00A0C91BC942}") = "adaptive_event_pipeline_benchmark", "adaptive_event_pipeline_benchmark.vcxproj", "{43EE100A-590B-33F3-BF56-2F2B332DF19F}"
	ProjectSection(ProjectDependencies) = postProject
		{AC793657-B58C-3872-8A01-643376174A66} = {AC793657-B58C-3872-8A01-643376174A66}
	EndProjectSection
EndProject
Project("{8BC9CEB8-8B4A-11D0-8D11-00A0C91BC942}") = "adaptive_execution_benchmark", "adaptive_execution_benchmark.vcxproj", "{D194156D-4048-3A9E-94F3-B8710E32964A}"
	ProjectSection(ProjectDependencies) = postProject
		{AC793657-B58C-3872-8A01-643376174A66} = {AC793657-B58C-3872-8A01-643376174A66}
	EndProjectSection
EndProject
Project("{8BC9CEB8-8B4A-11D0-8D11-00A0C91BC942}") = "adaptive_vs_fixed_benchmark", "adaptive_vs_fixed_benchmark.vcxproj", "{A1ADA278-BBDD-3919-8D23-7EF72D4A2591}"
	ProjectSection(ProjectDependencies) = postProject
		{AC793657-B58C-3872-8A01-643376174A66} = {AC793657-B58C-3872-8A01-643376174A66}
	EndProjectSection
EndProject
Project("{8BC9CEB8-8B4A-11D0-8D11-00A0C91BC942}") = "adaptive_worker_integration_benchmark", "adaptive_worker_integration_benchmark.vcxproj", "{A4538D74-2597-3BDF-89CD-77915511FF23}"
	ProjectSection(ProjectDependencies) = postProject
		{AC793657-B58C-3872-8A01-643376174A66} = {AC793657-B58C-3872-8A01-643376174A66}
	EndProjectSection
EndProject
Project("{8BC9CEB8-8B4A-11D0-8D11-00A0C91BC942}") = "backpressure_benchmark", "backpressure_benchmark.vcxproj", "{27114EA5-65A4-33BB-991B-E25DF4373BE8}"
	ProjectSection(ProjectDependencies) = postProject
		{AC793657-B58C-3872-8A01-643376174A66} = {AC793657-B58C-3872-8A01-643376174A66}
	EndProjectSection
EndProject
Project("{8BC9CEB8-8B4A-11D0-8D11-00A0C91BC942}") = "backpressure_stress_benchmark", "backpressure_stress_benchmark.vcxproj", "{81FB05B8-47B5-3D78-AD63-E5BF0C482F46}"
	ProjectSection(ProjectDependencies) = postProject
		{AC793657-B58C-3872-8A01-643376174A66} = {AC793657-B58C-3872-8A01-643376174A66}
	EndProjectSection
EndProject
Project("{8BC9CEB8-8B4A-11D0-8D11-00A0C91BC942}") = "comparative_scheduler_benchmark", "comparative_scheduler_benchmark.vcxproj", "{24010B11-7224-38CA-AB91-28F1EB36B187}"
	ProjectSection(ProjectDependencies) = postProject
		{AC793657-B58C-3872-8A01-643376174A66} = {AC793657-B58C-3872-8A01-643376174A66}
	EndProjectSection
EndProject
Project("{8BC9CEB8-8B4A-11D0-8D11-00A0C91BC942}") = "controlled_adaptive_workload_benchmark", "controlled_adaptive_workload_benchmark.vcxproj", "{0A2820E9-52B6-335A-AEF2-9C645BC0ACA0}"
	ProjectSection(ProjectDependencies) = postProject
		{AC793657-B58C-3872-8A01-643376174A66} = {AC793657-B58C-3872-8A01-643376174A66}
	EndProjectSection
EndProject
Project("{8BC9CEB8-8B4A-11D0-8D11-00A0C91BC942}") = "controlled_workload_benchmark", "controlled_workload_benchmark.vcxproj", "{829BB6F6-C843-3249-B898-D9D7E1C6A488}"
	ProjectSection(ProjectDependencies) = postProject
		{AC793657-B58C-3872-8A01-643376174A66} = {AC793657-B58C-3872-8A01-643376174A66}
	EndProjectSection
EndProject
Project("{8BC9CEB8-8B4A-11D0-8D11-00A0C91BC942}") = "end_to_end_latency_test", "end_to_end_latency_test.vcxproj", "{745F1737-66BF-3CF0-92DC-649C4737D1C3}"
	ProjectSection(ProjectDependencies) = postProject
		{AC793657-B58C-3872-8A01-643376174A66} = {AC793657-B58C-3872-8A01-643376174A66}
	EndProjectSection
EndProject
Project("{8BC9CEB8-8B4A-11D0-8D11-00A0C91BC942}") = "end_to_end_threshold_benchmark", "end_to_end_threshold_benchmark.vcxproj", "{8AD7A229-2832-3D05-A4FE-4572C33624E5}"
	ProjectSection(ProjectDependencies) = postProject
		{AC793657-B58C-3872-8A01-643376174A66} = {AC793657-B58C-3872-8A01-643376174A66}
	EndProjectSection
EndProject
Project("{8BC9CEB8-8B4A-11D0-8D11-00A0C91BC942}") = "event_protocol_test", "networking\protocol\event_protocol_test.vcxproj", "{F236D435-33F9-3F61-8961-3D6D2E7EFF8B}"
	ProjectSection(ProjectDependencies) = postProject
		{AC793657-B58C-3872-8A01-643376174A66} = {AC793657-B58C-3872-8A01-643376174A66}
		{46C7CD88-3AEC-3153-875F-6B4F52C2A0B4} = {46C7CD88-3AEC-3153-875F-6B4F52C2A0B4}
	EndProjectSection
EndProject
Project("{8BC9CEB8-8B4A-11D0-8D11-00A0C91BC942}") = "event_replay_benchmark", "event_replay_benchmark.vcxproj", "{127B2169-BA81-309B-A5DA-7046D4856F14}"
	ProjectSection(ProjectDependencies) = postProject
		{AC793657-B58C-3872-8A01-643376174A66} = {AC793657-B58C-3872-8A01-643376174A66}
	EndProjectSection
EndProject
Project("{8BC9CEB8-8B4A-11D0-8D11-00A0C91BC942}") = "fault_recovery_benchmark", "fault_recovery_benchmark.vcxproj", "{4B932402-D9D2-3C81-83DE-3ABADA70960B}"
	ProjectSection(ProjectDependencies) = postProject
		{AC793657-B58C-3872-8A01-643376174A66} = {AC793657-B58C-3872-8A01-643376174A66}
	EndProjectSection
EndProject
Project("{8BC9CEB8-8B4A-11D0-8D11-00A0C91BC942}") = "grpc_core_pipeline_test", "api\grpc\grpc_core_pipeline_test.vcxproj", "{47B7FB1C-004E-3E5E-8581-EA5DB8CE50B5}"
	ProjectSection(ProjectDependencies) = postProject
		{AC793657-B58C-3872-8A01-643376174A66} = {AC793657-B58C-3872-8A01-643376174A66}
		{488A2460-94AE-3644-AD33-513689227AB8} = {488A2460-94AE-3644-AD33-513689227AB8}
		{7AF737FF-122E-3A39-9978-8FF7DDCF62A6} = {7AF737FF-122E-3A39-9978-8FF7DDCF62A6}
	EndProjectSection
EndProject
Project("{8BC9CEB8-8B4A-11D0-8D11-00A0C91BC942}") = "grpc_transport_test", "api\grpc\grpc_transport_test.vcxproj", "{A9AE0BC8-FBDF-3163-A669-66EAFAE1AF77}"
	ProjectSection(ProjectDependencies) = postProject
		{AC793657-B58C-3872-8A01-643376174A66} = {AC793657-B58C-3872-8A01-643376174A66}
		{488A2460-94AE-3644-AD33-513689227AB8} = {488A2460-94AE-3644-AD33-513689227AB8}
		{7AF737FF-122E-3A39-9978-8FF7DDCF62A6} = {7AF737FF-122E-3A39-9978-8FF7DDCF62A6}
	EndProjectSection
EndProject
Project("{8BC9CEB8-8B4A-11D0-8D11-00A0C91BC942}") = "latency_under_load_benchmark", "latency_under_load_benchmark.vcxproj", "{580984AE-EC51-3D4D-8F9E-34C09D2003F4}"
	ProjectSection(ProjectDependencies) = postProject
		{AC793657-B58C-3872-8A01-643376174A66} = {AC793657-B58C-3872-8A01-643376174A66}
	EndProjectSection
EndProject
Project("{8BC9CEB8-8B4A-11D0-8D11-00A0C91BC942}") = "nexusflow_event_protocol", "networking\protocol\nexusflow_event_protocol.vcxproj", "{46C7CD88-3AEC-3153-875F-6B4F52C2A0B4}"
	ProjectSection(ProjectDependencies) = postProject
		{AC793657-B58C-3872-8A01-643376174A66} = {AC793657-B58C-3872-8A01-643376174A66}
	EndProjectSection
EndProject
Project("{8BC9CEB8-8B4A-11D0-8D11-00A0C91BC942}") = "nexusflow_grpc_generated", "api\grpc\nexusflow_grpc_generated.vcxproj", "{488A2460-94AE-3644-AD33-513689227AB8}"
	ProjectSection(ProjectDependencies) = postProject
		{AC793657-B58C-3872-8A01-643376174A66} = {AC793657-B58C-3872-8A01-643376174A66}
	EndProjectSection
EndProject
Project("{8BC9CEB8-8B4A-11D0-8D11-00A0C91BC942}") = "nexusflow_grpc_service", "api\grpc\nexusflow_grpc_service.vcxproj", "{7AF737FF-122E-3A39-9978-8FF7DDCF62A6}"
	ProjectSection(ProjectDependencies) = postProject
		{AC793657-B58C-3872-8A01-643376174A66} = {AC793657-B58C-3872-8A01-643376174A66}
		{488A2460-94AE-3644-AD33-513689227AB8} = {488A2460-94AE-3644-AD33-513689227AB8}
	EndProjectSection
EndProject
Project("{8BC9CEB8-8B4A-11D0-8D11-00A0C91BC942}") = "nexusflow_postgres", "storage\postgres\nexusflow_postgres.vcxproj", "{75664E4E-4220-34CE-B743-B6568DC5CB38}"
	ProjectSection(ProjectDependencies) = postProject
		{AC793657-B58C-3872-8A01-643376174A66} = {AC793657-B58C-3872-8A01-643376174A66}
	EndProjectSection
EndProject
Project("{8BC9CEB8-8B4A-11D0-8D11-00A0C91BC942}") = "nexusflow_prometheus", "observability\prometheus\nexusflow_prometheus.vcxproj", "{1A56557F-3F7C-3876-A45C-2C636AB6B36C}"
	ProjectSection(ProjectDependencies) = postProject
		{AC793657-B58C-3872-8A01-643376174A66} = {AC793657-B58C-3872-8A01-643376174A66}
	EndProjectSection
EndProject
Project("{8BC9CEB8-8B4A-11D0-8D11-00A0C91BC942}") = "nexusflow_redis", "storage\redis\nexusflow_redis.vcxproj", "{87E9E765-7487-3B06-BF91-6D53B4D13E40}"
	ProjectSection(ProjectDependencies) = postProject
		{AC793657-B58C-3872-8A01-643376174A66} = {AC793657-B58C-3872-8A01-643376174A66}
	EndProjectSection
EndProject
Project("{8BC9CEB8-8B4A-11D0-8D11-00A0C91BC942}") = "nexusflow_tcp_pipeline_bridge", "networking\bridge\nexusflow_tcp_pipeline_bridge.vcxproj", "{930FE6FD-1160-371B-A525-5513F77D8174}"
	ProjectSection(ProjectDependencies) = postProject
		{AC793657-B58C-3872-8A01-643376174A66} = {AC793657-B58C-3872-8A01-643376174A66}
		{46C7CD88-3AEC-3153-875F-6B4F52C2A0B4} = {46C7CD88-3AEC-3153-875F-6B4F52C2A0B4}
	EndProjectSection
EndProject
Project("{8BC9CEB8-8B4A-11D0-8D11-00A0C91BC942}") = "nexusflow_tcp_stream", "networking\tcp\nexusflow_tcp_stream.vcxproj", "{5CF4263A-EEEF-3B76-A75E-DDF1F8220F85}"
	ProjectSection(ProjectDependencies) = postProject
		{AC793657-B58C-3872-8A01-643376174A66} = {AC793657-B58C-3872-8A01-643376174A66}
		{46C7CD88-3AEC-3153-875F-6B4F52C2A0B4} = {46C7CD88-3AEC-3153-875F-6B4F52C2A0B4}
		{930FE6FD-1160-371B-A525-5513F77D8174} = {930FE6FD-1160-371B-A525-5513F77D8174}
	EndProjectSection
EndProject
Project("{8BC9CEB8-8B4A-11D0-8D11-00A0C91BC942}") = "persistent_worker_pool_benchmark", "persistent_worker_pool_benchmark.vcxproj", "{67E9A3A3-BCAB-3150-B023-A1FF4D614B5A}"
	ProjectSection(ProjectDependencies) = postProject
		{AC793657-B58C-3872-8A01-643376174A66} = {AC793657-B58C-3872-8A01-643376174A66}
	EndProjectSection
EndProject
Project("{8BC9CEB8-8B4A-11D0-8D11-00A0C91BC942}") = "postgres_store_test", "storage\postgres\postgres_store_test.vcxproj", "{9C374296-BA9C-3682-B75B-E367E0803D43}"
	ProjectSection(ProjectDependencies) = postProject
		{AC793657-B58C-3872-8A01-643376174A66} = {AC793657-B58C-3872-8A01-643376174A66}
		{75664E4E-4220-34CE-B743-B6568DC5CB38} = {75664E4E-4220-34CE-B743-B6568DC5CB38}
	EndProjectSection
EndProject
Project("{8BC9CEB8-8B4A-11D0-8D11-00A0C91BC942}") = "priority_adaptive_pipeline_benchmark", "priority_adaptive_pipeline_benchmark.vcxproj", "{B97A750C-CAC6-37C2-BC28-A6583F6FDD38}"
	ProjectSection(ProjectDependencies) = postProject
		{AC793657-B58C-3872-8A01-643376174A66} = {AC793657-B58C-3872-8A01-643376174A66}
	EndProjectSection
EndProject
Project("{8BC9CEB8-8B4A-11D0-8D11-00A0C91BC942}") = "priority_event_queue_benchmark", "priority_event_queue_benchmark.vcxproj", "{3ED0876C-1B20-3331-9289-EC01918F0ED4}"
	ProjectSection(ProjectDependencies) = postProject
		{AC793657-B58C-3872-8A01-643376174A66} = {AC793657-B58C-3872-8A01-643376174A66}
	EndProjectSection
EndProject
Project("{8BC9CEB8-8B4A-11D0-8D11-00A0C91BC942}") = "priority_latency_benchmark", "priority_latency_benchmark.vcxproj", "{0C22227F-EBD1-3B55-98E4-4009A5B2E22E}"
	ProjectSection(ProjectDependencies) = postProject
		{AC793657-B58C-3872-8A01-643376174A66} = {AC793657-B58C-3872-8A01-643376174A66}
	EndProjectSection
EndProject
Project("{8BC9CEB8-8B4A-11D0-8D11-00A0C91BC942}") = "priority_scheduler_benchmark", "priority_scheduler_benchmark.vcxproj", "{BF8DEB4B-A450-3117-B373-F939B252916D}"
	ProjectSection(ProjectDependencies) = postProject
		{AC793657-B58C-3872-8A01-643376174A66} = {AC793657-B58C-3872-8A01-643376174A66}
	EndProjectSection
EndProject
Project("{8BC9CEB8-8B4A-11D0-8D11-00A0C91BC942}") = "prometheus_metrics_test", "observability\prometheus\prometheus_metrics_test.vcxproj", "{65F7EDEF-500A-330E-87A2-18EE16DCE1BB}"
	ProjectSection(ProjectDependencies) = postProject
		{AC793657-B58C-3872-8A01-643376174A66} = {AC793657-B58C-3872-8A01-643376174A66}
		{1A56557F-3F7C-3876-A45C-2C636AB6B36C} = {1A56557F-3F7C-3876-A45C-2C636AB6B36C}
	EndProjectSection
EndProject
Project("{8BC9CEB8-8B4A-11D0-8D11-00A0C91BC942}") = "queue_comparison_benchmark", "queue_comparison_benchmark.vcxproj", "{4FC9C100-343C-35F8-92C0-026F049A4DA2}"
	ProjectSection(ProjectDependencies) = postProject
		{AC793657-B58C-3872-8A01-643376174A66} = {AC793657-B58C-3872-8A01-643376174A66}
	EndProjectSection
EndProject
Project("{8BC9CEB8-8B4A-11D0-8D11-00A0C91BC942}") = "queue_latency_experiment", "queue_latency_experiment.vcxproj", "{B1304FC5-8093-392D-BAD8-7FE8ADB73EEF}"
	ProjectSection(ProjectDependencies) = postProject
		{AC793657-B58C-3872-8A01-643376174A66} = {AC793657-B58C-3872-8A01-643376174A66}
	EndProjectSection
EndProject
Project("{8BC9CEB8-8B4A-11D0-8D11-00A0C91BC942}") = "real_dataset_benchmark_matrix", "real_dataset_benchmark_matrix.vcxproj", "{A069361B-E031-3AD9-8514-6C30F568108F}"
	ProjectSection(ProjectDependencies) = postProject
		{AC793657-B58C-3872-8A01-643376174A66} = {AC793657-B58C-3872-8A01-643376174A66}
	EndProjectSection
EndProject
Project("{8BC9CEB8-8B4A-11D0-8D11-00A0C91BC942}") = "real_dataset_repeated_benchmark", "real_dataset_repeated_benchmark.vcxproj", "{84478301-2AEE-35B5-A2F4-64277DCB735E}"
	ProjectSection(ProjectDependencies) = postProject
		{AC793657-B58C-3872-8A01-643376174A66} = {AC793657-B58C-3872-8A01-643376174A66}
	EndProjectSection
EndProject
Project("{8BC9CEB8-8B4A-11D0-8D11-00A0C91BC942}") = "real_dataset_replay_benchmark", "real_dataset_replay_benchmark.vcxproj", "{B45288FA-7F0B-359F-9EA3-8C07AA8A7B5C}"
	ProjectSection(ProjectDependencies) = postProject
		{AC793657-B58C-3872-8A01-643376174A66} = {AC793657-B58C-3872-8A01-643376174A66}
	EndProjectSection
EndProject
Project("{8BC9CEB8-8B4A-11D0-8D11-00A0C91BC942}") = "real_end_to_end_benchmark", "real_end_to_end_benchmark.vcxproj", "{3FC702D4-BBE8-3E96-8855-5F7999566602}"
	ProjectSection(ProjectDependencies) = postProject
		{AC793657-B58C-3872-8A01-643376174A66} = {AC793657-B58C-3872-8A01-643376174A66}
	EndProjectSection
EndProject
Project("{8BC9CEB8-8B4A-11D0-8D11-00A0C91BC942}") = "redis_store_test", "storage\redis\redis_store_test.vcxproj", "{900271D2-E5F6-3FB6-A1A9-2CDD16077A7B}"
	ProjectSection(ProjectDependencies) = postProject
		{AC793657-B58C-3872-8A01-643376174A66} = {AC793657-B58C-3872-8A01-643376174A66}
		{87E9E765-7487-3B06-BF91-6D53B4D13E40} = {87E9E765-7487-3B06-BF91-6D53B4D13E40}
	EndProjectSection
EndProject
Project("{8BC9CEB8-8B4A-11D0-8D11-00A0C91BC942}") = "resource_utilization_benchmark", "resource_utilization_benchmark.vcxproj", "{7082A15F-5529-3752-A208-519E479529A7}"
	ProjectSection(ProjectDependencies) = postProject
		{AC793657-B58C-3872-8A01-643376174A66} = {AC793657-B58C-3872-8A01-643376174A66}
	EndProjectSection
EndProject
Project("{8BC9CEB8-8B4A-11D0-8D11-00A0C91BC942}") = "runtime_scheduler_benchmark", "runtime_scheduler_benchmark.vcxproj", "{394FD431-141C-3B73-8592-0EC716284930}"
	ProjectSection(ProjectDependencies) = postProject
		{AC793657-B58C-3872-8A01-643376174A66} = {AC793657-B58C-3872-8A01-643376174A66}
	EndProjectSection
EndProject
Project("{8BC9CEB8-8B4A-11D0-8D11-00A0C91BC942}") = "saturation_sweep_benchmark", "saturation_sweep_benchmark.vcxproj", "{5352EAE4-8ED3-36BE-84BC-3B3530EB62C5}"
	ProjectSection(ProjectDependencies) = postProject
		{AC793657-B58C-3872-8A01-643376174A66} = {AC793657-B58C-3872-8A01-643376174A66}
	EndProjectSection
EndProject
Project("{8BC9CEB8-8B4A-11D0-8D11-00A0C91BC942}") = "scheduler_benchmark", "scheduler_benchmark.vcxproj", "{9A3B8DD7-A7BD-3585-AB79-64AEFF787C7D}"
	ProjectSection(ProjectDependencies) = postProject
		{AC793657-B58C-3872-8A01-643376174A66} = {AC793657-B58C-3872-8A01-643376174A66}
	EndProjectSection
EndProject
Project("{8BC9CEB8-8B4A-11D0-8D11-00A0C91BC942}") = "scheduler_integration_benchmark", "scheduler_integration_benchmark.vcxproj", "{DF93E5F7-1F4B-3FD6-A477-6911E44F0AA5}"
	ProjectSection(ProjectDependencies) = postProject
		{AC793657-B58C-3872-8A01-643376174A66} = {AC793657-B58C-3872-8A01-643376174A66}
	EndProjectSection
EndProject
Project("{8BC9CEB8-8B4A-11D0-8D11-00A0C91BC942}") = "scheduler_threshold_benchmark", "scheduler_threshold_benchmark.vcxproj", "{86101013-7CAF-301D-922B-5E391C3F8A57}"
	ProjectSection(ProjectDependencies) = postProject
		{AC793657-B58C-3872-8A01-643376174A66} = {AC793657-B58C-3872-8A01-643376174A66}
	EndProjectSection
EndProject
Project("{8BC9CEB8-8B4A-11D0-8D11-00A0C91BC942}") = "scheduler_v2_arrival_scaling_test", "scheduler_v2_arrival_scaling_test.vcxproj", "{A4D059F2-AA67-3D26-9E90-6602658ABB1D}"
	ProjectSection(ProjectDependencies) = postProject
		{AC793657-B58C-3872-8A01-643376174A66} = {AC793657-B58C-3872-8A01-643376174A66}
	EndProjectSection
EndProject
Project("{8BC9CEB8-8B4A-11D0-8D11-00A0C91BC942}") = "scheduler_v2_compile_test", "scheduler_v2_compile_test.vcxproj", "{33DA778F-0B29-3A65-9CA6-A92223B6C32E}"
	ProjectSection(ProjectDependencies) = postProject
		{AC793657-B58C-3872-8A01-643376174A66} = {AC793657-B58C-3872-8A01-643376174A66}
	EndProjectSection
EndProject
Project("{8BC9CEB8-8B4A-11D0-8D11-00A0C91BC942}") = "scheduler_v2_control_test", "scheduler_v2_control_test.vcxproj", "{413B41F7-4C37-3D20-B9C6-E2C7AFF51C9D}"
	ProjectSection(ProjectDependencies) = postProject
		{AC793657-B58C-3872-8A01-643376174A66} = {AC793657-B58C-3872-8A01-643376174A66}
	EndProjectSection
EndProject
Project("{8BC9CEB8-8B4A-11D0-8D11-00A0C91BC942}") = "tcp_adaptive_pipeline_test", "networking\bridge\tcp_adaptive_pipeline_test.vcxproj", "{B3DD68E3-FB5C-3390-A029-06520AD525F6}"
	ProjectSection(ProjectDependencies) = postProject
		{AC793657-B58C-3872-8A01-643376174A66} = {AC793657-B58C-3872-8A01-643376174A66}
		{46C7CD88-3AEC-3153-875F-6B4F52C2A0B4} = {46C7CD88-3AEC-3153-875F-6B4F52C2A0B4}
		{930FE6FD-1160-371B-A525-5513F77D8174} = {930FE6FD-1160-371B-A525-5513F77D8174}
	EndProjectSection
EndProject
Project("{8BC9CEB8-8B4A-11D0-8D11-00A0C91BC942}") = "tcp_core_pipeline_test", "networking\bridge\tcp_core_pipeline_test.vcxproj", "{EE5B671A-EE81-3770-8994-6E3B8C7A422D}"
	ProjectSection(ProjectDependencies) = postProject
		{AC793657-B58C-3872-8A01-643376174A66} = {AC793657-B58C-3872-8A01-643376174A66}
		{46C7CD88-3AEC-3153-875F-6B4F52C2A0B4} = {46C7CD88-3AEC-3153-875F-6B4F52C2A0B4}
		{930FE6FD-1160-371B-A525-5513F77D8174} = {930FE6FD-1160-371B-A525-5513F77D8174}
	EndProjectSection
EndProject
Project("{8BC9CEB8-8B4A-11D0-8D11-00A0C91BC942}") = "tcp_persistent_server_test", "networking\tcp\tcp_persistent_server_test.vcxproj", "{AF89122F-12EC-3A4C-BEF2-495B0AB0253D}"
	ProjectSection(ProjectDependencies) = postProject
		{AC793657-B58C-3872-8A01-643376174A66} = {AC793657-B58C-3872-8A01-643376174A66}
		{46C7CD88-3AEC-3153-875F-6B4F52C2A0B4} = {46C7CD88-3AEC-3153-875F-6B4F52C2A0B4}
		{930FE6FD-1160-371B-A525-5513F77D8174} = {930FE6FD-1160-371B-A525-5513F77D8174}
		{5CF4263A-EEEF-3B76-A75E-DDF1F8220F85} = {5CF4263A-EEEF-3B76-A75E-DDF1F8220F85}
	EndProjectSection
EndProject
Project("{8BC9CEB8-8B4A-11D0-8D11-00A0C91BC942}") = "tcp_persistent_stream_test", "networking\tcp\tcp_persistent_stream_test.vcxproj", "{D8FDAAA5-CC4C-3127-8D4A-17FC06E52E46}"
	ProjectSection(ProjectDependencies) = postProject
		{AC793657-B58C-3872-8A01-643376174A66} = {AC793657-B58C-3872-8A01-643376174A66}
		{46C7CD88-3AEC-3153-875F-6B4F52C2A0B4} = {46C7CD88-3AEC-3153-875F-6B4F52C2A0B4}
		{930FE6FD-1160-371B-A525-5513F77D8174} = {930FE6FD-1160-371B-A525-5513F77D8174}
		{5CF4263A-EEEF-3B76-A75E-DDF1F8220F85} = {5CF4263A-EEEF-3B76-A75E-DDF1F8220F85}
	EndProjectSection
EndProject
Project("{8BC9CEB8-8B4A-11D0-8D11-00A0C91BC942}") = "tcp_pipeline_bridge_test", "networking\bridge\tcp_pipeline_bridge_test.vcxproj", "{73F1322C-4DDD-3D44-8636-E1D7B42A6DA6}"
	ProjectSection(ProjectDependencies) = postProject
		{AC793657-B58C-3872-8A01-643376174A66} = {AC793657-B58C-3872-8A01-643376174A66}
		{46C7CD88-3AEC-3153-875F-6B4F52C2A0B4} = {46C7CD88-3AEC-3153-875F-6B4F52C2A0B4}
		{930FE6FD-1160-371B-A525-5513F77D8174} = {930FE6FD-1160-371B-A525-5513F77D8174}
	EndProjectSection
EndProject
Project("{8BC9CEB8-8B4A-11D0-8D11-00A0C91BC942}") = "tcp_stream_robustness_test", "networking\tcp\tcp_stream_robustness_test.vcxproj", "{FC80EE66-E500-36B0-9988-42F3068B6EE3}"
	ProjectSection(ProjectDependencies) = postProject
		{AC793657-B58C-3872-8A01-643376174A66} = {AC793657-B58C-3872-8A01-643376174A66}
		{46C7CD88-3AEC-3153-875F-6B4F52C2A0B4} = {46C7CD88-3AEC-3153-875F-6B4F52C2A0B4}
		{930FE6FD-1160-371B-A525-5513F77D8174} = {930FE6FD-1160-371B-A525-5513F77D8174}
		{5CF4263A-EEEF-3B76-A75E-DDF1F8220F85} = {5CF4263A-EEEF-3B76-A75E-DDF1F8220F85}
	EndProjectSection
EndProject
Global
	GlobalSection(SolutionConfigurationPlatforms) = preSolution
		Debug|x64 = Debug|x64
		Release|x64 = Release|x64
		MinSizeRel|x64 = MinSizeRel|x64
		RelWithDebInfo|x64 = RelWithDebInfo|x64
	EndGlobalSection
	GlobalSection(ProjectConfigurationPlatforms) = postSolution
		{97B78CA3-4968-3565-A9DA-EE70EDA352C6}.Debug|x64.ActiveCfg = Debug|x64
		{97B78CA3-4968-3565-A9DA-EE70EDA352C6}.Release|x64.ActiveCfg = Release|x64
		{97B78CA3-4968-3565-A9DA-EE70EDA352C6}.MinSizeRel|x64.ActiveCfg = MinSizeRel|x64
		{97B78CA3-4968-3565-A9DA-EE70EDA352C6}.RelWithDebInfo|x64.ActiveCfg = RelWithDebInfo|x64
		{32F3D9BB-016F-35C9-AF94-ED37F913FF85}.Debug|x64.ActiveCfg = Debug|x64
		{32F3D9BB-016F-35C9-AF94-ED37F913FF85}.Release|x64.ActiveCfg = Release|x64
		{32F3D9BB-016F-35C9-AF94-ED37F913FF85}.MinSizeRel|x64.ActiveCfg = MinSizeRel|x64
		{32F3D9BB-016F-35C9-AF94-ED37F913FF85}.RelWithDebInfo|x64.ActiveCfg = RelWithDebInfo|x64
		{D23F7AB8-AD6E-3E06-B798-8FF410D56931}.Debug|x64.ActiveCfg = Debug|x64
		{D23F7AB8-AD6E-3E06-B798-8FF410D56931}.Release|x64.ActiveCfg = Release|x64
		{D23F7AB8-AD6E-3E06-B798-8FF410D56931}.MinSizeRel|x64.ActiveCfg = MinSizeRel|x64
		{D23F7AB8-AD6E-3E06-B798-8FF410D56931}.RelWithDebInfo|x64.ActiveCfg = RelWithDebInfo|x64
		{92716ECA-3673-37FA-8051-A623349175E5}.Debug|x64.ActiveCfg = Debug|x64
		{92716ECA-3673-37FA-8051-A623349175E5}.Release|x64.ActiveCfg = Release|x64
		{92716ECA-3673-37FA-8051-A623349175E5}.MinSizeRel|x64.ActiveCfg = MinSizeRel|x64
		{92716ECA-3673-37FA-8051-A623349175E5}.RelWithDebInfo|x64.ActiveCfg = RelWithDebInfo|x64
		{35E606FA-A18C-3A15-9D09-91D430700A73}.Debug|x64.ActiveCfg = Debug|x64
		{35E606FA-A18C-3A15-9D09-91D430700A73}.Release|x64.ActiveCfg = Release|x64
		{35E606FA-A18C-3A15-9D09-91D430700A73}.MinSizeRel|x64.ActiveCfg = MinSizeRel|x64
		{35E606FA-A18C-3A15-9D09-91D430700A73}.RelWithDebInfo|x64.ActiveCfg = RelWithDebInfo|x64
		{3EBDD7F7-63AB-360D-9759-17B2B14ED8E5}.Debug|x64.ActiveCfg = Debug|x64
		{3EBDD7F7-63AB-360D-9759-17B2B14ED8E5}.Release|x64.ActiveCfg = Release|x64
		{3EBDD7F7-63AB-360D-9759-17B2B14ED8E5}.MinSizeRel|x64.ActiveCfg = MinSizeRel|x64
		{3EBDD7F7-63AB-360D-9759-17B2B14ED8E5}.RelWithDebInfo|x64.ActiveCfg = RelWithDebInfo|x64
		{AC793657-B58C-3872-8A01-643376174A66}.Debug|x64.ActiveCfg = Debug|x64
		{AC793657-B58C-3872-8A01-643376174A66}.Debug|x64.Build.0 = Debug|x64
		{AC793657-B58C-3872-8A01-643376174A66}.Release|x64.ActiveCfg = Release|x64
		{AC793657-B58C-3872-8A01-643376174A66}.Release|x64.Build.0 = Release|x64
		{AC793657-B58C-3872-8A01-643376174A66}.MinSizeRel|x64.ActiveCfg = MinSizeRel|x64
		{AC793657-B58C-3872-8A01-643376174A66}.MinSizeRel|x64.Build.0 = MinSizeRel|x64
		{AC793657-B58C-3872-8A01-643376174A66}.RelWithDebInfo|x64.ActiveCfg = RelWithDebInfo|x64
		{AC793657-B58C-3872-8A01-643376174A66}.RelWithDebInfo|x64.Build.0 = RelWithDebInfo|x64
		{D7A6320E-B2BA-3D55-84D1-68817DCC6EC3}.Debug|x64.ActiveCfg = Debug|x64
		{D7A6320E-B2BA-3D55-84D1-68817DCC6EC3}.Debug|x64.Build.0 = Debug|x64
		{D7A6320E-B2BA-3D55-84D1-68817DCC6EC3}.Release|x64.ActiveCfg = Release|x64
		{D7A6320E-B2BA-3D55-84D1-68817DCC6EC3}.Release|x64.Build.0 = Release|x64
		{D7A6320E-B2BA-3D55-84D1-68817DCC6EC3}.MinSizeRel|x64.ActiveCfg = MinSizeRel|x64
		{D7A6320E-B2BA-3D55-84D1-68817DCC6EC3}.MinSizeRel|x64.Build.0 = MinSizeRel|x64
		{D7A6320E-B2BA-3D55-84D1-68817DCC6EC3}.RelWithDebInfo|x64.ActiveCfg = RelWithDebInfo|x64
		{D7A6320E-B2BA-3D55-84D1-68817DCC6EC3}.RelWithDebInfo|x64.Build.0 = RelWithDebInfo|x64
		{43EE100A-590B-33F3-BF56-2F2B332DF19F}.Debug|x64.ActiveCfg = Debug|x64
		{43EE100A-590B-33F3-BF56-2F2B332DF19F}.Debug|x64.Build.0 = Debug|x64
		{43EE100A-590B-33F3-BF56-2F2B332DF19F}.Release|x64.ActiveCfg = Release|x64
		{43EE100A-590B-33F3-BF56-2F2B332DF19F}.Release|x64.Build.0 = Release|x64
		{43EE100A-590B-33F3-BF56-2F2B332DF19F}.MinSizeRel|x64.ActiveCfg = MinSizeRel|x64
		{43EE100A-590B-33F3-BF56-2F2B332DF19F}.MinSizeRel|x64.Build.0 = MinSizeRel|x64
		{43EE100A-590B-33F3-BF56-2F2B332DF19F}.RelWithDebInfo|x64.ActiveCfg = RelWithDebInfo|x64
		{43EE100A-590B-33F3-BF56-2F2B332DF19F}.RelWithDebInfo|x64.Build.0 = RelWithDebInfo|x64
		{D194156D-4048-3A9E-94F3-B8710E32964A}.Debug|x64.ActiveCfg = Debug|x64
		{D194156D-4048-3A9E-94F3-B8710E32964A}.Debug|x64.Build.0 = Debug|x64
		{D194156D-4048-3A9E-94F3-B8710E32964A}.Release|x64.ActiveCfg = Release|x64
		{D194156D-4048-3A9E-94F3-B8710E32964A}.Release|x64.Build.0 = Release|x64
		{D194156D-4048-3A9E-94F3-B8710E32964A}.MinSizeRel|x64.ActiveCfg = MinSizeRel|x64
		{D194156D-4048-3A9E-94F3-B8710E32964A}.MinSizeRel|x64.Build.0 = MinSizeRel|x64
		{D194156D-4048-3A9E-94F3-B8710E32964A}.RelWithDebInfo|x64.ActiveCfg = RelWithDebInfo|x64
		{D194156D-4048-3A9E-94F3-B8710E32964A}.RelWithDebInfo|x64.Build.0 = RelWithDebInfo|x64
		{A1ADA278-BBDD-3919-8D23-7EF72D4A2591}.Debug|x64.ActiveCfg = Debug|x64
		{A1ADA278-BBDD-3919-8D23-7EF72D4A2591}.Debug|x64.Build.0 = Debug|x64
		{A1ADA278-BBDD-3919-8D23-7EF72D4A2591}.Release|x64.ActiveCfg = Release|x64
		{A1ADA278-BBDD-3919-8D23-7EF72D4A2591}.Release|x64.Build.0 = Release|x64
		{A1ADA278-BBDD-3919-8D23-7EF72D4A2591}.MinSizeRel|x64.ActiveCfg = MinSizeRel|x64
		{A1ADA278-BBDD-3919-8D23-7EF72D4A2591}.MinSizeRel|x64.Build.0 = MinSizeRel|x64
		{A1ADA278-BBDD-3919-8D23-7EF72D4A2591}.RelWithDebInfo|x64.ActiveCfg = RelWithDebInfo|x64
		{A1ADA278-BBDD-3919-8D23-7EF72D4A2591}.RelWithDebInfo|x64.Build.0 = RelWithDebInfo|x64
		{A4538D74-2597-3BDF-89CD-77915511FF23}.Debug|x64.ActiveCfg = Debug|x64
		{A4538D74-2597-3BDF-89CD-77915511FF23}.Debug|x64.Build.0 = Debug|x64
		{A4538D74-2597-3BDF-89CD-77915511FF23}.Release|x64.ActiveCfg = Release|x64
		{A4538D74-2597-3BDF-89CD-77915511FF23}.Release|x64.Build.0 = Release|x64
		{A4538D74-2597-3BDF-89CD-77915511FF23}.MinSizeRel|x64.ActiveCfg = MinSizeRel|x64
		{A4538D74-2597-3BDF-89CD-77915511FF23}.MinSizeRel|x64.Build.0 = MinSizeRel|x64
		{A4538D74-2597-3BDF-89CD-77915511FF23}.RelWithDebInfo|x64.ActiveCfg = RelWithDebInfo|x64
		{A4538D74-2597-3BDF-89CD-77915511FF23}.RelWithDebInfo|x64.Build.0 = RelWithDebInfo|x64
		{27114EA5-65A4-33BB-991B-E25DF4373BE8}.Debug|x64.ActiveCfg = Debug|x64
		{27114EA5-65A4-33BB-991B-E25DF4373BE8}.Debug|x64.Build.0 = Debug|x64
		{27114EA5-65A4-33BB-991B-E25DF4373BE8}.Release|x64.ActiveCfg = Release|x64
		{27114EA5-65A4-33BB-991B-E25DF4373BE8}.Release|x64.Build.0 = Release|x64
		{27114EA5-65A4-33BB-991B-E25DF4373BE8}.MinSizeRel|x64.ActiveCfg = MinSizeRel|x64
		{27114EA5-65A4-33BB-991B-E25DF4373BE8}.MinSizeRel|x64.Build.0 = MinSizeRel|x64
		{27114EA5-65A4-33BB-991B-E25DF4373BE8}.RelWithDebInfo|x64.ActiveCfg = RelWithDebInfo|x64
		{27114EA5-65A4-33BB-991B-E25DF4373BE8}.RelWithDebInfo|x64.Build.0 = RelWithDebInfo|x64
		{81FB05B8-47B5-3D78-AD63-E5BF0C482F46}.Debug|x64.ActiveCfg = Debug|x64
		{81FB05B8-47B5-3D78-AD63-E5BF0C482F46}.Debug|x64.Build.0 = Debug|x64
		{81FB05B8-47B5-3D78-AD63-E5BF0C482F46}.Release|x64.ActiveCfg = Release|x64
		{81FB05B8-47B5-3D78-AD63-E5BF0C482F46}.Release|x64.Build.0 = Release|x64
		{81FB05B8-47B5-3D78-AD63-E5BF0C482F46}.MinSizeRel|x64.ActiveCfg = MinSizeRel|x64
		{81FB05B8-47B5-3D78-AD63-E5BF0C482F46}.MinSizeRel|x64.Build.0 = MinSizeRel|x64
		{81FB05B8-47B5-3D78-AD63-E5BF0C482F46}.RelWithDebInfo|x64.ActiveCfg = RelWithDebInfo|x64
		{81FB05B8-47B5-3D78-AD63-E5BF0C482F46}.RelWithDebInfo|x64.Build.0 = RelWithDebInfo|x64
		{24010B11-7224-38CA-AB91-28F1EB36B187}.Debug|x64.ActiveCfg = Debug|x64
		{24010B11-7224-38CA-AB91-28F1EB36B187}.Debug|x64.Build.0 = Debug|x64
		{24010B11-7224-38CA-AB91-28F1EB36B187}.Release|x64.ActiveCfg = Release|x64
		{24010B11-7224-38CA-AB91-28F1EB36B187}.Release|x64.Build.0 = Release|x64
		{24010B11-7224-38CA-AB91-28F1EB36B187}.MinSizeRel|x64.ActiveCfg = MinSizeRel|x64
		{24010B11-7224-38CA-AB91-28F1EB36B187}.MinSizeRel|x64.Build.0 = MinSizeRel|x64
		{24010B11-7224-38CA-AB91-28F1EB36B187}.RelWithDebInfo|x64.ActiveCfg = RelWithDebInfo|x64
		{24010B11-7224-38CA-AB91-28F1EB36B187}.RelWithDebInfo|x64.Build.0 = RelWithDebInfo|x64
		{0A2820E9-52B6-335A-AEF2-9C645BC0ACA0}.Debug|x64.ActiveCfg = Debug|x64
		{0A2820E9-52B6-335A-AEF2-9C645BC0ACA0}.Debug|x64.Build.0 = Debug|x64
		{0A2820E9-52B6-335A-AEF2-9C645BC0ACA0}.Release|x64.ActiveCfg = Release|x64
		{0A2820E9-52B6-335A-AEF2-9C645BC0ACA0}.Release|x64.Build.0 = Release|x64
		{0A2820E9-52B6-335A-AEF2-9C645BC0ACA0}.MinSizeRel|x64.ActiveCfg = MinSizeRel|x64
		{0A2820E9-52B6-335A-AEF2-9C645BC0ACA0}.MinSizeRel|x64.Build.0 = MinSizeRel|x64
		{0A2820E9-52B6-335A-AEF2-9C645BC0ACA0}.RelWithDebInfo|x64.ActiveCfg = RelWithDebInfo|x64
		{0A2820E9-52B6-335A-AEF2-9C645BC0ACA0}.RelWithDebInfo|x64.Build.0 = RelWithDebInfo|x64
		{829BB6F6-C843-3249-B898-D9D7E1C6A488}.Debug|x64.ActiveCfg = Debug|x64
		{829BB6F6-C843-3249-B898-D9D7E1C6A488}.Debug|x64.Build.0 = Debug|x64
		{829BB6F6-C843-3249-B898-D9D7E1C6A488}.Release|x64.ActiveCfg = Release|x64
		{829BB6F6-C843-3249-B898-D9D7E1C6A488}.Release|x64.Build.0 = Release|x64
		{829BB6F6-C843-3249-B898-D9D7E1C6A488}.MinSizeRel|x64.ActiveCfg = MinSizeRel|x64
		{829BB6F6-C843-3249-B898-D9D7E1C6A488}.MinSizeRel|x64.Build.0 = MinSizeRel|x64
		{829BB6F6-C843-3249-B898-D9D7E1C6A488}.RelWithDebInfo|x64.ActiveCfg = RelWithDebInfo|x64
		{829BB6F6-C843-3249-B898-D9D7E1C6A488}.RelWithDebInfo|x64.Build.0 = RelWithDebInfo|x64
		{745F1737-66BF-3CF0-92DC-649C4737D1C3}.Debug|x64.ActiveCfg = Debug|x64
		{745F1737-66BF-3CF0-92DC-649C4737D1C3}.Debug|x64.Build.0 = Debug|x64
		{745F1737-66BF-3CF0-92DC-649C4737D1C3}.Release|x64.ActiveCfg = Release|x64
		{745F1737-66BF-3CF0-92DC-649C4737D1C3}.Release|x64.Build.0 = Release|x64
		{745F1737-66BF-3CF0-92DC-649C4737D1C3}.MinSizeRel|x64.ActiveCfg = MinSizeRel|x64
		{745F1737-66BF-3CF0-92DC-649C4737D1C3}.MinSizeRel|x64.Build.0 = MinSizeRel|x64
		{745F1737-66BF-3CF0-92DC-649C4737D1C3}.RelWithDebInfo|x64.ActiveCfg = RelWithDebInfo|x64
		{745F1737-66BF-3CF0-92DC-649C4737D1C3}.RelWithDebInfo|x64.Build.0 = RelWithDebInfo|x64
		{8AD7A229-2832-3D05-A4FE-4572C33624E5}.Debug|x64.ActiveCfg = Debug|x64
		{8AD7A229-2832-3D05-A4FE-4572C33624E5}.Debug|x64.Build.0 = Debug|x64
		{8AD7A229-2832-3D05-A4FE-4572C33624E5}.Release|x64.ActiveCfg = Release|x64
		{8AD7A229-2832-3D05-A4FE-4572C33624E5}.Release|x64.Build.0 = Release|x64
		{8AD7A229-2832-3D05-A4FE-4572C33624E5}.MinSizeRel|x64.ActiveCfg = MinSizeRel|x64
		{8AD7A229-2832-3D05-A4FE-4572C33624E5}.MinSizeRel|x64.Build.0 = MinSizeRel|x64
		{8AD7A229-2832-3D05-A4FE-4572C33624E5}.RelWithDebInfo|x64.ActiveCfg = RelWithDebInfo|x64
		{8AD7A229-2832-3D05-A4FE-4572C33624E5}.RelWithDebInfo|x64.Build.0 = RelWithDebInfo|x64
		{F236D435-33F9-3F61-8961-3D6D2E7EFF8B}.Debug|x64.ActiveCfg = Debug|x64
		{F236D435-33F9-3F61-8961-3D6D2E7EFF8B}.Debug|x64.Build.0 = Debug|x64
		{F236D435-33F9-3F61-8961-3D6D2E7EFF8B}.Release|x64.ActiveCfg = Release|x64
		{F236D435-33F9-3F61-8961-3D6D2E7EFF8B}.Release|x64.Build.0 = Release|x64
		{F236D435-33F9-3F61-8961-3D6D2E7EFF8B}.MinSizeRel|x64.ActiveCfg = MinSizeRel|x64
		{F236D435-33F9-3F61-8961-3D6D2E7EFF8B}.MinSizeRel|x64.Build.0 = MinSizeRel|x64
		{F236D435-33F9-3F61-8961-3D6D2E7EFF8B}.RelWithDebInfo|x64.ActiveCfg = RelWithDebInfo|x64
		{F236D435-33F9-3F61-8961-3D6D2E7EFF8B}.RelWithDebInfo|x64.Build.0 = RelWithDebInfo|x64
		{127B2169-BA81-309B-A5DA-7046D4856F14}.Debug|x64.ActiveCfg = Debug|x64
		{127B2169-BA81-309B-A5DA-7046D4856F14}.Debug|x64.Build.0 = Debug|x64
		{127B2169-BA81-309B-A5DA-7046D4856F14}.Release|x64.ActiveCfg = Release|x64
		{127B2169-BA81-309B-A5DA-7046D4856F14}.Release|x64.Build.0 = Release|x64
		{127B2169-BA81-309B-A5DA-7046D4856F14}.MinSizeRel|x64.ActiveCfg = MinSizeRel|x64
		{127B2169-BA81-309B-A5DA-7046D4856F14}.MinSizeRel|x64.Build.0 = MinSizeRel|x64
		{127B2169-BA81-309B-A5DA-7046D4856F14}.RelWithDebInfo|x64.ActiveCfg = RelWithDebInfo|x64
		{127B2169-BA81-309B-A5DA-7046D4856F14}.RelWithDebInfo|x64.Build.0 = RelWithDebInfo|x64
		{4B932402-D9D2-3C81-83DE-3ABADA70960B}.Debug|x64.ActiveCfg = Debug|x64
		{4B932402-D9D2-3C81-83DE-3ABADA70960B}.Debug|x64.Build.0 = Debug|x64
		{4B932402-D9D2-3C81-83DE-3ABADA70960B}.Release|x64.ActiveCfg = Release|x64
		{4B932402-D9D2-3C81-83DE-3ABADA70960B}.Release|x64.Build.0 = Release|x64
		{4B932402-D9D2-3C81-83DE-3ABADA70960B}.MinSizeRel|x64.ActiveCfg = MinSizeRel|x64
		{4B932402-D9D2-3C81-83DE-3ABADA70960B}.MinSizeRel|x64.Build.0 = MinSizeRel|x64
		{4B932402-D9D2-3C81-83DE-3ABADA70960B}.RelWithDebInfo|x64.ActiveCfg = RelWithDebInfo|x64
		{4B932402-D9D2-3C81-83DE-3ABADA70960B}.RelWithDebInfo|x64.Build.0 = RelWithDebInfo|x64
		{47B7FB1C-004E-3E5E-8581-EA5DB8CE50B5}.Debug|x64.ActiveCfg = Debug|x64
		{47B7FB1C-004E-3E5E-8581-EA5DB8CE50B5}.Debug|x64.Build.0 = Debug|x64
		{47B7FB1C-004E-3E5E-8581-EA5DB8CE50B5}.Release|x64.ActiveCfg = Release|x64
		{47B7FB1C-004E-3E5E-8581-EA5DB8CE50B5}.Release|x64.Build.0 = Release|x64
		{47B7FB1C-004E-3E5E-8581-EA5DB8CE50B5}.MinSizeRel|x64.ActiveCfg = MinSizeRel|x64
		{47B7FB1C-004E-3E5E-8581-EA5DB8CE50B5}.MinSizeRel|x64.Build.0 = MinSizeRel|x64
		{47B7FB1C-004E-3E5E-8581-EA5DB8CE50B5}.RelWithDebInfo|x64.ActiveCfg = RelWithDebInfo|x64
		{47B7FB1C-004E-3E5E-8581-EA5DB8CE50B5}.RelWithDebInfo|x64.Build.0 = RelWithDebInfo|x64
		{A9AE0BC8-FBDF-3163-A669-66EAFAE1AF77}.Debug|x64.ActiveCfg = Debug|x64
		{A9AE0BC8-FBDF-3163-A669-66EAFAE1AF77}.Debug|x64.Build.0 = Debug|x64
		{A9AE0BC8-FBDF-3163-A669-66EAFAE1AF77}.Release|x64.ActiveCfg = Release|x64
		{A9AE0BC8-FBDF-3163-A669-66EAFAE1AF77}.Release|x64.Build.0 = Release|x64
		{A9AE0BC8-FBDF-3163-A669-66EAFAE1AF77}.MinSizeRel|x64.ActiveCfg = MinSizeRel|x64
		{A9AE0BC8-FBDF-3163-A669-66EAFAE1AF77}.MinSizeRel|x64.Build.0 = MinSizeRel|x64
		{A9AE0BC8-FBDF-3163-A669-66EAFAE1AF77}.RelWithDebInfo|x64.ActiveCfg = RelWithDebInfo|x64
		{A9AE0BC8-FBDF-3163-A669-66EAFAE1AF77}.RelWithDebInfo|x64.Build.0 = RelWithDebInfo|x64
		{580984AE-EC51-3D4D-8F9E-34C09D2003F4}.Debug|x64.ActiveCfg = Debug|x64
		{580984AE-EC51-3D4D-8F9E-34C09D2003F4}.Debug|x64.Build.0 = Debug|x64
		{580984AE-EC51-3D4D-8F9E-34C09D2003F4}.Release|x64.ActiveCfg = Release|x64
		{580984AE-EC51-3D4D-8F9E-34C09D2003F4}.Release|x64.Build.0 = Release|x64
		{580984AE-EC51-3D4D-8F9E-34C09D2003F4}.MinSizeRel|x64.ActiveCfg = MinSizeRel|x64
		{580984AE-EC51-3D4D-8F9E-34C09D2003F4}.MinSizeRel|x64.Build.0 = MinSizeRel|x64
		{580984AE-EC51-3D4D-8F9E-34C09D2003F4}.RelWithDebInfo|x64.ActiveCfg = RelWithDebInfo|x64
		{580984AE-EC51-3D4D-8F9E-34C09D2003F4}.RelWithDebInfo|x64.Build.0 = RelWithDebInfo|x64
		{46C7CD88-3AEC-3153-875F-6B4F52C2A0B4}.Debug|x64.ActiveCfg = Debug|x64
		{46C7CD88-3AEC-3153-875F-6B4F52C2A0B4}.Debug|x64.Build.0 = Debug|x64
		{46C7CD88-3AEC-3153-875F-6B4F52C2A0B4}.Release|x64.ActiveCfg = Release|x64
		{46C7CD88-3AEC-3153-875F-6B4F52C2A0B4}.Release|x64.Build.0 = Release|x64
		{46C7CD88-3AEC-3153-875F-6B4F52C2A0B4}.MinSizeRel|x64.ActiveCfg = MinSizeRel|x64
		{46C7CD88-3AEC-3153-875F-6B4F52C2A0B4}.MinSizeRel|x64.Build.0 = MinSizeRel|x64
		{46C7CD88-3AEC-3153-875F-6B4F52C2A0B4}.RelWithDebInfo|x64.ActiveCfg = RelWithDebInfo|x64
		{46C7CD88-3AEC-3153-875F-6B4F52C2A0B4}.RelWithDebInfo|x64.Build.0 = RelWithDebInfo|x64
		{488A2460-94AE-3644-AD33-513689227AB8}.Debug|x64.ActiveCfg = Debug|x64
		{488A2460-94AE-3644-AD33-513689227AB8}.Debug|x64.Build.0 = Debug|x64
		{488A2460-94AE-3644-AD33-513689227AB8}.Release|x64.ActiveCfg = Release|x64
		{488A2460-94AE-3644-AD33-513689227AB8}.Release|x64.Build.0 = Release|x64
		{488A2460-94AE-3644-AD33-513689227AB8}.MinSizeRel|x64.ActiveCfg = MinSizeRel|x64
		{488A2460-94AE-3644-AD33-513689227AB8}.MinSizeRel|x64.Build.0 = MinSizeRel|x64
		{488A2460-94AE-3644-AD33-513689227AB8}.RelWithDebInfo|x64.ActiveCfg = RelWithDebInfo|x64
		{488A2460-94AE-3644-AD33-513689227AB8}.RelWithDebInfo|x64.Build.0 = RelWithDebInfo|x64
		{7AF737FF-122E-3A39-9978-8FF7DDCF62A6}.Debug|x64.ActiveCfg = Debug|x64
		{7AF737FF-122E-3A39-9978-8FF7DDCF62A6}.Debug|x64.Build.0 = Debug|x64
		{7AF737FF-122E-3A39-9978-8FF7DDCF62A6}.Release|x64.ActiveCfg = Release|x64
		{7AF737FF-122E-3A39-9978-8FF7DDCF62A6}.Release|x64.Build.0 = Release|x64
		{7AF737FF-122E-3A39-9978-8FF7DDCF62A6}.MinSizeRel|x64.ActiveCfg = MinSizeRel|x64
		{7AF737FF-122E-3A39-9978-8FF7DDCF62A6}.MinSizeRel|x64.Build.0 = MinSizeRel|x64
		{7AF737FF-122E-3A39-9978-8FF7DDCF62A6}.RelWithDebInfo|x64.ActiveCfg = RelWithDebInfo|x64
		{7AF737FF-122E-3A39-9978-8FF7DDCF62A6}.RelWithDebInfo|x64.Build.0 = RelWithDebInfo|x64
		{75664E4E-4220-34CE-B743-B6568DC5CB38}.Debug|x64.ActiveCfg = Debug|x64
		{75664E4E-4220-34CE-B743-B6568DC5CB38}.Debug|x64.Build.0 = Debug|x64
		{75664E4E-4220-34CE-B743-B6568DC5CB38}.Release|x64.ActiveCfg = Release|x64
		{75664E4E-4220-34CE-B743-B6568DC5CB38}.Release|x64.Build.0 = Release|x64
		{75664E4E-4220-34CE-B743-B6568DC5CB38}.MinSizeRel|x64.ActiveCfg = MinSizeRel|x64
		{75664E4E-4220-34CE-B743-B6568DC5CB38}.MinSizeRel|x64.Build.0 = MinSizeRel|x64
		{75664E4E-4220-34CE-B743-B6568DC5CB38}.RelWithDebInfo|x64.ActiveCfg = RelWithDebInfo|x64
		{75664E4E-4220-34CE-B743-B6568DC5CB38}.RelWithDebInfo|x64.Build.0 = RelWithDebInfo|x64
		{1A56557F-3F7C-3876-A45C-2C636AB6B36C}.Debug|x64.ActiveCfg = Debug|x64
		{1A56557F-3F7C-3876-A45C-2C636AB6B36C}.Debug|x64.Build.0 = Debug|x64
		{1A56557F-3F7C-3876-A45C-2C636AB6B36C}.Release|x64.ActiveCfg = Release|x64
		{1A56557F-3F7C-3876-A45C-2C636AB6B36C}.Release|x64.Build.0 = Release|x64
		{1A56557F-3F7C-3876-A45C-2C636AB6B36C}.MinSizeRel|x64.ActiveCfg = MinSizeRel|x64
		{1A56557F-3F7C-3876-A45C-2C636AB6B36C}.MinSizeRel|x64.Build.0 = MinSizeRel|x64
		{1A56557F-3F7C-3876-A45C-2C636AB6B36C}.RelWithDebInfo|x64.ActiveCfg = RelWithDebInfo|x64
		{1A56557F-3F7C-3876-A45C-2C636AB6B36C}.RelWithDebInfo|x64.Build.0 = RelWithDebInfo|x64
		{87E9E765-7487-3B06-BF91-6D53B4D13E40}.Debug|x64.ActiveCfg = Debug|x64
		{87E9E765-7487-3B06-BF91-6D53B4D13E40}.Debug|x64.Build.0 = Debug|x64
		{87E9E765-7487-3B06-BF91-6D53B4D13E40}.Release|x64.ActiveCfg = Release|x64
		{87E9E765-7487-3B06-BF91-6D53B4D13E40}.Release|x64.Build.0 = Release|x64
		{87E9E765-7487-3B06-BF91-6D53B4D13E40}.MinSizeRel|x64.ActiveCfg = MinSizeRel|x64
		{87E9E765-7487-3B06-BF91-6D53B4D13E40}.MinSizeRel|x64.Build.0 = MinSizeRel|x64
		{87E9E765-7487-3B06-BF91-6D53B4D13E40}.RelWithDebInfo|x64.ActiveCfg = RelWithDebInfo|x64
		{87E9E765-7487-3B06-BF91-6D53B4D13E40}.RelWithDebInfo|x64.Build.0 = RelWithDebInfo|x64
		{930FE6FD-1160-371B-A525-5513F77D8174}.Debug|x64.ActiveCfg = Debug|x64
		{930FE6FD-1160-371B-A525-5513F77D8174}.Debug|x64.Build.0 = Debug|x64
		{930FE6FD-1160-371B-A525-5513F77D8174}.Release|x64.ActiveCfg = Release|x64
		{930FE6FD-1160-371B-A525-5513F77D8174}.Release|x64.Build.0 = Release|x64
		{930FE6FD-1160-371B-A525-5513F77D8174}.MinSizeRel|x64.ActiveCfg = MinSizeRel|x64
		{930FE6FD-1160-371B-A525-5513F77D8174}.MinSizeRel|x64.Build.0 = MinSizeRel|x64
		{930FE6FD-1160-371B-A525-5513F77D8174}.RelWithDebInfo|x64.ActiveCfg = RelWithDebInfo|x64
		{930FE6FD-1160-371B-A525-5513F77D8174}.RelWithDebInfo|x64.Build.0 = RelWithDebInfo|x64
		{5CF4263A-EEEF-3B76-A75E-DDF1F8220F85}.Debug|x64.ActiveCfg = Debug|x64
		{5CF4263A-EEEF-3B76-A75E-DDF1F8220F85}.Debug|x64.Build.0 = Debug|x64
		{5CF4263A-EEEF-3B76-A75E-DDF1F8220F85}.Release|x64.ActiveCfg = Release|x64
		{5CF4263A-EEEF-3B76-A75E-DDF1F8220F85}.Release|x64.Build.0 = Release|x64
		{5CF4263A-EEEF-3B76-A75E-DDF1F8220F85}.MinSizeRel|x64.ActiveCfg = MinSizeRel|x64
		{5CF4263A-EEEF-3B76-A75E-DDF1F8220F85}.MinSizeRel|x64.Build.0 = MinSizeRel|x64
		{5CF4263A-EEEF-3B76-A75E-DDF1F8220F85}.RelWithDebInfo|x64.ActiveCfg = RelWithDebInfo|x64
		{5CF4263A-EEEF-3B76-A75E-DDF1F8220F85}.RelWithDebInfo|x64.Build.0 = RelWithDebInfo|x64
		{67E9A3A3-BCAB-3150-B023-A1FF4D614B5A}.Debug|x64.ActiveCfg = Debug|x64
		{67E9A3A3-BCAB-3150-B023-A1FF4D614B5A}.Debug|x64.Build.0 = Debug|x64
		{67E9A3A3-BCAB-3150-B023-A1FF4D614B5A}.Release|x64.ActiveCfg = Release|x64
		{67E9A3A3-BCAB-3150-B023-A1FF4D614B5A}.Release|x64.Build.0 = Release|x64
		{67E9A3A3-BCAB-3150-B023-A1FF4D614B5A}.MinSizeRel|x64.ActiveCfg = MinSizeRel|x64
		{67E9A3A3-BCAB-3150-B023-A1FF4D614B5A}.MinSizeRel|x64.Build.0 = MinSizeRel|x64
		{67E9A3A3-BCAB-3150-B023-A1FF4D614B5A}.RelWithDebInfo|x64.ActiveCfg = RelWithDebInfo|x64
		{67E9A3A3-BCAB-3150-B023-A1FF4D614B5A}.RelWithDebInfo|x64.Build.0 = RelWithDebInfo|x64
		{9C374296-BA9C-3682-B75B-E367E0803D43}.Debug|x64.ActiveCfg = Debug|x64
		{9C374296-BA9C-3682-B75B-E367E0803D43}.Debug|x64.Build.0 = Debug|x64
		{9C374296-BA9C-3682-B75B-E367E0803D43}.Release|x64.ActiveCfg = Release|x64
		{9C374296-BA9C-3682-B75B-E367E0803D43}.Release|x64.Build.0 = Release|x64
		{9C374296-BA9C-3682-B75B-E367E0803D43}.MinSizeRel|x64.ActiveCfg = MinSizeRel|x64
		{9C374296-BA9C-3682-B75B-E367E0803D43}.MinSizeRel|x64.Build.0 = MinSizeRel|x64
		{9C374296-BA9C-3682-B75B-E367E0803D43}.RelWithDebInfo|x64.ActiveCfg = RelWithDebInfo|x64
		{9C374296-BA9C-3682-B75B-E367E0803D43}.RelWithDebInfo|x64.Build.0 = RelWithDebInfo|x64
		{B97A750C-CAC6-37C2-BC28-A6583F6FDD38}.Debug|x64.ActiveCfg = Debug|x64
		{B97A750C-CAC6-37C2-BC28-A6583F6FDD38}.Debug|x64.Build.0 = Debug|x64
		{B97A750C-CAC6-37C2-BC28-A6583F6FDD38}.Release|x64.ActiveCfg = Release|x64
		{B97A750C-CAC6-37C2-BC28-A6583F6FDD38}.Release|x64.Build.0 = Release|x64
		{B97A750C-CAC6-37C2-BC28-A6583F6FDD38}.MinSizeRel|x64.ActiveCfg = MinSizeRel|x64
		{B97A750C-CAC6-37C2-BC28-A6583F6FDD38}.MinSizeRel|x64.Build.0 = MinSizeRel|x64
		{B97A750C-CAC6-37C2-BC28-A6583F6FDD38}.RelWithDebInfo|x64.ActiveCfg = RelWithDebInfo|x64
		{B97A750C-CAC6-37C2-BC28-A6583F6FDD38}.RelWithDebInfo|x64.Build.0 = RelWithDebInfo|x64
		{3ED0876C-1B20-3331-9289-EC01918F0ED4}.Debug|x64.ActiveCfg = Debug|x64
		{3ED0876C-1B20-3331-9289-EC01918F0ED4}.Debug|x64.Build.0 = Debug|x64
		{3ED0876C-1B20-3331-9289-EC01918F0ED4}.Release|x64.ActiveCfg = Release|x64
		{3ED0876C-1B20-3331-9289-EC01918F0ED4}.Release|x64.Build.0 = Release|x64
		{3ED0876C-1B20-3331-9289-EC01918F0ED4}.MinSizeRel|x64.ActiveCfg = MinSizeRel|x64
		{3ED0876C-1B20-3331-9289-EC01918F0ED4}.MinSizeRel|x64.Build.0 = MinSizeRel|x64
		{3ED0876C-1B20-3331-9289-EC01918F0ED4}.RelWithDebInfo|x64.ActiveCfg = RelWithDebInfo|x64
		{3ED0876C-1B20-3331-9289-EC01918F0ED4}.RelWithDebInfo|x64.Build.0 = RelWithDebInfo|x64
		{0C22227F-EBD1-3B55-98E4-4009A5B2E22E}.Debug|x64.ActiveCfg = Debug|x64
		{0C22227F-EBD1-3B55-98E4-4009A5B2E22E}.Debug|x64.Build.0 = Debug|x64
		{0C22227F-EBD1-3B55-98E4-4009A5B2E22E}.Release|x64.ActiveCfg = Release|x64
		{0C22227F-EBD1-3B55-98E4-4009A5B2E22E}.Release|x64.Build.0 = Release|x64
		{0C22227F-EBD1-3B55-98E4-4009A5B2E22E}.MinSizeRel|x64.ActiveCfg = MinSizeRel|x64
		{0C22227F-EBD1-3B55-98E4-4009A5B2E22E}.MinSizeRel|x64.Build.0 = MinSizeRel|x64
		{0C22227F-EBD1-3B55-98E4-4009A5B2E22E}.RelWithDebInfo|x64.ActiveCfg = RelWithDebInfo|x64
		{0C22227F-EBD1-3B55-98E4-4009A5B2E22E}.RelWithDebInfo|x64.Build.0 = RelWithDebInfo|x64
		{BF8DEB4B-A450-3117-B373-F939B252916D}.Debug|x64.ActiveCfg = Debug|x64
		{BF8DEB4B-A450-3117-B373-F939B252916D}.Debug|x64.Build.0 = Debug|x64
		{BF8DEB4B-A450-3117-B373-F939B252916D}.Release|x64.ActiveCfg = Release|x64
		{BF8DEB4B-A450-3117-B373-F939B252916D}.Release|x64.Build.0 = Release|x64
		{BF8DEB4B-A450-3117-B373-F939B252916D}.MinSizeRel|x64.ActiveCfg = MinSizeRel|x64
		{BF8DEB4B-A450-3117-B373-F939B252916D}.MinSizeRel|x64.Build.0 = MinSizeRel|x64
		{BF8DEB4B-A450-3117-B373-F939B252916D}.RelWithDebInfo|x64.ActiveCfg = RelWithDebInfo|x64
		{BF8DEB4B-A450-3117-B373-F939B252916D}.RelWithDebInfo|x64.Build.0 = RelWithDebInfo|x64
		{65F7EDEF-500A-330E-87A2-18EE16DCE1BB}.Debug|x64.ActiveCfg = Debug|x64
		{65F7EDEF-500A-330E-87A2-18EE16DCE1BB}.Debug|x64.Build.0 = Debug|x64
		{65F7EDEF-500A-330E-87A2-18EE16DCE1BB}.Release|x64.ActiveCfg = Release|x64
		{65F7EDEF-500A-330E-87A2-18EE16DCE1BB}.Release|x64.Build.0 = Release|x64
		{65F7EDEF-500A-330E-87A2-18EE16DCE1BB}.MinSizeRel|x64.ActiveCfg = MinSizeRel|x64
		{65F7EDEF-500A-330E-87A2-18EE16DCE1BB}.MinSizeRel|x64.Build.0 = MinSizeRel|x64
		{65F7EDEF-500A-330E-87A2-18EE16DCE1BB}.RelWithDebInfo|x64.ActiveCfg = RelWithDebInfo|x64
		{65F7EDEF-500A-330E-87A2-18EE16DCE1BB}.RelWithDebInfo|x64.Build.0 = RelWithDebInfo|x64
		{4FC9C100-343C-35F8-92C0-026F049A4DA2}.Debug|x64.ActiveCfg = Debug|x64
		{4FC9C100-343C-35F8-92C0-026F049A4DA2}.Debug|x64.Build.0 = Debug|x64
		{4FC9C100-343C-35F8-92C0-026F049A4DA2}.Release|x64.ActiveCfg = Release|x64
		{4FC9C100-343C-35F8-92C0-026F049A4DA2}.Release|x64.Build.0 = Release|x64
		{4FC9C100-343C-35F8-92C0-026F049A4DA2}.MinSizeRel|x64.ActiveCfg = MinSizeRel|x64
		{4FC9C100-343C-35F8-92C0-026F049A4DA2}.MinSizeRel|x64.Build.0 = MinSizeRel|x64
		{4FC9C100-343C-35F8-92C0-026F049A4DA2}.RelWithDebInfo|x64.ActiveCfg = RelWithDebInfo|x64
		{4FC9C100-343C-35F8-92C0-026F049A4DA2}.RelWithDebInfo|x64.Build.0 = RelWithDebInfo|x64
		{B1304FC5-8093-392D-BAD8-7FE8ADB73EEF}.Debug|x64.ActiveCfg = Debug|x64
		{B1304FC5-8093-392D-BAD8-7FE8ADB73EEF}.Debug|x64.Build.0 = Debug|x64
		{B1304FC5-8093-392D-BAD8-7FE8ADB73EEF}.Release|x64.ActiveCfg = Release|x64
		{B1304FC5-8093-392D-BAD8-7FE8ADB73EEF}.Release|x64.Build.0 = Release|x64
		{B1304FC5-8093-392D-BAD8-7FE8ADB73EEF}.MinSizeRel|x64.ActiveCfg = MinSizeRel|x64
		{B1304FC5-8093-392D-BAD8-7FE8ADB73EEF}.MinSizeRel|x64.Build.0 = MinSizeRel|x64
		{B1304FC5-8093-392D-BAD8-7FE8ADB73EEF}.RelWithDebInfo|x64.ActiveCfg = RelWithDebInfo|x64
		{B1304FC5-8093-392D-BAD8-7FE8ADB73EEF}.RelWithDebInfo|x64.Build.0 = RelWithDebInfo|x64
		{A069361B-E031-3AD9-8514-6C30F568108F}.Debug|x64.ActiveCfg = Debug|x64
		{A069361B-E031-3AD9-8514-6C30F568108F}.Debug|x64.Build.0 = Debug|x64
		{A069361B-E031-3AD9-8514-6C30F568108F}.Release|x64.ActiveCfg = Release|x64
		{A069361B-E031-3AD9-8514-6C30F568108F}.Release|x64.Build.0 = Release|x64
		{A069361B-E031-3AD9-8514-6C30F568108F}.MinSizeRel|x64.ActiveCfg = MinSizeRel|x64
		{A069361B-E031-3AD9-8514-6C30F568108F}.MinSizeRel|x64.Build.0 = MinSizeRel|x64
		{A069361B-E031-3AD9-8514-6C30F568108F}.RelWithDebInfo|x64.ActiveCfg = RelWithDebInfo|x64
		{A069361B-E031-3AD9-8514-6C30F568108F}.RelWithDebInfo|x64.Build.0 = RelWithDebInfo|x64
		{84478301-2AEE-35B5-A2F4-64277DCB735E}.Debug|x64.ActiveCfg = Debug|x64
		{84478301-2AEE-35B5-A2F4-64277DCB735E}.Debug|x64.Build.0 = Debug|x64
		{84478301-2AEE-35B5-A2F4-64277DCB735E}.Release|x64.ActiveCfg = Release|x64
		{84478301-2AEE-35B5-A2F4-64277DCB735E}.Release|x64.Build.0 = Release|x64
		{84478301-2AEE-35B5-A2F4-64277DCB735E}.MinSizeRel|x64.ActiveCfg = MinSizeRel|x64
		{84478301-2AEE-35B5-A2F4-64277DCB735E}.MinSizeRel|x64.Build.0 = MinSizeRel|x64
		{84478301-2AEE-35B5-A2F4-64277DCB735E}.RelWithDebInfo|x64.ActiveCfg = RelWithDebInfo|x64
		{84478301-2AEE-35B5-A2F4-64277DCB735E}.RelWithDebInfo|x64.Build.0 = RelWithDebInfo|x64
		{B45288FA-7F0B-359F-9EA3-8C07AA8A7B5C}.Debug|x64.ActiveCfg = Debug|x64
		{B45288FA-7F0B-359F-9EA3-8C07AA8A7B5C}.Debug|x64.Build.0 = Debug|x64
		{B45288FA-7F0B-359F-9EA3-8C07AA8A7B5C}.Release|x64.ActiveCfg = Release|x64
		{B45288FA-7F0B-359F-9EA3-8C07AA8A7B5C}.Release|x64.Build.0 = Release|x64
		{B45288FA-7F0B-359F-9EA3-8C07AA8A7B5C}.MinSizeRel|x64.ActiveCfg = MinSizeRel|x64
		{B45288FA-7F0B-359F-9EA3-8C07AA8A7B5C}.MinSizeRel|x64.Build.0 = MinSizeRel|x64
		{B45288FA-7F0B-359F-9EA3-8C07AA8A7B5C}.RelWithDebInfo|x64.ActiveCfg = RelWithDebInfo|x64
		{B45288FA-7F0B-359F-9EA3-8C07AA8A7B5C}.RelWithDebInfo|x64.Build.0 = RelWithDebInfo|x64
		{3FC702D4-BBE8-3E96-8855-5F7999566602}.Debug|x64.ActiveCfg = Debug|x64
		{3FC702D4-BBE8-3E96-8855-5F7999566602}.Debug|x64.Build.0 = Debug|x64
		{3FC702D4-BBE8-3E96-8855-5F7999566602}.Release|x64.ActiveCfg = Release|x64
		{3FC702D4-BBE8-3E96-8855-5F7999566602}.Release|x64.Build.0 = Release|x64
		{3FC702D4-BBE8-3E96-8855-5F7999566602}.MinSizeRel|x64.ActiveCfg = MinSizeRel|x64
		{3FC702D4-BBE8-3E96-8855-5F7999566602}.MinSizeRel|x64.Build.0 = MinSizeRel|x64
		{3FC702D4-BBE8-3E96-8855-5F7999566602}.RelWithDebInfo|x64.ActiveCfg = RelWithDebInfo|x64
		{3FC702D4-BBE8-3E96-8855-5F7999566602}.RelWithDebInfo|x64.Build.0 = RelWithDebInfo|x64
		{900271D2-E5F6-3FB6-A1A9-2CDD16077A7B}.Debug|x64.ActiveCfg = Debug|x64
		{900271D2-E5F6-3FB6-A1A9-2CDD16077A7B}.Debug|x64.Build.0 = Debug|x64
		{900271D2-E5F6-3FB6-A1A9-2CDD16077A7B}.Release|x64.ActiveCfg = Release|x64
		{900271D2-E5F6-3FB6-A1A9-2CDD16077A7B}.Release|x64.Build.0 = Release|x64
		{900271D2-E5F6-3FB6-A1A9-2CDD16077A7B}.MinSizeRel|x64.ActiveCfg = MinSizeRel|x64
		{900271D2-E5F6-3FB6-A1A9-2CDD16077A7B}.MinSizeRel|x64.Build.0 = MinSizeRel|x64
		{900271D2-E5F6-3FB6-A1A9-2CDD16077A7B}.RelWithDebInfo|x64.ActiveCfg = RelWithDebInfo|x64
		{900271D2-E5F6-3FB6-A1A9-2CDD16077A7B}.RelWithDebInfo|x64.Build.0 = RelWithDebInfo|x64
		{7082A15F-5529-3752-A208-519E479529A7}.Debug|x64.ActiveCfg = Debug|x64
		{7082A15F-5529-3752-A208-519E479529A7}.Debug|x64.Build.0 = Debug|x64
		{7082A15F-5529-3752-A208-519E479529A7}.Release|x64.ActiveCfg = Release|x64
		{7082A15F-5529-3752-A208-519E479529A7}.Release|x64.Build.0 = Release|x64
		{7082A15F-5529-3752-A208-519E479529A7}.MinSizeRel|x64.ActiveCfg = MinSizeRel|x64
		{7082A15F-5529-3752-A208-519E479529A7}.MinSizeRel|x64.Build.0 = MinSizeRel|x64
		{7082A15F-5529-3752-A208-519E479529A7}.RelWithDebInfo|x64.ActiveCfg = RelWithDebInfo|x64
		{7082A15F-5529-3752-A208-519E479529A7}.RelWithDebInfo|x64.Build.0 = RelWithDebInfo|x64
		{394FD431-141C-3B73-8592-0EC716284930}.Debug|x64.ActiveCfg = Debug|x64
		{394FD431-141C-3B73-8592-0EC716284930}.Debug|x64.Build.0 = Debug|x64
		{394FD431-141C-3B73-8592-0EC716284930}.Release|x64.ActiveCfg = Release|x64
		{394FD431-141C-3B73-8592-0EC716284930}.Release|x64.Build.0 = Release|x64
		{394FD431-141C-3B73-8592-0EC716284930}.MinSizeRel|x64.ActiveCfg = MinSizeRel|x64
		{394FD431-141C-3B73-8592-0EC716284930}.MinSizeRel|x64.Build.0 = MinSizeRel|x64
		{394FD431-141C-3B73-8592-0EC716284930}.RelWithDebInfo|x64.ActiveCfg = RelWithDebInfo|x64
		{394FD431-141C-3B73-8592-0EC716284930}.RelWithDebInfo|x64.Build.0 = RelWithDebInfo|x64
		{5352EAE4-8ED3-36BE-84BC-3B3530EB62C5}.Debug|x64.ActiveCfg = Debug|x64
		{5352EAE4-8ED3-36BE-84BC-3B3530EB62C5}.Debug|x64.Build.0 = Debug|x64
		{5352EAE4-8ED3-36BE-84BC-3B3530EB62C5}.Release|x64.ActiveCfg = Release|x64
		{5352EAE4-8ED3-36BE-84BC-3B3530EB62C5}.Release|x64.Build.0 = Release|x64
		{5352EAE4-8ED3-36BE-84BC-3B3530EB62C5}.MinSizeRel|x64.ActiveCfg = MinSizeRel|x64
		{5352EAE4-8ED3-36BE-84BC-3B3530EB62C5}.MinSizeRel|x64.Build.0 = MinSizeRel|x64
		{5352EAE4-8ED3-36BE-84BC-3B3530EB62C5}.RelWithDebInfo|x64.ActiveCfg = RelWithDebInfo|x64
		{5352EAE4-8ED3-36BE-84BC-3B3530EB62C5}.RelWithDebInfo|x64.Build.0 = RelWithDebInfo|x64
		{9A3B8DD7-A7BD-3585-AB79-64AEFF787C7D}.Debug|x64.ActiveCfg = Debug|x64
		{9A3B8DD7-A7BD-3585-AB79-64AEFF787C7D}.Debug|x64.Build.0 = Debug|x64
		{9A3B8DD7-A7BD-3585-AB79-64AEFF787C7D}.Release|x64.ActiveCfg = Release|x64
		{9A3B8DD7-A7BD-3585-AB79-64AEFF787C7D}.Release|x64.Build.0 = Release|x64
		{9A3B8DD7-A7BD-3585-AB79-64AEFF787C7D}.MinSizeRel|x64.ActiveCfg = MinSizeRel|x64
		{9A3B8DD7-A7BD-3585-AB79-64AEFF787C7D}.MinSizeRel|x64.Build.0 = MinSizeRel|x64
		{9A3B8DD7-A7BD-3585-AB79-64AEFF787C7D}.RelWithDebInfo|x64.ActiveCfg = RelWithDebInfo|x64
		{9A3B8DD7-A7BD-3585-AB79-64AEFF787C7D}.RelWithDebInfo|x64.Build.0 = RelWithDebInfo|x64
		{DF93E5F7-1F4B-3FD6-A477-6911E44F0AA5}.Debug|x64.ActiveCfg = Debug|x64
		{DF93E5F7-1F4B-3FD6-A477-6911E44F0AA5}.Debug|x64.Build.0 = Debug|x64
		{DF93E5F7-1F4B-3FD6-A477-6911E44F0AA5}.Release|x64.ActiveCfg = Release|x64
		{DF93E5F7-1F4B-3FD6-A477-6911E44F0AA5}.Release|x64.Build.0 = Release|x64
		{DF93E5F7-1F4B-3FD6-A477-6911E44F0AA5}.MinSizeRel|x64.ActiveCfg = MinSizeRel|x64
		{DF93E5F7-1F4B-3FD6-A477-6911E44F0AA5}.MinSizeRel|x64.Build.0 = MinSizeRel|x64
		{DF93E5F7-1F4B-3FD6-A477-6911E44F0AA5}.RelWithDebInfo|x64.ActiveCfg = RelWithDebInfo|x64
		{DF93E5F7-1F4B-3FD6-A477-6911E44F0AA5}.RelWithDebInfo|x64.Build.0 = RelWithDebInfo|x64
		{86101013-7CAF-301D-922B-5E391C3F8A57}.Debug|x64.ActiveCfg = Debug|x64
		{86101013-7CAF-301D-922B-5E391C3F8A57}.Debug|x64.Build.0 = Debug|x64
		{86101013-7CAF-301D-922B-5E391C3F8A57}.Release|x64.ActiveCfg = Release|x64
		{86101013-7CAF-301D-922B-5E391C3F8A57}.Release|x64.Build.0 = Release|x64
		{86101013-7CAF-301D-922B-5E391C3F8A57}.MinSizeRel|x64.ActiveCfg = MinSizeRel|x64
		{86101013-7CAF-301D-922B-5E391C3F8A57}.MinSizeRel|x64.Build.0 = MinSizeRel|x64
		{86101013-7CAF-301D-922B-5E391C3F8A57}.RelWithDebInfo|x64.ActiveCfg = RelWithDebInfo|x64
		{86101013-7CAF-301D-922B-5E391C3F8A57}.RelWithDebInfo|x64.Build.0 = RelWithDebInfo|x64
		{A4D059F2-AA67-3D26-9E90-6602658ABB1D}.Debug|x64.ActiveCfg = Debug|x64
		{A4D059F2-AA67-3D26-9E90-6602658ABB1D}.Debug|x64.Build.0 = Debug|x64
		{A4D059F2-AA67-3D26-9E90-6602658ABB1D}.Release|x64.ActiveCfg = Release|x64
		{A4D059F2-AA67-3D26-9E90-6602658ABB1D}.Release|x64.Build.0 = Release|x64
		{A4D059F2-AA67-3D26-9E90-6602658ABB1D}.MinSizeRel|x64.ActiveCfg = MinSizeRel|x64
		{A4D059F2-AA67-3D26-9E90-6602658ABB1D}.MinSizeRel|x64.Build.0 = MinSizeRel|x64
		{A4D059F2-AA67-3D26-9E90-6602658ABB1D}.RelWithDebInfo|x64.ActiveCfg = RelWithDebInfo|x64
		{A4D059F2-AA67-3D26-9E90-6602658ABB1D}.RelWithDebInfo|x64.Build.0 = RelWithDebInfo|x64
		{33DA778F-0B29-3A65-9CA6-A92223B6C32E}.Debug|x64.ActiveCfg = Debug|x64
		{33DA778F-0B29-3A65-9CA6-A92223B6C32E}.Debug|x64.Build.0 = Debug|x64
		{33DA778F-0B29-3A65-9CA6-A92223B6C32E}.Release|x64.ActiveCfg = Release|x64
		{33DA778F-0B29-3A65-9CA6-A92223B6C32E}.Release|x64.Build.0 = Release|x64
		{33DA778F-0B29-3A65-9CA6-A92223B6C32E}.MinSizeRel|x64.ActiveCfg = MinSizeRel|x64
		{33DA778F-0B29-3A65-9CA6-A92223B6C32E}.MinSizeRel|x64.Build.0 = MinSizeRel|x64
		{33DA778F-0B29-3A65-9CA6-A92223B6C32E}.RelWithDebInfo|x64.ActiveCfg = RelWithDebInfo|x64
		{33DA778F-0B29-3A65-9CA6-A92223B6C32E}.RelWithDebInfo|x64.Build.0 = RelWithDebInfo|x64
		{413B41F7-4C37-3D20-B9C6-E2C7AFF51C9D}.Debug|x64.ActiveCfg = Debug|x64
		{413B41F7-4C37-3D20-B9C6-E2C7AFF51C9D}.Debug|x64.Build.0 = Debug|x64
		{413B41F7-4C37-3D20-B9C6-E2C7AFF51C9D}.Release|x64.ActiveCfg = Release|x64
		{413B41F7-4C37-3D20-B9C6-E2C7AFF51C9D}.Release|x64.Build.0 = Release|x64
		{413B41F7-4C37-3D20-B9C6-E2C7AFF51C9D}.MinSizeRel|x64.ActiveCfg = MinSizeRel|x64
		{413B41F7-4C37-3D20-B9C6-E2C7AFF51C9D}.MinSizeRel|x64.Build.0 = MinSizeRel|x64
		{413B41F7-4C37-3D20-B9C6-E2C7AFF51C9D}.RelWithDebInfo|x64.ActiveCfg = RelWithDebInfo|x64
		{413B41F7-4C37-3D20-B9C6-E2C7AFF51C9D}.RelWithDebInfo|x64.Build.0 = RelWithDebInfo|x64
		{B3DD68E3-FB5C-3390-A029-06520AD525F6}.Debug|x64.ActiveCfg = Debug|x64
		{B3DD68E3-FB5C-3390-A029-06520AD525F6}.Debug|x64.Build.0 = Debug|x64
		{B3DD68E3-FB5C-3390-A029-06520AD525F6}.Release|x64.ActiveCfg = Release|x64
		{B3DD68E3-FB5C-3390-A029-06520AD525F6}.Release|x64.Build.0 = Release|x64
		{B3DD68E3-FB5C-3390-A029-06520AD525F6}.MinSizeRel|x64.ActiveCfg = MinSizeRel|x64
		{B3DD68E3-FB5C-3390-A029-06520AD525F6}.MinSizeRel|x64.Build.0 = MinSizeRel|x64
		{B3DD68E3-FB5C-3390-A029-06520AD525F6}.RelWithDebInfo|x64.ActiveCfg = RelWithDebInfo|x64
		{B3DD68E3-FB5C-3390-A029-06520AD525F6}.RelWithDebInfo|x64.Build.0 = RelWithDebInfo|x64
		{EE5B671A-EE81-3770-8994-6E3B8C7A422D}.Debug|x64.ActiveCfg = Debug|x64
		{EE5B671A-EE81-3770-8994-6E3B8C7A422D}.Debug|x64.Build.0 = Debug|x64
		{EE5B671A-EE81-3770-8994-6E3B8C7A422D}.Release|x64.ActiveCfg = Release|x64
		{EE5B671A-EE81-3770-8994-6E3B8C7A422D}.Release|x64.Build.0 = Release|x64
		{EE5B671A-EE81-3770-8994-6E3B8C7A422D}.MinSizeRel|x64.ActiveCfg = MinSizeRel|x64
		{EE5B671A-EE81-3770-8994-6E3B8C7A422D}.MinSizeRel|x64.Build.0 = MinSizeRel|x64
		{EE5B671A-EE81-3770-8994-6E3B8C7A422D}.RelWithDebInfo|x64.ActiveCfg = RelWithDebInfo|x64
		{EE5B671A-EE81-3770-8994-6E3B8C7A422D}.RelWithDebInfo|x64.Build.0 = RelWithDebInfo|x64
		{AF89122F-12EC-3A4C-BEF2-495B0AB0253D}.Debug|x64.ActiveCfg = Debug|x64
		{AF89122F-12EC-3A4C-BEF2-495B0AB0253D}.Debug|x64.Build.0 = Debug|x64
		{AF89122F-12EC-3A4C-BEF2-495B0AB0253D}.Release|x64.ActiveCfg = Release|x64
		{AF89122F-12EC-3A4C-BEF2-495B0AB0253D}.Release|x64.Build.0 = Release|x64
		{AF89122F-12EC-3A4C-BEF2-495B0AB0253D}.MinSizeRel|x64.ActiveCfg = MinSizeRel|x64
		{AF89122F-12EC-3A4C-BEF2-495B0AB0253D}.MinSizeRel|x64.Build.0 = MinSizeRel|x64
		{AF89122F-12EC-3A4C-BEF2-495B0AB0253D}.RelWithDebInfo|x64.ActiveCfg = RelWithDebInfo|x64
		{AF89122F-12EC-3A4C-BEF2-495B0AB0253D}.RelWithDebInfo|x64.Build.0 = RelWithDebInfo|x64
		{D8FDAAA5-CC4C-3127-8D4A-17FC06E52E46}.Debug|x64.ActiveCfg = Debug|x64
		{D8FDAAA5-CC4C-3127-8D4A-17FC06E52E46}.Debug|x64.Build.0 = Debug|x64
		{D8FDAAA5-CC4C-3127-8D4A-17FC06E52E46}.Release|x64.ActiveCfg = Release|x64
		{D8FDAAA5-CC4C-3127-8D4A-17FC06E52E46}.Release|x64.Build.0 = Release|x64
		{D8FDAAA5-CC4C-3127-8D4A-17FC06E52E46}.MinSizeRel|x64.ActiveCfg = MinSizeRel|x64
		{D8FDAAA5-CC4C-3127-8D4A-17FC06E52E46}.MinSizeRel|x64.Build.0 = MinSizeRel|x64
		{D8FDAAA5-CC4C-3127-8D4A-17FC06E52E46}.RelWithDebInfo|x64.ActiveCfg = RelWithDebInfo|x64
		{D8FDAAA5-CC4C-3127-8D4A-17FC06E52E46}.RelWithDebInfo|x64.Build.0 = RelWithDebInfo|x64
		{73F1322C-4DDD-3D44-8636-E1D7B42A6DA6}.Debug|x64.ActiveCfg = Debug|x64
		{73F1322C-4DDD-3D44-8636-E1D7B42A6DA6}.Debug|x64.Build.0 = Debug|x64
		{73F1322C-4DDD-3D44-8636-E1D7B42A6DA6}.Release|x64.ActiveCfg = Release|x64
		{73F1322C-4DDD-3D44-8636-E1D7B42A6DA6}.Release|x64.Build.0 = Release|x64
		{73F1322C-4DDD-3D44-8636-E1D7B42A6DA6}.MinSizeRel|x64.ActiveCfg = MinSizeRel|x64
		{73F1322C-4DDD-3D44-8636-E1D7B42A6DA6}.MinSizeRel|x64.Build.0 = MinSizeRel|x64
		{73F1322C-4DDD-3D44-8636-E1D7B42A6DA6}.RelWithDebInfo|x64.ActiveCfg = RelWithDebInfo|x64
		{73F1322C-4DDD-3D44-8636-E1D7B42A6DA6}.RelWithDebInfo|x64.Build.0 = RelWithDebInfo|x64
		{FC80EE66-E500-36B0-9988-42F3068B6EE3}.Debug|x64.ActiveCfg = Debug|x64
		{FC80EE66-E500-36B0-9988-42F3068B6EE3}.Debug|x64.Build.0 = Debug|x64
		{FC80EE66-E500-36B0-9988-42F3068B6EE3}.Release|x64.ActiveCfg = Release|x64
		{FC80EE66-E500-36B0-9988-42F3068B6EE3}.Release|x64.Build.0 = Release|x64
		{FC80EE66-E500-36B0-9988-42F3068B6EE3}.MinSizeRel|x64.ActiveCfg = MinSizeRel|x64
		{FC80EE66-E500-36B0-9988-42F3068B6EE3}.MinSizeRel|x64.Build.0 = MinSizeRel|x64
		{FC80EE66-E500-36B0-9988-42F3068B6EE3}.RelWithDebInfo|x64.ActiveCfg = RelWithDebInfo|x64
		{FC80EE66-E500-36B0-9988-42F3068B6EE3}.RelWithDebInfo|x64.Build.0 = RelWithDebInfo|x64
	EndGlobalSection
	GlobalSection(ExtensibilityGlobals) = postSolution
		SolutionGuid = {461B0CF9-5656-3A38-A0C7-424801DC5CB2}
	EndGlobalSection
	GlobalSection(ExtensibilityAddIns) = postSolution
	EndGlobalSection
EndGlobal
